{
  "version": 4,
  "terraform_version": "1.5.7",
  "serial": 143,
  "lineage": "4bb5d483-b07f-e3bd-f893-aebd58521b4e",
  "outputs": {
    "generated_private_key": {
      "value": "-----BEGIN RSA PRIVATE KEY-----\nMIIEogIBAAKCAQEA9B3Ss+H2YdyYmWfYric++eS2catdw3xHa/SvBJHA49txoyQd\nS5NNRT62U0M2MlzHg4w5a2QvQTdGpr0dnSUtYLvTelXEcWXttO8SozCe0skBWZ2B\nBSoTQFS3jp3EByDcfwJZnmryP6NISGXFFZo1pJfaFwPnZY8PO/dwfIvIsS/+cSh/\nGCoilYJhF416iuDDEwCyNbZmIfsaKmgRyhArd4B9LTVWhWMx2S1PWOIGWOhNuyE8\ntAhTcKMJCYB7xuU94dbm9Vc3ZzNiDrCGEX+n1aEDlbWzTLd3nyLUvTVohAUQ1tNN\n5PvztLdSsTuCFbv+5jcpidmIxE03F+DSeyY8FwIDAQABAoIBAACGUQcLqZHnIguw\nE3NuqHKQemvoHz14COmMfMvPt9BqIS+KAcKu9zj6l4be24obBzq/uPooHK51xfQ+\nXGI4FM7i/QfxbGQXt7SAtMFDUlijWNEcNLHtShS7UL0cTbIggxjPW6A897/AaKlc\n4zRo95UesdxyOyFf5Huh8MzPKBppYqKoSB7JhL3T5Fdd55AbHa/jVo1WruVuhKwZ\nKfIKGVlYJspcnsuaYP8oGo6uVPtqNo6SiQg82g2aJfhwvmWCVrAjCplAwiQST/Kv\noyYRQwn4BphB01T1jnYTTIhGR9s4GIsr+pM0Mxbybc+603vr1qsVUOOl6psmCCej\nK1dlqvECgYEA+vflku5r06VjpeqbyJGfRzzkqyGcymv9chgqhlNONjcpUSnx+dFt\nP/p+8c9mp9L63mjR/sX7yF9hMXUf/KouDmCe2sTY8qtOV+ZFgnL4DJuyOFjdRkiR\nDGJ9jN1amnlqUDdyMvF7KKaxsLliEwvAwMkpvfISO4OJZOAEoTaV0wsCgYEA+QLC\nScQajnBEVKsy/cSdQF9pHkEbxx7osl/o0wNmHsQasQ0pX2ml7QCCv0qXgLxbDU9J\nNcZGsTAMGHT2FT2mutfo0gP3UkjU6CYOXXhlZp7QK9O1V9uXHX8HW1fi4BYdhTLw\n4kdBbZRZah4ntuXTOdd/tadzPMcijkaW6JRBYqUCgYB+B6U7Dw4I/+I1vMY0h6Rz\n8slmgv+oy2hANpCMWiNJqJPQFX9Vk+0IFvRO3HdRyep/bCYgii3xpqw5WPcSPCfa\nwnyjofzMiGhUTegUJUYZlsp972pXVDO7A27HIZXRQy23UNDBcnEFrghHliEBLYLD\njYGvyHONfXWuuay5hJ7ilwKBgBuUtaZsBTD/uGHUcJpxG6XUq5UBSy1b/BQ90VEG\nEFqaCAbSWWHLFujQZKsBfRRySHeJ76b4Jj5b/wr6cYNax8vsPEp+y/ceQA7SoEa0\nHi8mqhIgqfZoSS2oM01nx6ZgbLajNNEraVDU3K6HVojIngPLHccmG/qAaBBwOyjZ\nuwBNAoGAatzs2fR3JGHjszKbX9H//5HymQaakTy7AzpbgUszLC7ZnGuKAVUBDcEx\n0dtaTKyTGTQ5tbEQjec4nnQu/MYze++L+ct+b6uRvpm3u6H8DkTyGrxNiCegaSes\nP7Bps+S+qcEAmXZpUr3m7k+n9bpSgVkgHbXEfnPgfIs9qyOTi7I=\n-----END RSA PRIVATE KEY-----\n",
      "type": "string",
      "sensitive": true
    },
    "generated_public_key": {
      "value": "ssh-rsa AAAAB3NzaC1yc2EAAAADAQABAAABAQD0HdKz4fZh3JiZZ9iuJz755LZxq13DfEdr9K8EkcDj23GjJB1Lk01FPrZTQzYyXMeDjDlrZC9BN0amvR2dJS1gu9N6VcRxZe207xKjMJ7SyQFZnYEFKhNAVLeOncQHINx/AlmeavI/o0hIZcUVmjWkl9oXA+dljw8793B8i8ixL/5xKH8YKiKVgmEXjXqK4MMTALI1tmYh+xoqaBHKECt3gH0tNVaFYzHZLU9Y4gZY6E27ITy0CFNwowkJgHvG5T3h1ub1VzdnM2IOsIYRf6fVoQOVtbNMt3efItS9NWiEBRDW003k+/O0t1KxO4IVu/7mNymJ2YjETTcX4NJ7JjwX Generated-by-Nova",
      "type": "string"
    }
  },
  "resources": [
    {
      "mode": "data",
      "type": "openstack_networking_network_v2",
      "name": "infra_net",
      "provider": "provider[\"registry.terraform.io/terraform-provider-openstack/openstack\"]",
      "instances": [
        {
          "schema_version": 0,
          "attributes": {
            "admin_state_up": "true",
            "all_tags": [],
            "availability_zone_hints": [],
            "description": "",
            "dns_domain": "",
            "external": false,
            "id": "55cbaca4-192e-4c52-b225-1c6ebcb5c2d3",
            "matching_subnet_cidr": null,
            "mtu": 1450,
            "name": "infra-net",
            "network_id": null,
            "region": "RegionOne",
            "segments": [],
            "shared": "true",
            "status": null,
            "subnets": [
              "c2afd424-a610-4a59-9fff-a341bf3814ed"
            ],
            "tags": null,
            "tenant_id": "ba6ecca5ddfb4cc7b9148beafd3c38c6",
            "transparent_vlan": false
          },
          "sensitive_attributes": []
        }
      ]
    },
    {
      "mode": "managed",
      "type": "local_file",
      "name": "my_private_key_file",
      "provider": "provider[\"registry.terraform.io/hashicorp/local\"]",
      "instances": [
        {
          "schema_version": 0,
          "attributes": {
            "content": "-----BEGIN RSA PRIVATE KEY-----\nMIIEogIBAAKCAQEA9B3Ss+H2YdyYmWfYric++eS2catdw3xHa/SvBJHA49txoyQd\nS5NNRT62U0M2MlzHg4w5a2QvQTdGpr0dnSUtYLvTelXEcWXttO8SozCe0skBWZ2B\nBSoTQFS3jp3EByDcfwJZnmryP6NISGXFFZo1pJfaFwPnZY8PO/dwfIvIsS/+cSh/\nGCoilYJhF416iuDDEwCyNbZmIfsaKmgRyhArd4B9LTVWhWMx2S1PWOIGWOhNuyE8\ntAhTcKMJCYB7xuU94dbm9Vc3ZzNiDrCGEX+n1aEDlbWzTLd3nyLUvTVohAUQ1tNN\n5PvztLdSsTuCFbv+5jcpidmIxE03F+DSeyY8FwIDAQABAoIBAACGUQcLqZHnIguw\nE3NuqHKQemvoHz14COmMfMvPt9BqIS+KAcKu9zj6l4be24obBzq/uPooHK51xfQ+\nXGI4FM7i/QfxbGQXt7SAtMFDUlijWNEcNLHtShS7UL0cTbIggxjPW6A897/AaKlc\n4zRo95UesdxyOyFf5Huh8MzPKBppYqKoSB7JhL3T5Fdd55AbHa/jVo1WruVuhKwZ\nKfIKGVlYJspcnsuaYP8oGo6uVPtqNo6SiQg82g2aJfhwvmWCVrAjCplAwiQST/Kv\noyYRQwn4BphB01T1jnYTTIhGR9s4GIsr+pM0Mxbybc+603vr1qsVUOOl6psmCCej\nK1dlqvECgYEA+vflku5r06VjpeqbyJGfRzzkqyGcymv9chgqhlNONjcpUSnx+dFt\nP/p+8c9mp9L63mjR/sX7yF9hMXUf/KouDmCe2sTY8qtOV+ZFgnL4DJuyOFjdRkiR\nDGJ9jN1amnlqUDdyMvF7KKaxsLliEwvAwMkpvfISO4OJZOAEoTaV0wsCgYEA+QLC\nScQajnBEVKsy/cSdQF9pHkEbxx7osl/o0wNmHsQasQ0pX2ml7QCCv0qXgLxbDU9J\nNcZGsTAMGHT2FT2mutfo0gP3UkjU6CYOXXhlZp7QK9O1V9uXHX8HW1fi4BYdhTLw\n4kdBbZRZah4ntuXTOdd/tadzPMcijkaW6JRBYqUCgYB+B6U7Dw4I/+I1vMY0h6Rz\n8slmgv+oy2hANpCMWiNJqJPQFX9Vk+0IFvRO3HdRyep/bCYgii3xpqw5WPcSPCfa\nwnyjofzMiGhUTegUJUYZlsp972pXVDO7A27HIZXRQy23UNDBcnEFrghHliEBLYLD\njYGvyHONfXWuuay5hJ7ilwKBgBuUtaZsBTD/uGHUcJpxG6XUq5UBSy1b/BQ90VEG\nEFqaCAbSWWHLFujQZKsBfRRySHeJ76b4Jj5b/wr6cYNax8vsPEp+y/ceQA7SoEa0\nHi8mqhIgqfZoSS2oM01nx6ZgbLajNNEraVDU3K6HVojIngPLHccmG/qAaBBwOyjZ\nuwBNAoGAatzs2fR3JGHjszKbX9H//5HymQaakTy7AzpbgUszLC7ZnGuKAVUBDcEx\n0dtaTKyTGTQ5tbEQjec4nnQu/MYze++L+ct+b6uRvpm3u6H8DkTyGrxNiCegaSes\nP7Bps+S+qcEAmXZpUr3m7k+n9bpSgVkgHbXEfnPgfIs9qyOTi7I=\n-----END RSA PRIVATE KEY-----\n",
            "content_base64": null,
            "content_base64sha256": "kp2YcdxPusDc9kVZ+TuALnLojd/iYoVvel93Agz1y3o=",
            "content_base64sha512": "CWVesibAxgG2sZmMEMG7ipC6SHED5JXSA1xtcfgKq+mntMaCv8oUVgRDkBib9zRLhq62uSuPaOuLx+HtgvHvbA==",
            "content_md5": "99cff11966f37edc360dd8b6f6ab2a7b",
            "content_sha1": "1221f3e05ee8c9a4c1786165a6ffb3874272211d",
            "content_sha256": "929d9871dc4fbac0dcf64559f93b802e72e88ddfe262856f7a5f77020cf5cb7a",
            "content_sha512": "09655eb226c0c601b6b1998c10c1bb8a90ba487103e495d2035c6d71f80aabe9a7b4c682bfca1456044390189bf7344b86aeb6b92b8f68eb8bc7e1ed82f1ef6c",
            "directory_permission": "0777",
            "file_permission": "400",
            "filename": "./tofu-key.pem",
            "id": "1221f3e05ee8c9a4c1786165a6ffb3874272211d",
            "sensitive_content": null,
            "source": null
          },
          "sensitive_attributes": [
            [
              {
                "type": "get_attr",
                "value": "content"
              }
            ]
          ],
          "dependencies": [
            "openstack_compute_keypair_v2.auto_gen_key"
          ]
        }
      ]
    },
    {
      "mode": "managed",
      "type": "openstack_compute_instance_v2",
      "name": "ansible_server",
      "provider": "provider[\"registry.terraform.io/terraform-provider-openstack/openstack\"]",
      "instances": [
        {
          "schema_version": 0,
          "attributes": {
            "access_ip_v4": "10.0.3.254",
            "access_ip_v6": "",
            "admin_pass": null,
            "all_metadata": {},
            "all_tags": [],
            "availability_zone": "nova",
            "availability_zone_hints": null,
            "block_device": [],
            "config_drive": true,
            "created": "2025-05-21 12:00:01 +0000 UTC",
            "flavor_id": "3b852f4e-f80f-46dd-a9fa-22da59430a34",
            "flavor_name": "r1.kubernetes",
            "floating_ip": null,
            "force_delete": false,
            "id": "61ce00b2-8023-4d7c-9d12-96ded6f1f94e",
            "image_id": "c7bbf35b-753f-4e3b-940a-f6b4367f4511",
            "image_name": "lab-rocky-9-std",
            "key_pair": "tofu-key",
            "metadata": null,
            "name": "ansible-server",
            "network": [
              {
                "access_network": false,
                "fixed_ip_v4": "10.0.3.254",
                "fixed_ip_v6": "",
                "floating_ip": "",
                "mac": "fa:16:3e:27:43:c0",
                "name": "infra-net",
                "port": "818eefdd-f578-4f4e-9238-1df3a079b0f8",
                "uuid": "55cbaca4-192e-4c52-b225-1c6ebcb5c2d3"
              },
              {
                "access_network": false,
                "fixed_ip_v4": "192.168.10.100",
                "fixed_ip_v6": "",
                "floating_ip": "",
                "mac": "fa:16:3e:07:0e:b5",
                "name": "k8s-internal",
                "port": "4d70011c-2b15-42fd-a00e-c679bca4573f",
                "uuid": "7f25e5a7-b866-4c9d-9304-f6a204f6d376"
              },
              {
                "access_network": false,
                "fixed_ip_v4": "10.10.10.10",
                "fixed_ip_v6": "",
                "floating_ip": "",
                "mac": "fa:16:3e:27:e0:68",
                "name": "k8s-external",
                "port": "5e6e4ec6-dca0-4784-8ea2-3c121bffe82e",
                "uuid": "c37c00e2-f51c-401f-b487-62aacbb5a868"
              }
            ],
            "network_mode": null,
            "personality": [],
            "power_state": "active",
            "region": "RegionOne",
            "scheduler_hints": [],
            "security_groups": [
              "allow-icmp-tcp-udp"
            ],
            "stop_before_destroy": false,
            "tags": null,
            "timeouts": null,
            "updated": "2025-05-21 12:00:30 +0000 UTC",
            "user_data": "3a19bc59fe8c7900519a6ff4f8c4514735eecf2e",
            "vendor_options": [],
            "volume": []
          },
          "sensitive_attributes": [],
          "private": "eyJlMmJmYjczMC1lY2FhLTExZTYtOGY4OC0zNDM2M2JjN2M0YzAiOnsiY3JlYXRlIjoxODAwMDAwMDAwMDAwLCJkZWxldGUiOjE4MDAwMDAwMDAwMDAsInVwZGF0ZSI6MTgwMDAwMDAwMDAwMH19",
          "dependencies": [
            "data.openstack_networking_network_v2.infra_net",
            "openstack_compute_keypair_v2.auto_gen_key",
            "openstack_networking_network_v2.k8s_external_net",
            "openstack_networking_network_v2.k8s_internal_net",
            "openstack_networking_port_v2.infra_port_ansible_server",
            "openstack_networking_port_v2.k8s_external_port_1",
            "openstack_networking_port_v2.k8s_internal_port_1",
            "openstack_networking_secgroup_v2.allow_icmp_tcp_udp_sg",
            "openstack_networking_subnet_v2.k8s_external_subnet",
            "openstack_networking_subnet_v2.k8s_internal_subnet"
          ]
        }
      ]
    },
    {
      "mode": "managed",
      "type": "openstack_compute_instance_v2",
      "name": "compute_node1",
      "provider": "provider[\"registry.terraform.io/terraform-provider-openstack/openstack\"]",
      "instances": [
        {
          "schema_version": 0,
          "attributes": {
            "access_ip_v4": "10.0.0.183",
            "access_ip_v6": "",
            "admin_pass": null,
            "all_metadata": {},
            "all_tags": [],
            "availability_zone": "nova",
            "availability_zone_hints": null,
            "block_device": [],
            "config_drive": true,
            "created": "2025-05-21 12:00:02 +0000 UTC",
            "flavor_id": "3b852f4e-f80f-46dd-a9fa-22da59430a34",
            "flavor_name": "r1.kubernetes",
            "floating_ip": null,
            "force_delete": false,
            "id": "df0a2d1d-7fe9-454a-876b-41b8e71ad286",
            "image_id": "c7bbf35b-753f-4e3b-940a-f6b4367f4511",
            "image_name": "lab-rocky-9-std",
            "key_pair": "tofu-key",
            "metadata": null,
            "name": "compute-node1",
            "network": [
              {
                "access_network": false,
                "fixed_ip_v4": "10.0.0.183",
                "fixed_ip_v6": "",
                "floating_ip": "",
                "mac": "fa:16:3e:7c:0f:e0",
                "name": "infra-net",
                "port": "b0dd4f19-e52d-4961-9e58-aa582b25f8c3",
                "uuid": "55cbaca4-192e-4c52-b225-1c6ebcb5c2d3"
              },
              {
                "access_network": false,
                "fixed_ip_v4": "192.168.10.20",
                "fixed_ip_v6": "",
                "floating_ip": "",
                "mac": "fa:16:3e:69:53:97",
                "name": "k8s-internal",
                "port": "0e68ccdd-7161-462d-8e3d-695bb16bfc4b",
                "uuid": "7f25e5a7-b866-4c9d-9304-f6a204f6d376"
              },
              {
                "access_network": false,
                "fixed_ip_v4": "10.10.10.20",
                "fixed_ip_v6": "",
                "floating_ip": "",
                "mac": "fa:16:3e:ec:9c:d5",
                "name": "k8s-external",
                "port": "137e654b-aeda-40ae-b663-f337699a02cd",
                "uuid": "c37c00e2-f51c-401f-b487-62aacbb5a868"
              }
            ],
            "network_mode": null,
            "personality": [],
            "power_state": "active",
            "region": "RegionOne",
            "scheduler_hints": [],
            "security_groups": [
              "allow-icmp-tcp-udp"
            ],
            "stop_before_destroy": false,
            "tags": null,
            "timeouts": null,
            "updated": "2025-05-21 12:00:34 +0000 UTC",
            "user_data": "3a19bc59fe8c7900519a6ff4f8c4514735eecf2e",
            "vendor_options": [],
            "volume": []
          },
          "sensitive_attributes": [],
          "private": "eyJlMmJmYjczMC1lY2FhLTExZTYtOGY4OC0zNDM2M2JjN2M0YzAiOnsiY3JlYXRlIjoxODAwMDAwMDAwMDAwLCJkZWxldGUiOjE4MDAwMDAwMDAwMDAsInVwZGF0ZSI6MTgwMDAwMDAwMDAwMH19",
          "dependencies": [
            "data.openstack_networking_network_v2.infra_net",
            "openstack_compute_keypair_v2.auto_gen_key",
            "openstack_networking_network_v2.k8s_external_net",
            "openstack_networking_network_v2.k8s_internal_net",
            "openstack_networking_port_v2.infra_port_compute1",
            "openstack_networking_port_v2.k8s_external_port_2",
            "openstack_networking_port_v2.k8s_internal_port_3",
            "openstack_networking_secgroup_v2.allow_icmp_tcp_udp_sg",
            "openstack_networking_subnet_v2.k8s_external_subnet",
            "openstack_networking_subnet_v2.k8s_internal_subnet"
          ]
        }
      ]
    },
    {
      "mode": "managed",
      "type": "openstack_compute_instance_v2",
      "name": "compute_node2",
      "provider": "provider[\"registry.terraform.io/terraform-provider-openstack/openstack\"]",
      "instances": [
        {
          "schema_version": 0,
          "attributes": {
            "access_ip_v4": "10.0.1.114",
            "access_ip_v6": "",
            "admin_pass": null,
            "all_metadata": {},
            "all_tags": [],
            "availability_zone": "nova",
            "availability_zone_hints": null,
            "block_device": [],
            "config_drive": true,
            "created": "2025-05-21 12:00:01 +0000 UTC",
            "flavor_id": "3b852f4e-f80f-46dd-a9fa-22da59430a34",
            "flavor_name": "r1.kubernetes",
            "floating_ip": null,
            "force_delete": false,
            "id": "2234b08b-a9e2-412a-9c72-2c7ebeb27751",
            "image_id": "c7bbf35b-753f-4e3b-940a-f6b4367f4511",
            "image_name": "lab-rocky-9-std",
            "key_pair": "tofu-key",
            "metadata": null,
            "name": "compute-node2",
            "network": [
              {
                "access_network": false,
                "fixed_ip_v4": "10.0.1.114",
                "fixed_ip_v6": "",
                "floating_ip": "",
                "mac": "fa:16:3e:0f:63:51",
                "name": "infra-net",
                "port": "5e687e5b-a6b2-423f-b234-983444cc7b18",
                "uuid": "55cbaca4-192e-4c52-b225-1c6ebcb5c2d3"
              },
              {
                "access_network": false,
                "fixed_ip_v4": "192.168.10.30",
                "fixed_ip_v6": "",
                "floating_ip": "",
                "mac": "fa:16:3e:af:36:03",
                "name": "k8s-internal",
                "port": "133a1cd1-7224-43d7-a3c1-816bc3f452bc",
                "uuid": "7f25e5a7-b866-4c9d-9304-f6a204f6d376"
              },
              {
                "access_network": false,
                "fixed_ip_v4": "10.10.10.30",
                "fixed_ip_v6": "",
                "floating_ip": "",
                "mac": "fa:16:3e:be:09:47",
                "name": "k8s-external",
                "port": "b02413ea-ad0c-4411-abfb-717469dd5388",
                "uuid": "c37c00e2-f51c-401f-b487-62aacbb5a868"
              }
            ],
            "network_mode": null,
            "personality": [],
            "power_state": "active",
            "region": "RegionOne",
            "scheduler_hints": [],
            "security_groups": [
              "allow-icmp-tcp-udp"
            ],
            "stop_before_destroy": false,
            "tags": null,
            "timeouts": null,
            "updated": "2025-05-21 12:00:25 +0000 UTC",
            "user_data": "3a19bc59fe8c7900519a6ff4f8c4514735eecf2e",
            "vendor_options": [],
            "volume": []
          },
          "sensitive_attributes": [],
          "private": "eyJlMmJmYjczMC1lY2FhLTExZTYtOGY4OC0zNDM2M2JjN2M0YzAiOnsiY3JlYXRlIjoxODAwMDAwMDAwMDAwLCJkZWxldGUiOjE4MDAwMDAwMDAwMDAsInVwZGF0ZSI6MTgwMDAwMDAwMDAwMH19",
          "dependencies": [
            "data.openstack_networking_network_v2.infra_net",
            "openstack_compute_keypair_v2.auto_gen_key",
            "openstack_networking_network_v2.k8s_external_net",
            "openstack_networking_network_v2.k8s_internal_net",
            "openstack_networking_port_v2.infra_port_compute2",
            "openstack_networking_port_v2.k8s_external_port_3",
            "openstack_networking_port_v2.k8s_internal_port_4",
            "openstack_networking_secgroup_v2.allow_icmp_tcp_udp_sg",
            "openstack_networking_subnet_v2.k8s_external_subnet",
            "openstack_networking_subnet_v2.k8s_internal_subnet"
          ]
        }
      ]
    },
    {
      "mode": "managed",
      "type": "openstack_compute_instance_v2",
      "name": "controller_node",
      "provider": "provider[\"registry.terraform.io/terraform-provider-openstack/openstack\"]",
      "instances": [
        {
          "schema_version": 0,
          "attributes": {
            "access_ip_v4": "10.0.4.16",
            "access_ip_v6": "",
            "admin_pass": null,
            "all_metadata": {},
            "all_tags": [],
            "availability_zone": "nova",
            "availability_zone_hints": null,
            "block_device": [],
            "config_drive": true,
            "created": "2025-05-21 12:00:00 +0000 UTC",
            "flavor_id": "3b852f4e-f80f-46dd-a9fa-22da59430a34",
            "flavor_name": "r1.kubernetes",
            "floating_ip": null,
            "force_delete": false,
            "id": "e890c82e-a6e2-4e84-8a83-f428e782b747",
            "image_id": "c7bbf35b-753f-4e3b-940a-f6b4367f4511",
            "image_name": "lab-rocky-9-std",
            "key_pair": "tofu-key",
            "metadata": null,
            "name": "controller-node",
            "network": [
              {
                "access_network": false,
                "fixed_ip_v4": "10.0.4.16",
                "fixed_ip_v6": "",
                "floating_ip": "",
                "mac": "fa:16:3e:0e:c6:62",
                "name": "infra-net",
                "port": "c1bc6f3c-d2b6-492b-99eb-0e7630991733",
                "uuid": "55cbaca4-192e-4c52-b225-1c6ebcb5c2d3"
              },
              {
                "access_network": false,
                "fixed_ip_v4": "192.168.10.10",
                "fixed_ip_v6": "",
                "floating_ip": "",
                "mac": "fa:16:3e:24:b3:7d",
                "name": "k8s-internal",
                "port": "adc4fb14-2743-45e9-b6bf-b11fcc752f09",
                "uuid": "7f25e5a7-b866-4c9d-9304-f6a204f6d376"
              }
            ],
            "network_mode": null,
            "personality": [],
            "power_state": "active",
            "region": "RegionOne",
            "scheduler_hints": [],
            "security_groups": [
              "allow-icmp-tcp-udp"
            ],
            "stop_before_destroy": false,
            "tags": null,
            "timeouts": null,
            "updated": "2025-05-21 12:00:18 +0000 UTC",
            "user_data": "3a19bc59fe8c7900519a6ff4f8c4514735eecf2e",
            "vendor_options": [],
            "volume": []
          },
          "sensitive_attributes": [],
          "private": "eyJlMmJmYjczMC1lY2FhLTExZTYtOGY4OC0zNDM2M2JjN2M0YzAiOnsiY3JlYXRlIjoxODAwMDAwMDAwMDAwLCJkZWxldGUiOjE4MDAwMDAwMDAwMDAsInVwZGF0ZSI6MTgwMDAwMDAwMDAwMH19",
          "dependencies": [
            "data.openstack_networking_network_v2.infra_net",
            "openstack_compute_keypair_v2.auto_gen_key",
            "openstack_networking_network_v2.k8s_internal_net",
            "openstack_networking_port_v2.infra_port_controller",
            "openstack_networking_port_v2.k8s_internal_port_2",
            "openstack_networking_secgroup_v2.allow_icmp_tcp_udp_sg",
            "openstack_networking_subnet_v2.k8s_internal_subnet"
          ]
        }
      ]
    },
    {
      "mode": "managed",
      "type": "openstack_compute_instance_v2",
      "name": "storage_node",
      "provider": "provider[\"registry.terraform.io/terraform-provider-openstack/openstack\"]",
      "instances": [
        {
          "schema_version": 0,
          "attributes": {
            "access_ip_v4": "10.0.2.176",
            "access_ip_v6": "",
            "admin_pass": null,
            "all_metadata": {},
            "all_tags": [],
            "availability_zone": "nova",
            "availability_zone_hints": null,
            "block_device": [],
            "config_drive": true,
            "created": "2025-05-21 12:00:01 +0000 UTC",
            "flavor_id": "3b852f4e-f80f-46dd-a9fa-22da59430a34",
            "flavor_name": "r1.kubernetes",
            "floating_ip": null,
            "force_delete": false,
            "id": "2392e498-9d4b-4982-859c-c0ee3a726244",
            "image_id": "c7bbf35b-753f-4e3b-940a-f6b4367f4511",
            "image_name": "lab-rocky-9-std",
            "key_pair": "tofu-key",
            "metadata": null,
            "name": "storage-node",
            "network": [
              {
                "access_network": false,
                "fixed_ip_v4": "10.0.2.176",
                "fixed_ip_v6": "",
                "floating_ip": "",
                "mac": "fa:16:3e:02:15:9d",
                "name": "infra-net",
                "port": "a042bade-546e-4026-8e10-41d96475ad8b",
                "uuid": "55cbaca4-192e-4c52-b225-1c6ebcb5c2d3"
              },
              {
                "access_network": false,
                "fixed_ip_v4": "192.168.10.40",
                "fixed_ip_v6": "",
                "floating_ip": "",
                "mac": "fa:16:3e:e3:5d:31",
                "name": "k8s-internal",
                "port": "096ea1c5-f8bf-4b40-aa72-97ec8ee2b223",
                "uuid": "7f25e5a7-b866-4c9d-9304-f6a204f6d376"
              }
            ],
            "network_mode": null,
            "personality": [],
            "power_state": "active",
            "region": "RegionOne",
            "scheduler_hints": [],
            "security_groups": [
              "allow-icmp-tcp-udp"
            ],
            "stop_before_destroy": false,
            "tags": null,
            "timeouts": null,
            "updated": "2025-05-21 12:00:21 +0000 UTC",
            "user_data": "3a19bc59fe8c7900519a6ff4f8c4514735eecf2e",
            "vendor_options": [],
            "volume": []
          },
          "sensitive_attributes": [],
          "private": "eyJlMmJmYjczMC1lY2FhLTExZTYtOGY4OC0zNDM2M2JjN2M0YzAiOnsiY3JlYXRlIjoxODAwMDAwMDAwMDAwLCJkZWxldGUiOjE4MDAwMDAwMDAwMDAsInVwZGF0ZSI6MTgwMDAwMDAwMDAwMH19",
          "dependencies": [
            "data.openstack_networking_network_v2.infra_net",
            "openstack_compute_keypair_v2.auto_gen_key",
            "openstack_networking_network_v2.k8s_internal_net",
            "openstack_networking_port_v2.infra_port_storage",
            "openstack_networking_port_v2.k8s_internal_port_5",
            "openstack_networking_secgroup_v2.allow_icmp_tcp_udp_sg",
            "openstack_networking_subnet_v2.k8s_internal_subnet"
          ]
        }
      ]
    },
    {
      "mode": "managed",
      "type": "openstack_compute_keypair_v2",
      "name": "auto_gen_key",
      "provider": "provider[\"registry.terraform.io/terraform-provider-openstack/openstack\"]",
      "instances": [
        {
          "schema_version": 0,
          "attributes": {
            "fingerprint": "27:20:8f:3d:a1:89:84:59:ed:13:10:8e:0d:99:88:af",
            "id": "tofu-key",
            "name": "tofu-key",
            "private_key": "-----BEGIN RSA PRIVATE KEY-----\nMIIEogIBAAKCAQEA9B3Ss+H2YdyYmWfYric++eS2catdw3xHa/SvBJHA49txoyQd\nS5NNRT62U0M2MlzHg4w5a2QvQTdGpr0dnSUtYLvTelXEcWXttO8SozCe0skBWZ2B\nBSoTQFS3jp3EByDcfwJZnmryP6NISGXFFZo1pJfaFwPnZY8PO/dwfIvIsS/+cSh/\nGCoilYJhF416iuDDEwCyNbZmIfsaKmgRyhArd4B9LTVWhWMx2S1PWOIGWOhNuyE8\ntAhTcKMJCYB7xuU94dbm9Vc3ZzNiDrCGEX+n1aEDlbWzTLd3nyLUvTVohAUQ1tNN\n5PvztLdSsTuCFbv+5jcpidmIxE03F+DSeyY8FwIDAQABAoIBAACGUQcLqZHnIguw\nE3NuqHKQemvoHz14COmMfMvPt9BqIS+KAcKu9zj6l4be24obBzq/uPooHK51xfQ+\nXGI4FM7i/QfxbGQXt7SAtMFDUlijWNEcNLHtShS7UL0cTbIggxjPW6A897/AaKlc\n4zRo95UesdxyOyFf5Huh8MzPKBppYqKoSB7JhL3T5Fdd55AbHa/jVo1WruVuhKwZ\nKfIKGVlYJspcnsuaYP8oGo6uVPtqNo6SiQg82g2aJfhwvmWCVrAjCplAwiQST/Kv\noyYRQwn4BphB01T1jnYTTIhGR9s4GIsr+pM0Mxbybc+603vr1qsVUOOl6psmCCej\nK1dlqvECgYEA+vflku5r06VjpeqbyJGfRzzkqyGcymv9chgqhlNONjcpUSnx+dFt\nP/p+8c9mp9L63mjR/sX7yF9hMXUf/KouDmCe2sTY8qtOV+ZFgnL4DJuyOFjdRkiR\nDGJ9jN1amnlqUDdyMvF7KKaxsLliEwvAwMkpvfISO4OJZOAEoTaV0wsCgYEA+QLC\nScQajnBEVKsy/cSdQF9pHkEbxx7osl/o0wNmHsQasQ0pX2ml7QCCv0qXgLxbDU9J\nNcZGsTAMGHT2FT2mutfo0gP3UkjU6CYOXXhlZp7QK9O1V9uXHX8HW1fi4BYdhTLw\n4kdBbZRZah4ntuXTOdd/tadzPMcijkaW6JRBYqUCgYB+B6U7Dw4I/+I1vMY0h6Rz\n8slmgv+oy2hANpCMWiNJqJPQFX9Vk+0IFvRO3HdRyep/bCYgii3xpqw5WPcSPCfa\nwnyjofzMiGhUTegUJUYZlsp972pXVDO7A27HIZXRQy23UNDBcnEFrghHliEBLYLD\njYGvyHONfXWuuay5hJ7ilwKBgBuUtaZsBTD/uGHUcJpxG6XUq5UBSy1b/BQ90VEG\nEFqaCAbSWWHLFujQZKsBfRRySHeJ76b4Jj5b/wr6cYNax8vsPEp+y/ceQA7SoEa0\nHi8mqhIgqfZoSS2oM01nx6ZgbLajNNEraVDU3K6HVojIngPLHccmG/qAaBBwOyjZ\nuwBNAoGAatzs2fR3JGHjszKbX9H//5HymQaakTy7AzpbgUszLC7ZnGuKAVUBDcEx\n0dtaTKyTGTQ5tbEQjec4nnQu/MYze++L+ct+b6uRvpm3u6H8DkTyGrxNiCegaSes\nP7Bps+S+qcEAmXZpUr3m7k+n9bpSgVkgHbXEfnPgfIs9qyOTi7I=\n-----END RSA PRIVATE KEY-----\n",
            "public_key": "ssh-rsa AAAAB3NzaC1yc2EAAAADAQABAAABAQD0HdKz4fZh3JiZZ9iuJz755LZxq13DfEdr9K8EkcDj23GjJB1Lk01FPrZTQzYyXMeDjDlrZC9BN0amvR2dJS1gu9N6VcRxZe207xKjMJ7SyQFZnYEFKhNAVLeOncQHINx/AlmeavI/o0hIZcUVmjWkl9oXA+dljw8793B8i8ixL/5xKH8YKiKVgmEXjXqK4MMTALI1tmYh+xoqaBHKECt3gH0tNVaFYzHZLU9Y4gZY6E27ITy0CFNwowkJgHvG5T3h1ub1VzdnM2IOsIYRf6fVoQOVtbNMt3efItS9NWiEBRDW003k+/O0t1KxO4IVu/7mNymJ2YjETTcX4NJ7JjwX Generated-by-Nova",
            "region": "RegionOne",
            "user_id": "",
            "value_specs": null
          },
          "sensitive_attributes": [],
          "private": "bnVsbA=="
        }
      ]
    },
    {
      "mode": "managed",
      "type": "openstack_networking_network_v2",
      "name": "k8s_external_net",
      "provider": "provider[\"registry.terraform.io/terraform-provider-openstack/openstack\"]",
      "instances": [
        {
          "schema_version": 0,
          "attributes": {
            "admin_state_up": true,
            "all_tags": [],
            "availability_zone_hints": [],
            "description": "",
            "dns_domain": "",
            "external": false,
            "id": "c37c00e2-f51c-401f-b487-62aacbb5a868",
            "mtu": 8950,
            "name": "k8s-external",
            "port_security_enabled": true,
            "qos_policy_id": "",
            "region": "RegionOne",
            "segments": [],
            "shared": false,
            "tags": null,
            "tenant_id": "baf928bc6cad4a088c3d883454554c52",
            "timeouts": null,
            "transparent_vlan": false,
            "value_specs": null
          },
          "sensitive_attributes": [],
          "private": "eyJlMmJmYjczMC1lY2FhLTExZTYtOGY4OC0zNDM2M2JjN2M0YzAiOnsiY3JlYXRlIjo2MDAwMDAwMDAwMDAsImRlbGV0ZSI6NjAwMDAwMDAwMDAwfX0="
        }
      ]
    },
    {
      "mode": "managed",
      "type": "openstack_networking_network_v2",
      "name": "k8s_internal_net",
      "provider": "provider[\"registry.terraform.io/terraform-provider-openstack/openstack\"]",
      "instances": [
        {
          "schema_version": 0,
          "attributes": {
            "admin_state_up": true,
            "all_tags": [],
            "availability_zone_hints": [],
            "description": "",
            "dns_domain": "",
            "external": false,
            "id": "7f25e5a7-b866-4c9d-9304-f6a204f6d376",
            "mtu": 8950,
            "name": "k8s-internal",
            "port_security_enabled": true,
            "qos_policy_id": "",
            "region": "RegionOne",
            "segments": [],
            "shared": false,
            "tags": null,
            "tenant_id": "baf928bc6cad4a088c3d883454554c52",
            "timeouts": null,
            "transparent_vlan": false,
            "value_specs": null
          },
          "sensitive_attributes": [],
          "private": "eyJlMmJmYjczMC1lY2FhLTExZTYtOGY4OC0zNDM2M2JjN2M0YzAiOnsiY3JlYXRlIjo2MDAwMDAwMDAwMDAsImRlbGV0ZSI6NjAwMDAwMDAwMDAwfX0="
        }
      ]
    },
    {
      "mode": "managed",
      "type": "openstack_networking_port_v2",
      "name": "infra_port_ansible_server",
      "provider": "provider[\"registry.terraform.io/terraform-provider-openstack/openstack\"]",
      "instances": [
        {
          "schema_version": 0,
          "attributes": {
            "admin_state_up": true,
            "all_fixed_ips": [
              "10.0.3.254"
            ],
            "all_security_group_ids": [
              "3ff352be-5f9a-43a8-a35e-8e225ff9c5ee"
            ],
            "all_tags": [],
            "allowed_address_pairs": [],
            "binding": [
              {
                "host_id": "",
                "profile": "",
                "vif_details": {},
                "vif_type": "",
                "vnic_type": "normal"
              }
            ],
            "description": "",
            "device_id": "",
            "device_owner": "",
            "dns_assignment": [],
            "dns_name": "",
            "extra_dhcp_option": [],
            "fixed_ip": [],
            "id": "818eefdd-f578-4f4e-9238-1df3a079b0f8",
            "mac_address": "fa:16:3e:27:43:c0",
            "name": "infra-port-ansible_server",
            "network_id": "55cbaca4-192e-4c52-b225-1c6ebcb5c2d3",
            "no_fixed_ip": null,
            "no_security_groups": null,
            "port_security_enabled": true,
            "qos_policy_id": "",
            "region": "RegionOne",
            "security_group_ids": [
              "3ff352be-5f9a-43a8-a35e-8e225ff9c5ee"
            ],
            "tags": null,
            "tenant_id": "baf928bc6cad4a088c3d883454554c52",
            "timeouts": null,
            "value_specs": null
          },
          "sensitive_attributes": [],
          "private": "eyJlMmJmYjczMC1lY2FhLTExZTYtOGY4OC0zNDM2M2JjN2M0YzAiOnsiY3JlYXRlIjo2MDAwMDAwMDAwMDAsImRlbGV0ZSI6NjAwMDAwMDAwMDAwfX0=",
          "dependencies": [
            "data.openstack_networking_network_v2.infra_net",
            "openstack_networking_secgroup_v2.allow_icmp_tcp_udp_sg"
          ]
        }
      ]
    },
    {
      "mode": "managed",
      "type": "openstack_networking_port_v2",
      "name": "infra_port_compute1",
      "provider": "provider[\"registry.terraform.io/terraform-provider-openstack/openstack\"]",
      "instances": [
        {
          "schema_version": 0,
          "attributes": {
            "admin_state_up": true,
            "all_fixed_ips": [
              "10.0.0.183"
            ],
            "all_security_group_ids": [
              "3ff352be-5f9a-43a8-a35e-8e225ff9c5ee"
            ],
            "all_tags": [],
            "allowed_address_pairs": [],
            "binding": [
              {
                "host_id": "",
                "profile": "",
                "vif_details": {},
                "vif_type": "",
                "vnic_type": "normal"
              }
            ],
            "description": "",
            "device_id": "",
            "device_owner": "",
            "dns_assignment": [],
            "dns_name": "",
            "extra_dhcp_option": [],
            "fixed_ip": [],
            "id": "b0dd4f19-e52d-4961-9e58-aa582b25f8c3",
            "mac_address": "fa:16:3e:7c:0f:e0",
            "name": "infra-port-compute1",
            "network_id": "55cbaca4-192e-4c52-b225-1c6ebcb5c2d3",
            "no_fixed_ip": null,
            "no_security_groups": null,
            "port_security_enabled": true,
            "qos_policy_id": "",
            "region": "RegionOne",
            "security_group_ids": [
              "3ff352be-5f9a-43a8-a35e-8e225ff9c5ee"
            ],
            "tags": null,
            "tenant_id": "baf928bc6cad4a088c3d883454554c52",
            "timeouts": null,
            "value_specs": null
          },
          "sensitive_attributes": [],
          "private": "eyJlMmJmYjczMC1lY2FhLTExZTYtOGY4OC0zNDM2M2JjN2M0YzAiOnsiY3JlYXRlIjo2MDAwMDAwMDAwMDAsImRlbGV0ZSI6NjAwMDAwMDAwMDAwfX0=",
          "dependencies": [
            "data.openstack_networking_network_v2.infra_net",
            "openstack_networking_secgroup_v2.allow_icmp_tcp_udp_sg"
          ]
        }
      ]
    },
    {
      "mode": "managed",
      "type": "openstack_networking_port_v2",
      "name": "infra_port_compute2",
      "provider": "provider[\"registry.terraform.io/terraform-provider-openstack/openstack\"]",
      "instances": [
        {
          "schema_version": 0,
          "attributes": {
            "admin_state_up": true,
            "all_fixed_ips": [
              "10.0.1.114"
            ],
            "all_security_group_ids": [
              "3ff352be-5f9a-43a8-a35e-8e225ff9c5ee"
            ],
            "all_tags": [],
            "allowed_address_pairs": [],
            "binding": [
              {
                "host_id": "",
                "profile": "",
                "vif_details": {},
                "vif_type": "",
                "vnic_type": "normal"
              }
            ],
            "description": "",
            "device_id": "",
            "device_owner": "",
            "dns_assignment": [],
            "dns_name": "",
            "extra_dhcp_option": [],
            "fixed_ip": [],
            "id": "5e687e5b-a6b2-423f-b234-983444cc7b18",
            "mac_address": "fa:16:3e:0f:63:51",
            "name": "infra-port-compute2",
            "network_id": "55cbaca4-192e-4c52-b225-1c6ebcb5c2d3",
            "no_fixed_ip": null,
            "no_security_groups": null,
            "port_security_enabled": true,
            "qos_policy_id": "",
            "region": "RegionOne",
            "security_group_ids": [
              "3ff352be-5f9a-43a8-a35e-8e225ff9c5ee"
            ],
            "tags": null,
            "tenant_id": "baf928bc6cad4a088c3d883454554c52",
            "timeouts": null,
            "value_specs": null
          },
          "sensitive_attributes": [],
          "private": "eyJlMmJmYjczMC1lY2FhLTExZTYtOGY4OC0zNDM2M2JjN2M0YzAiOnsiY3JlYXRlIjo2MDAwMDAwMDAwMDAsImRlbGV0ZSI6NjAwMDAwMDAwMDAwfX0=",
          "dependencies": [
            "data.openstack_networking_network_v2.infra_net",
            "openstack_networking_secgroup_v2.allow_icmp_tcp_udp_sg"
          ]
        }
      ]
    },
    {
      "mode": "managed",
      "type": "openstack_networking_port_v2",
      "name": "infra_port_controller",
      "provider": "provider[\"registry.terraform.io/terraform-provider-openstack/openstack\"]",
      "instances": [
        {
          "schema_version": 0,
          "attributes": {
            "admin_state_up": true,
            "all_fixed_ips": [
              "10.0.4.16"
            ],
            "all_security_group_ids": [
              "3ff352be-5f9a-43a8-a35e-8e225ff9c5ee"
            ],
            "all_tags": [],
            "allowed_address_pairs": [],
            "binding": [
              {
                "host_id": "",
                "profile": "",
                "vif_details": {},
                "vif_type": "",
                "vnic_type": "normal"
              }
            ],
            "description": "",
            "device_id": "",
            "device_owner": "",
            "dns_assignment": [],
            "dns_name": "",
            "extra_dhcp_option": [],
            "fixed_ip": [],
            "id": "c1bc6f3c-d2b6-492b-99eb-0e7630991733",
            "mac_address": "fa:16:3e:0e:c6:62",
            "name": "infra-port-controller",
            "network_id": "55cbaca4-192e-4c52-b225-1c6ebcb5c2d3",
            "no_fixed_ip": null,
            "no_security_groups": null,
            "port_security_enabled": true,
            "qos_policy_id": "",
            "region": "RegionOne",
            "security_group_ids": [
              "3ff352be-5f9a-43a8-a35e-8e225ff9c5ee"
            ],
            "tags": null,
            "tenant_id": "baf928bc6cad4a088c3d883454554c52",
            "timeouts": null,
            "value_specs": null
          },
          "sensitive_attributes": [],
          "private": "eyJlMmJmYjczMC1lY2FhLTExZTYtOGY4OC0zNDM2M2JjN2M0YzAiOnsiY3JlYXRlIjo2MDAwMDAwMDAwMDAsImRlbGV0ZSI6NjAwMDAwMDAwMDAwfX0=",
          "dependencies": [
            "data.openstack_networking_network_v2.infra_net",
            "openstack_networking_secgroup_v2.allow_icmp_tcp_udp_sg"
          ]
        }
      ]
    },
    {
      "mode": "managed",
      "type": "openstack_networking_port_v2",
      "name": "infra_port_storage",
      "provider": "provider[\"registry.terraform.io/terraform-provider-openstack/openstack\"]",
      "instances": [
        {
          "schema_version": 0,
          "attributes": {
            "admin_state_up": true,
            "all_fixed_ips": [
              "10.0.2.176"
            ],
            "all_security_group_ids": [
              "3ff352be-5f9a-43a8-a35e-8e225ff9c5ee"
            ],
            "all_tags": [],
            "allowed_address_pairs": [],
            "binding": [
              {
                "host_id": "",
                "profile": "",
                "vif_details": {},
                "vif_type": "",
                "vnic_type": "normal"
              }
            ],
            "description": "",
            "device_id": "",
            "device_owner": "",
            "dns_assignment": [],
            "dns_name": "",
            "extra_dhcp_option": [],
            "fixed_ip": [],
            "id": "a042bade-546e-4026-8e10-41d96475ad8b",
            "mac_address": "fa:16:3e:02:15:9d",
            "name": "infra-port-storage",
            "network_id": "55cbaca4-192e-4c52-b225-1c6ebcb5c2d3",
            "no_fixed_ip": null,
            "no_security_groups": null,
            "port_security_enabled": true,
            "qos_policy_id": "",
            "region": "RegionOne",
            "security_group_ids": [
              "3ff352be-5f9a-43a8-a35e-8e225ff9c5ee"
            ],
            "tags": null,
            "tenant_id": "baf928bc6cad4a088c3d883454554c52",
            "timeouts": null,
            "value_specs": null
          },
          "sensitive_attributes": [],
          "private": "eyJlMmJmYjczMC1lY2FhLTExZTYtOGY4OC0zNDM2M2JjN2M0YzAiOnsiY3JlYXRlIjo2MDAwMDAwMDAwMDAsImRlbGV0ZSI6NjAwMDAwMDAwMDAwfX0=",
          "dependencies": [
            "data.openstack_networking_network_v2.infra_net",
            "openstack_networking_secgroup_v2.allow_icmp_tcp_udp_sg"
          ]
        }
      ]
    },
    {
      "mode": "managed",
      "type": "openstack_networking_port_v2",
      "name": "k8s_external_port_1",
      "provider": "provider[\"registry.terraform.io/terraform-provider-openstack/openstack\"]",
      "instances": [
        {
          "schema_version": 0,
          "attributes": {
            "admin_state_up": true,
            "all_fixed_ips": [
              "10.10.10.10"
            ],
            "all_security_group_ids": [
              "3ff352be-5f9a-43a8-a35e-8e225ff9c5ee"
            ],
            "all_tags": [],
            "allowed_address_pairs": [],
            "binding": [
              {
                "host_id": "",
                "profile": "",
                "vif_details": {},
                "vif_type": "",
                "vnic_type": "normal"
              }
            ],
            "description": "",
            "device_id": "",
            "device_owner": "",
            "dns_assignment": [],
            "dns_name": "",
            "extra_dhcp_option": [],
            "fixed_ip": [
              {
                "ip_address": "10.10.10.10",
                "subnet_id": "0e375f2a-07d0-4ef9-a02a-19d7a164c855"
              }
            ],
            "id": "5e6e4ec6-dca0-4784-8ea2-3c121bffe82e",
            "mac_address": "fa:16:3e:27:e0:68",
            "name": "k8s-external-port-1",
            "network_id": "c37c00e2-f51c-401f-b487-62aacbb5a868",
            "no_fixed_ip": null,
            "no_security_groups": null,
            "port_security_enabled": true,
            "qos_policy_id": "",
            "region": "RegionOne",
            "security_group_ids": [
              "3ff352be-5f9a-43a8-a35e-8e225ff9c5ee"
            ],
            "tags": null,
            "tenant_id": "baf928bc6cad4a088c3d883454554c52",
            "timeouts": null,
            "value_specs": null
          },
          "sensitive_attributes": [],
          "private": "eyJlMmJmYjczMC1lY2FhLTExZTYtOGY4OC0zNDM2M2JjN2M0YzAiOnsiY3JlYXRlIjo2MDAwMDAwMDAwMDAsImRlbGV0ZSI6NjAwMDAwMDAwMDAwfX0=",
          "dependencies": [
            "openstack_networking_network_v2.k8s_external_net",
            "openstack_networking_secgroup_v2.allow_icmp_tcp_udp_sg",
            "openstack_networking_subnet_v2.k8s_external_subnet"
          ]
        }
      ]
    },
    {
      "mode": "managed",
      "type": "openstack_networking_port_v2",
      "name": "k8s_external_port_2",
      "provider": "provider[\"registry.terraform.io/terraform-provider-openstack/openstack\"]",
      "instances": [
        {
          "schema_version": 0,
          "attributes": {
            "admin_state_up": true,
            "all_fixed_ips": [
              "10.10.10.20"
            ],
            "all_security_group_ids": [
              "3ff352be-5f9a-43a8-a35e-8e225ff9c5ee"
            ],
            "all_tags": [],
            "allowed_address_pairs": [],
            "binding": [
              {
                "host_id": "",
                "profile": "",
                "vif_details": {},
                "vif_type": "",
                "vnic_type": "normal"
              }
            ],
            "description": "",
            "device_id": "",
            "device_owner": "",
            "dns_assignment": [],
            "dns_name": "",
            "extra_dhcp_option": [],
            "fixed_ip": [
              {
                "ip_address": "10.10.10.20",
                "subnet_id": "0e375f2a-07d0-4ef9-a02a-19d7a164c855"
              }
            ],
            "id": "137e654b-aeda-40ae-b663-f337699a02cd",
            "mac_address": "fa:16:3e:ec:9c:d5",
            "name": "k8s-external-port-2",
            "network_id": "c37c00e2-f51c-401f-b487-62aacbb5a868",
            "no_fixed_ip": null,
            "no_security_groups": null,
            "port_security_enabled": true,
            "qos_policy_id": "",
            "region": "RegionOne",
            "security_group_ids": [
              "3ff352be-5f9a-43a8-a35e-8e225ff9c5ee"
            ],
            "tags": null,
            "tenant_id": "baf928bc6cad4a088c3d883454554c52",
            "timeouts": null,
            "value_specs": null
          },
          "sensitive_attributes": [],
          "private": "eyJlMmJmYjczMC1lY2FhLTExZTYtOGY4OC0zNDM2M2JjN2M0YzAiOnsiY3JlYXRlIjo2MDAwMDAwMDAwMDAsImRlbGV0ZSI6NjAwMDAwMDAwMDAwfX0=",
          "dependencies": [
            "openstack_networking_network_v2.k8s_external_net",
            "openstack_networking_secgroup_v2.allow_icmp_tcp_udp_sg",
            "openstack_networking_subnet_v2.k8s_external_subnet"
          ]
        }
      ]
    },
    {
      "mode": "managed",
      "type": "openstack_networking_port_v2",
      "name": "k8s_external_port_3",
      "provider": "provider[\"registry.terraform.io/terraform-provider-openstack/openstack\"]",
      "instances": [
        {
          "schema_version": 0,
          "attributes": {
            "admin_state_up": true,
            "all_fixed_ips": [
              "10.10.10.30"
            ],
            "all_security_group_ids": [
              "3ff352be-5f9a-43a8-a35e-8e225ff9c5ee"
            ],
            "all_tags": [],
            "allowed_address_pairs": [],
            "binding": [
              {
                "host_id": "",
                "profile": "",
                "vif_details": {},
                "vif_type": "",
                "vnic_type": "normal"
              }
            ],
            "description": "",
            "device_id": "",
            "device_owner": "",
            "dns_assignment": [],
            "dns_name": "",
            "extra_dhcp_option": [],
            "fixed_ip": [
              {
                "ip_address": "10.10.10.30",
                "subnet_id": "0e375f2a-07d0-4ef9-a02a-19d7a164c855"
              }
            ],
            "id": "b02413ea-ad0c-4411-abfb-717469dd5388",
            "mac_address": "fa:16:3e:be:09:47",
            "name": "k8s-external-port-3",
            "network_id": "c37c00e2-f51c-401f-b487-62aacbb5a868",
            "no_fixed_ip": null,
            "no_security_groups": null,
            "port_security_enabled": true,
            "qos_policy_id": "",
            "region": "RegionOne",
            "security_group_ids": [
              "3ff352be-5f9a-43a8-a35e-8e225ff9c5ee"
            ],
            "tags": null,
            "tenant_id": "baf928bc6cad4a088c3d883454554c52",
            "timeouts": null,
            "value_specs": null
          },
          "sensitive_attributes": [],
          "private": "eyJlMmJmYjczMC1lY2FhLTExZTYtOGY4OC0zNDM2M2JjN2M0YzAiOnsiY3JlYXRlIjo2MDAwMDAwMDAwMDAsImRlbGV0ZSI6NjAwMDAwMDAwMDAwfX0=",
          "dependencies": [
            "openstack_networking_network_v2.k8s_external_net",
            "openstack_networking_secgroup_v2.allow_icmp_tcp_udp_sg",
            "openstack_networking_subnet_v2.k8s_external_subnet"
          ]
        }
      ]
    },
    {
      "mode": "managed",
      "type": "openstack_networking_port_v2",
      "name": "k8s_internal_port_1",
      "provider": "provider[\"registry.terraform.io/terraform-provider-openstack/openstack\"]",
      "instances": [
        {
          "schema_version": 0,
          "attributes": {
            "admin_state_up": true,
            "all_fixed_ips": [
              "192.168.10.100"
            ],
            "all_security_group_ids": [
              "3ff352be-5f9a-43a8-a35e-8e225ff9c5ee"
            ],
            "all_tags": [],
            "allowed_address_pairs": [],
            "binding": [
              {
                "host_id": "",
                "profile": "",
                "vif_details": {},
                "vif_type": "",
                "vnic_type": "normal"
              }
            ],
            "description": "",
            "device_id": "",
            "device_owner": "",
            "dns_assignment": [],
            "dns_name": "",
            "extra_dhcp_option": [],
            "fixed_ip": [
              {
                "ip_address": "192.168.10.100",
                "subnet_id": "8c682e14-47fc-4ac0-85ef-7bf45eac533a"
              }
            ],
            "id": "4d70011c-2b15-42fd-a00e-c679bca4573f",
            "mac_address": "fa:16:3e:07:0e:b5",
            "name": "k8s_internal_port_1",
            "network_id": "7f25e5a7-b866-4c9d-9304-f6a204f6d376",
            "no_fixed_ip": null,
            "no_security_groups": null,
            "port_security_enabled": true,
            "qos_policy_id": "",
            "region": "RegionOne",
            "security_group_ids": [
              "3ff352be-5f9a-43a8-a35e-8e225ff9c5ee"
            ],
            "tags": null,
            "tenant_id": "baf928bc6cad4a088c3d883454554c52",
            "timeouts": null,
            "value_specs": null
          },
          "sensitive_attributes": [],
          "private": "eyJlMmJmYjczMC1lY2FhLTExZTYtOGY4OC0zNDM2M2JjN2M0YzAiOnsiY3JlYXRlIjo2MDAwMDAwMDAwMDAsImRlbGV0ZSI6NjAwMDAwMDAwMDAwfX0=",
          "dependencies": [
            "openstack_networking_network_v2.k8s_internal_net",
            "openstack_networking_secgroup_v2.allow_icmp_tcp_udp_sg",
            "openstack_networking_subnet_v2.k8s_internal_subnet"
          ]
        }
      ]
    },
    {
      "mode": "managed",
      "type": "openstack_networking_port_v2",
      "name": "k8s_internal_port_2",
      "provider": "provider[\"registry.terraform.io/terraform-provider-openstack/openstack\"]",
      "instances": [
        {
          "schema_version": 0,
          "attributes": {
            "admin_state_up": true,
            "all_fixed_ips": [
              "192.168.10.10"
            ],
            "all_security_group_ids": [
              "3ff352be-5f9a-43a8-a35e-8e225ff9c5ee"
            ],
            "all_tags": [],
            "allowed_address_pairs": [],
            "binding": [
              {
                "host_id": "",
                "profile": "",
                "vif_details": {},
                "vif_type": "",
                "vnic_type": "normal"
              }
            ],
            "description": "",
            "device_id": "",
            "device_owner": "",
            "dns_assignment": [],
            "dns_name": "",
            "extra_dhcp_option": [],
            "fixed_ip": [
              {
                "ip_address": "192.168.10.10",
                "subnet_id": "8c682e14-47fc-4ac0-85ef-7bf45eac533a"
              }
            ],
            "id": "adc4fb14-2743-45e9-b6bf-b11fcc752f09",
            "mac_address": "fa:16:3e:24:b3:7d",
            "name": "k8s_internal_port_2",
            "network_id": "7f25e5a7-b866-4c9d-9304-f6a204f6d376",
            "no_fixed_ip": null,
            "no_security_groups": null,
            "port_security_enabled": true,
            "qos_policy_id": "",
            "region": "RegionOne",
            "security_group_ids": [
              "3ff352be-5f9a-43a8-a35e-8e225ff9c5ee"
            ],
            "tags": null,
            "tenant_id": "baf928bc6cad4a088c3d883454554c52",
            "timeouts": null,
            "value_specs": null
          },
          "sensitive_attributes": [],
          "private": "eyJlMmJmYjczMC1lY2FhLTExZTYtOGY4OC0zNDM2M2JjN2M0YzAiOnsiY3JlYXRlIjo2MDAwMDAwMDAwMDAsImRlbGV0ZSI6NjAwMDAwMDAwMDAwfX0=",
          "dependencies": [
            "openstack_networking_network_v2.k8s_internal_net",
            "openstack_networking_secgroup_v2.allow_icmp_tcp_udp_sg",
            "openstack_networking_subnet_v2.k8s_internal_subnet"
          ]
        }
      ]
    },
    {
      "mode": "managed",
      "type": "openstack_networking_port_v2",
      "name": "k8s_internal_port_3",
      "provider": "provider[\"registry.terraform.io/terraform-provider-openstack/openstack\"]",
      "instances": [
        {
          "schema_version": 0,
          "attributes": {
            "admin_state_up": true,
            "all_fixed_ips": [
              "192.168.10.20"
            ],
            "all_security_group_ids": [
              "3ff352be-5f9a-43a8-a35e-8e225ff9c5ee"
            ],
            "all_tags": [],
            "allowed_address_pairs": [],
            "binding": [
              {
                "host_id": "",
                "profile": "",
                "vif_details": {},
                "vif_type": "",
                "vnic_type": "normal"
              }
            ],
            "description": "",
            "device_id": "",
            "device_owner": "",
            "dns_assignment": [],
            "dns_name": "",
            "extra_dhcp_option": [],
            "fixed_ip": [
              {
                "ip_address": "192.168.10.20",
                "subnet_id": "8c682e14-47fc-4ac0-85ef-7bf45eac533a"
              }
            ],
            "id": "0e68ccdd-7161-462d-8e3d-695bb16bfc4b",
            "mac_address": "fa:16:3e:69:53:97",
            "name": "k8s_internal_port_3",
            "network_id": "7f25e5a7-b866-4c9d-9304-f6a204f6d376",
            "no_fixed_ip": null,
            "no_security_groups": null,
            "port_security_enabled": true,
            "qos_policy_id": "",
            "region": "RegionOne",
            "security_group_ids": [
              "3ff352be-5f9a-43a8-a35e-8e225ff9c5ee"
            ],
            "tags": null,
            "tenant_id": "baf928bc6cad4a088c3d883454554c52",
            "timeouts": null,
            "value_specs": null
          },
          "sensitive_attributes": [],
          "private": "eyJlMmJmYjczMC1lY2FhLTExZTYtOGY4OC0zNDM2M2JjN2M0YzAiOnsiY3JlYXRlIjo2MDAwMDAwMDAwMDAsImRlbGV0ZSI6NjAwMDAwMDAwMDAwfX0=",
          "dependencies": [
            "openstack_networking_network_v2.k8s_internal_net",
            "openstack_networking_secgroup_v2.allow_icmp_tcp_udp_sg",
            "openstack_networking_subnet_v2.k8s_internal_subnet"
          ]
        }
      ]
    },
    {
      "mode": "managed",
      "type": "openstack_networking_port_v2",
      "name": "k8s_internal_port_4",
      "provider": "provider[\"registry.terraform.io/terraform-provider-openstack/openstack\"]",
      "instances": [
        {
          "schema_version": 0,
          "attributes": {
            "admin_state_up": true,
            "all_fixed_ips": [
              "192.168.10.30"
            ],
            "all_security_group_ids": [
              "3ff352be-5f9a-43a8-a35e-8e225ff9c5ee"
            ],
            "all_tags": [],
            "allowed_address_pairs": [],
            "binding": [
              {
                "host_id": "",
                "profile": "",
                "vif_details": {},
                "vif_type": "",
                "vnic_type": "normal"
              }
            ],
            "description": "",
            "device_id": "",
            "device_owner": "",
            "dns_assignment": [],
            "dns_name": "",
            "extra_dhcp_option": [],
            "fixed_ip": [
              {
                "ip_address": "192.168.10.30",
                "subnet_id": "8c682e14-47fc-4ac0-85ef-7bf45eac533a"
              }
            ],
            "id": "133a1cd1-7224-43d7-a3c1-816bc3f452bc",
            "mac_address": "fa:16:3e:af:36:03",
            "name": "k8s_internal_port_4",
            "network_id": "7f25e5a7-b866-4c9d-9304-f6a204f6d376",
            "no_fixed_ip": null,
            "no_security_groups": null,
            "port_security_enabled": true,
            "qos_policy_id": "",
            "region": "RegionOne",
            "security_group_ids": [
              "3ff352be-5f9a-43a8-a35e-8e225ff9c5ee"
            ],
            "tags": null,
            "tenant_id": "baf928bc6cad4a088c3d883454554c52",
            "timeouts": null,
            "value_specs": null
          },
          "sensitive_attributes": [],
          "private": "eyJlMmJmYjczMC1lY2FhLTExZTYtOGY4OC0zNDM2M2JjN2M0YzAiOnsiY3JlYXRlIjo2MDAwMDAwMDAwMDAsImRlbGV0ZSI6NjAwMDAwMDAwMDAwfX0=",
          "dependencies": [
            "openstack_networking_network_v2.k8s_internal_net",
            "openstack_networking_secgroup_v2.allow_icmp_tcp_udp_sg",
            "openstack_networking_subnet_v2.k8s_internal_subnet"
          ]
        }
      ]
    },
    {
      "mode": "managed",
      "type": "openstack_networking_port_v2",
      "name": "k8s_internal_port_5",
      "provider": "provider[\"registry.terraform.io/terraform-provider-openstack/openstack\"]",
      "instances": [
        {
          "schema_version": 0,
          "attributes": {
            "admin_state_up": true,
            "all_fixed_ips": [
              "192.168.10.40"
            ],
            "all_security_group_ids": [
              "3ff352be-5f9a-43a8-a35e-8e225ff9c5ee"
            ],
            "all_tags": [],
            "allowed_address_pairs": [],
            "binding": [
              {
                "host_id": "",
                "profile": "",
                "vif_details": {},
                "vif_type": "",
                "vnic_type": "normal"
              }
            ],
            "description": "",
            "device_id": "",
            "device_owner": "",
            "dns_assignment": [],
            "dns_name": "",
            "extra_dhcp_option": [],
            "fixed_ip": [
              {
                "ip_address": "192.168.10.40",
                "subnet_id": "8c682e14-47fc-4ac0-85ef-7bf45eac533a"
              }
            ],
            "id": "096ea1c5-f8bf-4b40-aa72-97ec8ee2b223",
            "mac_address": "fa:16:3e:e3:5d:31",
            "name": "k8s_internal_port_5",
            "network_id": "7f25e5a7-b866-4c9d-9304-f6a204f6d376",
            "no_fixed_ip": null,
            "no_security_groups": null,
            "port_security_enabled": true,
            "qos_policy_id": "",
            "region": "RegionOne",
            "security_group_ids": [
              "3ff352be-5f9a-43a8-a35e-8e225ff9c5ee"
            ],
            "tags": null,
            "tenant_id": "baf928bc6cad4a088c3d883454554c52",
            "timeouts": null,
            "value_specs": null
          },
          "sensitive_attributes": [],
          "private": "eyJlMmJmYjczMC1lY2FhLTExZTYtOGY4OC0zNDM2M2JjN2M0YzAiOnsiY3JlYXRlIjo2MDAwMDAwMDAwMDAsImRlbGV0ZSI6NjAwMDAwMDAwMDAwfX0=",
          "dependencies": [
            "openstack_networking_network_v2.k8s_internal_net",
            "openstack_networking_secgroup_v2.allow_icmp_tcp_udp_sg",
            "openstack_networking_subnet_v2.k8s_internal_subnet"
          ]
        }
      ]
    },
    {
      "mode": "managed",
      "type": "openstack_networking_secgroup_rule_v2",
      "name": "icmp_in",
      "provider": "provider[\"registry.terraform.io/terraform-provider-openstack/openstack\"]",
      "instances": [
        {
          "schema_version": 0,
          "attributes": {
            "description": "",
            "direction": "ingress",
            "ethertype": "IPv4",
            "id": "73bee5b6-f436-420b-ac14-779603888a16",
            "port_range_max": 0,
            "port_range_min": 0,
            "protocol": "icmp",
            "region": "RegionOne",
            "remote_group_id": "",
            "remote_ip_prefix": "0.0.0.0/0",
            "security_group_id": "3ff352be-5f9a-43a8-a35e-8e225ff9c5ee",
            "tenant_id": "baf928bc6cad4a088c3d883454554c52",
            "timeouts": null
          },
          "sensitive_attributes": [],
          "private": "eyJlMmJmYjczMC1lY2FhLTExZTYtOGY4OC0zNDM2M2JjN2M0YzAiOnsiZGVsZXRlIjo2MDAwMDAwMDAwMDB9fQ==",
          "dependencies": [
            "openstack_networking_secgroup_v2.allow_icmp_tcp_udp_sg"
          ]
        }
      ]
    },
    {
      "mode": "managed",
      "type": "openstack_networking_secgroup_rule_v2",
      "name": "icmp_out",
      "provider": "provider[\"registry.terraform.io/terraform-provider-openstack/openstack\"]",
      "instances": [
        {
          "schema_version": 0,
          "attributes": {
            "description": "",
            "direction": "egress",
            "ethertype": "IPv4",
            "id": "41d0f54d-149e-451c-b4c9-62ef4b7ab325",
            "port_range_max": 0,
            "port_range_min": 0,
            "protocol": "icmp",
            "region": "RegionOne",
            "remote_group_id": "",
            "remote_ip_prefix": "0.0.0.0/0",
            "security_group_id": "3ff352be-5f9a-43a8-a35e-8e225ff9c5ee",
            "tenant_id": "baf928bc6cad4a088c3d883454554c52",
            "timeouts": null
          },
          "sensitive_attributes": [],
          "private": "eyJlMmJmYjczMC1lY2FhLTExZTYtOGY4OC0zNDM2M2JjN2M0YzAiOnsiZGVsZXRlIjo2MDAwMDAwMDAwMDB9fQ==",
          "dependencies": [
            "openstack_networking_secgroup_v2.allow_icmp_tcp_udp_sg"
          ]
        }
      ]
    },
    {
      "mode": "managed",
      "type": "openstack_networking_secgroup_rule_v2",
      "name": "tcp_in",
      "provider": "provider[\"registry.terraform.io/terraform-provider-openstack/openstack\"]",
      "instances": [
        {
          "schema_version": 0,
          "attributes": {
            "description": "",
            "direction": "ingress",
            "ethertype": "IPv4",
            "id": "0554938f-945f-4b29-87af-d6fdb381c937",
            "port_range_max": 0,
            "port_range_min": 0,
            "protocol": "tcp",
            "region": "RegionOne",
            "remote_group_id": "",
            "remote_ip_prefix": "0.0.0.0/0",
            "security_group_id": "3ff352be-5f9a-43a8-a35e-8e225ff9c5ee",
            "tenant_id": "baf928bc6cad4a088c3d883454554c52",
            "timeouts": null
          },
          "sensitive_attributes": [],
          "private": "eyJlMmJmYjczMC1lY2FhLTExZTYtOGY4OC0zNDM2M2JjN2M0YzAiOnsiZGVsZXRlIjo2MDAwMDAwMDAwMDB9fQ==",
          "dependencies": [
            "openstack_networking_secgroup_v2.allow_icmp_tcp_udp_sg"
          ]
        }
      ]
    },
    {
      "mode": "managed",
      "type": "openstack_networking_secgroup_rule_v2",
      "name": "tcp_out",
      "provider": "provider[\"registry.terraform.io/terraform-provider-openstack/openstack\"]",
      "instances": [
        {
          "schema_version": 0,
          "attributes": {
            "description": "",
            "direction": "egress",
            "ethertype": "IPv4",
            "id": "01b91d88-093a-495b-9f9a-0d720478c5c0",
            "port_range_max": 0,
            "port_range_min": 0,
            "protocol": "tcp",
            "region": "RegionOne",
            "remote_group_id": "",
            "remote_ip_prefix": "0.0.0.0/0",
            "security_group_id": "3ff352be-5f9a-43a8-a35e-8e225ff9c5ee",
            "tenant_id": "baf928bc6cad4a088c3d883454554c52",
            "timeouts": null
          },
          "sensitive_attributes": [],
          "private": "eyJlMmJmYjczMC1lY2FhLTExZTYtOGY4OC0zNDM2M2JjN2M0YzAiOnsiZGVsZXRlIjo2MDAwMDAwMDAwMDB9fQ==",
          "dependencies": [
            "openstack_networking_secgroup_v2.allow_icmp_tcp_udp_sg"
          ]
        }
      ]
    },
    {
      "mode": "managed",
      "type": "openstack_networking_secgroup_rule_v2",
      "name": "udp_in",
      "provider": "provider[\"registry.terraform.io/terraform-provider-openstack/openstack\"]",
      "instances": [
        {
          "schema_version": 0,
          "attributes": {
            "description": "",
            "direction": "ingress",
            "ethertype": "IPv4",
            "id": "faa77bb2-7c45-468b-bb7a-56b734fe93f8",
            "port_range_max": 0,
            "port_range_min": 0,
            "protocol": "udp",
            "region": "RegionOne",
            "remote_group_id": "",
            "remote_ip_prefix": "0.0.0.0/0",
            "security_group_id": "3ff352be-5f9a-43a8-a35e-8e225ff9c5ee",
            "tenant_id": "baf928bc6cad4a088c3d883454554c52",
            "timeouts": null
          },
          "sensitive_attributes": [],
          "private": "eyJlMmJmYjczMC1lY2FhLTExZTYtOGY4OC0zNDM2M2JjN2M0YzAiOnsiZGVsZXRlIjo2MDAwMDAwMDAwMDB9fQ==",
          "dependencies": [
            "openstack_networking_secgroup_v2.allow_icmp_tcp_udp_sg"
          ]
        }
      ]
    },
    {
      "mode": "managed",
      "type": "openstack_networking_secgroup_rule_v2",
      "name": "udp_out",
      "provider": "provider[\"registry.terraform.io/terraform-provider-openstack/openstack\"]",
      "instances": [
        {
          "schema_version": 0,
          "attributes": {
            "description": "",
            "direction": "egress",
            "ethertype": "IPv4",
            "id": "968f015a-994a-4504-b5c2-3751c0f18ec3",
            "port_range_max": 0,
            "port_range_min": 0,
            "protocol": "udp",
            "region": "RegionOne",
            "remote_group_id": "",
            "remote_ip_prefix": "0.0.0.0/0",
            "security_group_id": "3ff352be-5f9a-43a8-a35e-8e225ff9c5ee",
            "tenant_id": "baf928bc6cad4a088c3d883454554c52",
            "timeouts": null
          },
          "sensitive_attributes": [],
          "private": "eyJlMmJmYjczMC1lY2FhLTExZTYtOGY4OC0zNDM2M2JjN2M0YzAiOnsiZGVsZXRlIjo2MDAwMDAwMDAwMDB9fQ==",
          "dependencies": [
            "openstack_networking_secgroup_v2.allow_icmp_tcp_udp_sg"
          ]
        }
      ]
    },
    {
      "mode": "managed",
      "type": "openstack_networking_secgroup_v2",
      "name": "allow_icmp_tcp_udp_sg",
      "provider": "provider[\"registry.terraform.io/terraform-provider-openstack/openstack\"]",
      "instances": [
        {
          "schema_version": 0,
          "attributes": {
            "all_tags": [],
            "delete_default_rules": null,
            "description": "Allow all inbound/outbound ICMP, TCP, UDP",
            "id": "3ff352be-5f9a-43a8-a35e-8e225ff9c5ee",
            "name": "allow-icmp-tcp-udp",
            "region": "RegionOne",
            "tags": null,
            "tenant_id": "baf928bc6cad4a088c3d883454554c52",
            "timeouts": null
          },
          "sensitive_attributes": [],
          "private": "eyJlMmJmYjczMC1lY2FhLTExZTYtOGY4OC0zNDM2M2JjN2M0YzAiOnsiZGVsZXRlIjo2MDAwMDAwMDAwMDB9fQ=="
        }
      ]
    },
    {
      "mode": "managed",
      "type": "openstack_networking_subnet_v2",
      "name": "k8s_external_subnet",
      "provider": "provider[\"registry.terraform.io/terraform-provider-openstack/openstack\"]",
      "instances": [
        {
          "schema_version": 0,
          "attributes": {
            "all_tags": [],
            "allocation_pool": [
              {
                "end": "10.10.10.253",
                "start": "10.10.10.1"
              }
            ],
            "allocation_pools": [
              {
                "end": "10.10.10.253",
                "start": "10.10.10.1"
              }
            ],
            "cidr": "10.10.10.0/24",
            "description": "",
            "dns_nameservers": [
              "8.8.8.8"
            ],
            "enable_dhcp": true,
            "gateway_ip": "10.10.10.254",
            "host_routes": [],
            "id": "0e375f2a-07d0-4ef9-a02a-19d7a164c855",
            "ip_version": 4,
            "ipv6_address_mode": "",
            "ipv6_ra_mode": "",
            "name": "k8s-external-subnet",
            "network_id": "c37c00e2-f51c-401f-b487-62aacbb5a868",
            "no_gateway": false,
            "prefix_length": null,
            "region": "RegionOne",
            "service_types": [],
            "subnetpool_id": "",
            "tags": null,
            "tenant_id": "baf928bc6cad4a088c3d883454554c52",
            "timeouts": null,
            "value_specs": null
          },
          "sensitive_attributes": [],
          "private": "eyJlMmJmYjczMC1lY2FhLTExZTYtOGY4OC0zNDM2M2JjN2M0YzAiOnsiY3JlYXRlIjo2MDAwMDAwMDAwMDAsImRlbGV0ZSI6NjAwMDAwMDAwMDAwfX0=",
          "dependencies": [
            "openstack_networking_network_v2.k8s_external_net"
          ]
        }
      ]
    },
    {
      "mode": "managed",
      "type": "openstack_networking_subnet_v2",
      "name": "k8s_internal_subnet",
      "provider": "provider[\"registry.terraform.io/terraform-provider-openstack/openstack\"]",
      "instances": [
        {
          "schema_version": 0,
          "attributes": {
            "all_tags": [],
            "allocation_pool": [
              {
                "end": "192.168.255.254",
                "start": "192.168.0.2"
              }
            ],
            "allocation_pools": [
              {
                "end": "192.168.255.254",
                "start": "192.168.0.2"
              }
            ],
            "cidr": "192.168.0.0/16",
            "description": "",
            "dns_nameservers": null,
            "enable_dhcp": true,
            "gateway_ip": "192.168.0.1",
            "host_routes": [],
            "id": "8c682e14-47fc-4ac0-85ef-7bf45eac533a",
            "ip_version": 4,
            "ipv6_address_mode": "",
            "ipv6_ra_mode": "",
            "name": "k8s-internal-subnet",
            "network_id": "7f25e5a7-b866-4c9d-9304-f6a204f6d376",
            "no_gateway": false,
            "prefix_length": null,
            "region": "RegionOne",
            "service_types": [],
            "subnetpool_id": "",
            "tags": null,
            "tenant_id": "baf928bc6cad4a088c3d883454554c52",
            "timeouts": null,
            "value_specs": null
          },
          "sensitive_attributes": [],
          "private": "eyJlMmJmYjczMC1lY2FhLTExZTYtOGY4OC0zNDM2M2JjN2M0YzAiOnsiY3JlYXRlIjo2MDAwMDAwMDAwMDAsImRlbGV0ZSI6NjAwMDAwMDAwMDAwfX0=",
          "dependencies": [
            "openstack_networking_network_v2.k8s_internal_net"
          ]
        }
      ]
    }
  ],
  "check_results": null
}
