{
  "version": 4,
  "terraform_version": "1.5.7",
  "serial": 208,
  "lineage": "4bb5d483-b07f-e3bd-f893-aebd58521b4e",
  "outputs": {
    "generated_private_key": {
      "value": "-----BEGIN RSA PRIVATE KEY-----\nMIIEpAIBAAKCAQEAubl31W8BU0d1kfHC0GU84ZsPVjerC9KD0cB/NPd0i6Miq7t9\nPa96YSOOYI0UvPl89KH/qPbSD9oBNWQ17pzOcbDa3NA2k7JGDo2X1sUM0XaaaawG\ncSR1e4HZZqvPvGRzeX6h7Ur8wqXE3pfCmHYAtCO3+t7xyJIRDvCWZHFsLv4jzQ4k\naVTp7M9EkGeOx32vO/GjRJ5+IhgATOmKouov9I5yU7sJkeJh+szKy2SUA5fRrg2P\n9y3duU9cPqaLNoxFNkI9KdW5zl8t12sEbntdwFPPaxAuYL+9N9ru9SQbQldKLB5H\n4m1oFUsRTKLRejZmZocFwQVra//pQRIfabBZUQIDAQABAoIBABCBWVM8P32ncN0k\nw2eyS5AQL/N9VIPjNEhQh22NXUvollT1P1rbTLCz0HwnpZNqx65U9EvPjZkPioJ0\ncq+PO3CSo0yy61rCYeP6tOcHEY3O8MeZ3GOzNgahIlEzzS0krzd5p8nXG3Hv+fg/\nO/HBMOxRbVEL/ahRxNbTTkZEZzUgxQ0AqzwKefaSiAujLlPN5EyC8Ghmm61FwHoX\nDceNKRQC3sGs8RfaVMapQ+EGgcnAA+9TxzIwdJurJ+McLbtjGm/uP58d/GBtQ5nW\nkm0vOG4pqWYmd1ZSAyczjZafjzNvWUIZShIbNdyLT7mZdxrO9W8hM8YeWrbDdx2v\n+qWcdJ0CgYEA/8VS1mAv6CnX7rzZ8n0bhVkmVpuvloJKs76oZT306zIQ4PPdPmYk\nb+N2eK39m3i/SCL5Gf6xYDx3zfHMl0tx/zefXF7jAoqJE5NNRr4THf+UjGAeHjgh\nE2/tGw29VzNjQJPLuOs4TsSvGK5Ow3yMU1qKcMNmZ2QS54cRp4XD3iUCgYEAueQT\nPyXkbVOFR7AM2/3kwgP4FM/re+MIcHvyO2v4ripNLz6sGkaAnOtZJ27/ROxjhe9a\nGuvJsY6Q4AhCDd7THo4pDo4RHxaq0Ulk4VBLhRtSVGyEyyvHtOGIw7AlAdYTDLUC\n8GUGh+dBKTmFqK+96LcPrF8HZzr1rpdwTlPkeL0CgYEAzwuxLxDWNx4ISp5d38oe\nySeNvXZyAWifiDnCn5Iz/WCeATvn0Wdl/50mfjJ6paxtS7vj4oMmmzzXzsL6V08f\njPY97sxw/9GdfVc0qxua5iHK4oe8WcIeJFnqmofYygozQkdiFuNyxXC6PUR9RgpA\nngkhIH9NGk0McJgKVo4WLHECgYAwUBe0fNuuklt8c0QUVRuEVVW/yv4v96S033Ho\ngbpjQblHwykltxcsMXq9ZfrQZgPDxp6LiqakECKVJ3BLfJMwSNBg6QmII/MHa+Td\nLmpCUQSHzqCA0YMY/tj1yy0DGilfTxhRdGBLKA5mcX3Mhsh72EApk5Uv/kHmO5PD\nt8gUnQKBgQDH2lUYP2W2M6QiP+y7gLF7JjWdrphdK3MCuwBH7jUuj884BhEmNh30\nDWuGuAbiHtaPmAPUITPNTc4CvIE/mi5Cw5L7QsFJrQ9/tnGYW+ffzy76Hn/QGxYl\nCE9GcOajSSEp2xpsca+k1WEZjH5cvFhWPgzPQMi1ICtm3ANjA8OSQw==\n-----END RSA PRIVATE KEY-----\n",
      "type": "string",
      "sensitive": true
    },
    "generated_public_key": {
      "value": "ssh-rsa AAAAB3NzaC1yc2EAAAADAQABAAABAQC5uXfVbwFTR3WR8cLQZTzhmw9WN6sL0oPRwH8093SLoyKru309r3phI45gjRS8+Xz0of+o9tIP2gE1ZDXunM5xsNrc0DaTskYOjZfWxQzRdppprAZxJHV7gdlmq8+8ZHN5fqHtSvzCpcTel8KYdgC0I7f63vHIkhEO8JZkcWwu/iPNDiRpVOnsz0SQZ47Hfa878aNEnn4iGABM6Yqi6i/0jnJTuwmR4mH6zMrLZJQDl9GuDY/3Ld25T1w+pos2jEU2Qj0p1bnOXy3XawRue13AU89rEC5gv7032u71JBtCV0osHkfibWgVSxFMotF6NmZmhwXBBWtr/+lBEh9psFlR Generated-by-Nova",
      "type": "string"
    }
  },
  "resources": [
    {
      "mode": "data",
      "type": "openstack_networking_network_v2",
      "name": "infra_net",
      "provider": "provider[\"registry.terraform.io/terraform-provider-openstack/openstack\"]",
      "instances": [
        {
          "schema_version": 0,
          "attributes": {
            "admin_state_up": "true",
            "all_tags": [],
            "availability_zone_hints": [],
            "description": "",
            "dns_domain": "",
            "external": false,
            "id": "55cbaca4-192e-4c52-b225-1c6ebcb5c2d3",
            "matching_subnet_cidr": null,
            "mtu": 1450,
            "name": "infra-net",
            "network_id": null,
            "region": "RegionOne",
            "segments": [],
            "shared": "true",
            "status": null,
            "subnets": [
              "c2afd424-a610-4a59-9fff-a341bf3814ed"
            ],
            "tags": null,
            "tenant_id": "ba6ecca5ddfb4cc7b9148beafd3c38c6",
            "transparent_vlan": false
          },
          "sensitive_attributes": []
        }
      ]
    },
    {
      "mode": "managed",
      "type": "local_file",
      "name": "my_private_key_file",
      "provider": "provider[\"registry.terraform.io/hashicorp/local\"]",
      "instances": [
        {
          "schema_version": 0,
          "attributes": {
            "content": "-----BEGIN RSA PRIVATE KEY-----\nMIIEpAIBAAKCAQEAubl31W8BU0d1kfHC0GU84ZsPVjerC9KD0cB/NPd0i6Miq7t9\nPa96YSOOYI0UvPl89KH/qPbSD9oBNWQ17pzOcbDa3NA2k7JGDo2X1sUM0XaaaawG\ncSR1e4HZZqvPvGRzeX6h7Ur8wqXE3pfCmHYAtCO3+t7xyJIRDvCWZHFsLv4jzQ4k\naVTp7M9EkGeOx32vO/GjRJ5+IhgATOmKouov9I5yU7sJkeJh+szKy2SUA5fRrg2P\n9y3duU9cPqaLNoxFNkI9KdW5zl8t12sEbntdwFPPaxAuYL+9N9ru9SQbQldKLB5H\n4m1oFUsRTKLRejZmZocFwQVra//pQRIfabBZUQIDAQABAoIBABCBWVM8P32ncN0k\nw2eyS5AQL/N9VIPjNEhQh22NXUvollT1P1rbTLCz0HwnpZNqx65U9EvPjZkPioJ0\ncq+PO3CSo0yy61rCYeP6tOcHEY3O8MeZ3GOzNgahIlEzzS0krzd5p8nXG3Hv+fg/\nO/HBMOxRbVEL/ahRxNbTTkZEZzUgxQ0AqzwKefaSiAujLlPN5EyC8Ghmm61FwHoX\nDceNKRQC3sGs8RfaVMapQ+EGgcnAA+9TxzIwdJurJ+McLbtjGm/uP58d/GBtQ5nW\nkm0vOG4pqWYmd1ZSAyczjZafjzNvWUIZShIbNdyLT7mZdxrO9W8hM8YeWrbDdx2v\n+qWcdJ0CgYEA/8VS1mAv6CnX7rzZ8n0bhVkmVpuvloJKs76oZT306zIQ4PPdPmYk\nb+N2eK39m3i/SCL5Gf6xYDx3zfHMl0tx/zefXF7jAoqJE5NNRr4THf+UjGAeHjgh\nE2/tGw29VzNjQJPLuOs4TsSvGK5Ow3yMU1qKcMNmZ2QS54cRp4XD3iUCgYEAueQT\nPyXkbVOFR7AM2/3kwgP4FM/re+MIcHvyO2v4ripNLz6sGkaAnOtZJ27/ROxjhe9a\nGuvJsY6Q4AhCDd7THo4pDo4RHxaq0Ulk4VBLhRtSVGyEyyvHtOGIw7AlAdYTDLUC\n8GUGh+dBKTmFqK+96LcPrF8HZzr1rpdwTlPkeL0CgYEAzwuxLxDWNx4ISp5d38oe\nySeNvXZyAWifiDnCn5Iz/WCeATvn0Wdl/50mfjJ6paxtS7vj4oMmmzzXzsL6V08f\njPY97sxw/9GdfVc0qxua5iHK4oe8WcIeJFnqmofYygozQkdiFuNyxXC6PUR9RgpA\nngkhIH9NGk0McJgKVo4WLHECgYAwUBe0fNuuklt8c0QUVRuEVVW/yv4v96S033Ho\ngbpjQblHwykltxcsMXq9ZfrQZgPDxp6LiqakECKVJ3BLfJMwSNBg6QmII/MHa+Td\nLmpCUQSHzqCA0YMY/tj1yy0DGilfTxhRdGBLKA5mcX3Mhsh72EApk5Uv/kHmO5PD\nt8gUnQKBgQDH2lUYP2W2M6QiP+y7gLF7JjWdrphdK3MCuwBH7jUuj884BhEmNh30\nDWuGuAbiHtaPmAPUITPNTc4CvIE/mi5Cw5L7QsFJrQ9/tnGYW+ffzy76Hn/QGxYl\nCE9GcOajSSEp2xpsca+k1WEZjH5cvFhWPgzPQMi1ICtm3ANjA8OSQw==\n-----END RSA PRIVATE KEY-----\n",
            "content_base64": null,
            "content_base64sha256": "kJ1yMdX/CEc5vPCDxzxNFO4XzpLHPBD8ZGKVKdyp38g=",
            "content_base64sha512": "K3UmkkYTcCTq5q3ZaNkaqATzrFmJpZvgV+k5w/haGdgCrmggLZqg8O1xRresYxPU8j605/g3uBp+G3UymVGo1A==",
            "content_md5": "b9119342b6a951c8d84d20b91137082a",
            "content_sha1": "cab455fbd454baabbe22ae1be605b6ac700321a4",
            "content_sha256": "909d7231d5ff084739bcf083c73c4d14ee17ce92c73c10fc64629529dca9dfc8",
            "content_sha512": "2b75269246137024eae6add968d91aa804f3ac5989a59be057e939c3f85a19d802ae68202d9aa0f0ed7146b7ac6313d4f23eb4e7f837b81a7e1b75329951a8d4",
            "directory_permission": "0777",
            "file_permission": "400",
            "filename": "./tofu-key.pem",
            "id": "cab455fbd454baabbe22ae1be605b6ac700321a4",
            "sensitive_content": null,
            "source": null
          },
          "sensitive_attributes": [
            [
              {
                "type": "get_attr",
                "value": "content"
              }
            ]
          ],
          "dependencies": [
            "openstack_compute_keypair_v2.auto_gen_key"
          ]
        }
      ]
    },
    {
      "mode": "managed",
      "type": "openstack_compute_instance_v2",
      "name": "ansible_server",
      "provider": "provider[\"registry.terraform.io/terraform-provider-openstack/openstack\"]",
      "instances": [
        {
          "schema_version": 0,
          "attributes": {
            "access_ip_v4": "10.0.0.246",
            "access_ip_v6": "",
            "admin_pass": null,
            "all_metadata": {},
            "all_tags": [],
            "availability_zone": "nova",
            "availability_zone_hints": null,
            "block_device": [],
            "config_drive": true,
            "created": "2025-05-21 13:37:14 +0000 UTC",
            "flavor_id": "3b852f4e-f80f-46dd-a9fa-22da59430a34",
            "flavor_name": "r1.kubernetes",
            "floating_ip": null,
            "force_delete": false,
            "id": "8e9ebd10-d76d-4cab-b790-9c11a43f3674",
            "image_id": "c7bbf35b-753f-4e3b-940a-f6b4367f4511",
            "image_name": "lab-rocky-9-std",
            "key_pair": "tofu-key",
            "metadata": null,
            "name": "ansible-server",
            "network": [
              {
                "access_network": false,
                "fixed_ip_v4": "10.0.0.246",
                "fixed_ip_v6": "",
                "floating_ip": "",
                "mac": "fa:16:3e:27:8c:b0",
                "name": "infra-net",
                "port": "c69b064f-c43b-4072-adf9-d5961953ac4b",
                "uuid": "55cbaca4-192e-4c52-b225-1c6ebcb5c2d3"
              },
              {
                "access_network": false,
                "fixed_ip_v4": "192.168.10.100",
                "fixed_ip_v6": "",
                "floating_ip": "",
                "mac": "fa:16:3e:0a:d8:c4",
                "name": "k8s-internal",
                "port": "5cbff223-7b78-4516-83f3-8a846b8c540a",
                "uuid": "58d3fe83-ae98-45a2-8621-88013bdcebaf"
              },
              {
                "access_network": false,
                "fixed_ip_v4": "10.10.10.10",
                "fixed_ip_v6": "",
                "floating_ip": "",
                "mac": "fa:16:3e:82:c2:cd",
                "name": "k8s-external",
                "port": "deb248dd-d833-44e7-905f-1cbefe7b3096",
                "uuid": "e22d52cf-7213-4c01-b216-9a201a757875"
              }
            ],
            "network_mode": null,
            "personality": [],
            "power_state": "active",
            "region": "RegionOne",
            "scheduler_hints": [],
            "security_groups": [
              "allow-icmp-tcp-udp"
            ],
            "stop_before_destroy": false,
            "tags": null,
            "timeouts": null,
            "updated": "2025-05-21 13:37:40 +0000 UTC",
            "user_data": "85dc44a78825ca1dce86c12f39155d59d6038f0f",
            "vendor_options": [],
            "volume": []
          },
          "sensitive_attributes": [],
          "private": "eyJlMmJmYjczMC1lY2FhLTExZTYtOGY4OC0zNDM2M2JjN2M0YzAiOnsiY3JlYXRlIjoxODAwMDAwMDAwMDAwLCJkZWxldGUiOjE4MDAwMDAwMDAwMDAsInVwZGF0ZSI6MTgwMDAwMDAwMDAwMH19",
          "dependencies": [
            "data.openstack_networking_network_v2.infra_net",
            "openstack_compute_keypair_v2.auto_gen_key",
            "openstack_networking_network_v2.k8s_external_net",
            "openstack_networking_network_v2.k8s_internal_net",
            "openstack_networking_port_v2.infra_port_ansible_server",
            "openstack_networking_port_v2.k8s_external_port_1",
            "openstack_networking_port_v2.k8s_internal_port_1",
            "openstack_networking_secgroup_v2.allow_icmp_tcp_udp_sg",
            "openstack_networking_subnet_v2.k8s_external_subnet",
            "openstack_networking_subnet_v2.k8s_internal_subnet"
          ]
        }
      ]
    },
    {
      "mode": "managed",
      "type": "openstack_compute_instance_v2",
      "name": "compute_node1",
      "provider": "provider[\"registry.terraform.io/terraform-provider-openstack/openstack\"]",
      "instances": [
        {
          "schema_version": 0,
          "attributes": {
            "access_ip_v4": "10.0.3.204",
            "access_ip_v6": "",
            "admin_pass": null,
            "all_metadata": {},
            "all_tags": [],
            "availability_zone": "nova",
            "availability_zone_hints": null,
            "block_device": [],
            "config_drive": true,
            "created": "2025-05-21 13:37:14 +0000 UTC",
            "flavor_id": "3b852f4e-f80f-46dd-a9fa-22da59430a34",
            "flavor_name": "r1.kubernetes",
            "floating_ip": null,
            "force_delete": false,
            "id": "7c429364-9485-4166-9c38-737d5c7aa782",
            "image_id": "c7bbf35b-753f-4e3b-940a-f6b4367f4511",
            "image_name": "lab-rocky-9-std",
            "key_pair": "tofu-key",
            "metadata": null,
            "name": "compute-node1",
            "network": [
              {
                "access_network": false,
                "fixed_ip_v4": "10.0.3.204",
                "fixed_ip_v6": "",
                "floating_ip": "",
                "mac": "fa:16:3e:08:46:c0",
                "name": "infra-net",
                "port": "25b1b390-fed1-4a19-8fe4-bb47b7c6ad32",
                "uuid": "55cbaca4-192e-4c52-b225-1c6ebcb5c2d3"
              },
              {
                "access_network": false,
                "fixed_ip_v4": "192.168.10.20",
                "fixed_ip_v6": "",
                "floating_ip": "",
                "mac": "fa:16:3e:6f:13:5d",
                "name": "k8s-internal",
                "port": "e4f2c4d2-4ada-4d3f-bf7c-00f881036a8d",
                "uuid": "58d3fe83-ae98-45a2-8621-88013bdcebaf"
              },
              {
                "access_network": false,
                "fixed_ip_v4": "10.10.10.20",
                "fixed_ip_v6": "",
                "floating_ip": "",
                "mac": "fa:16:3e:64:3e:49",
                "name": "k8s-external",
                "port": "c6f74cae-a2ed-47f0-a63b-05b116625586",
                "uuid": "e22d52cf-7213-4c01-b216-9a201a757875"
              }
            ],
            "network_mode": null,
            "personality": [],
            "power_state": "active",
            "region": "RegionOne",
            "scheduler_hints": [],
            "security_groups": [
              "allow-icmp-tcp-udp"
            ],
            "stop_before_destroy": false,
            "tags": null,
            "timeouts": null,
            "updated": "2025-05-21 13:37:37 +0000 UTC",
            "user_data": "85dc44a78825ca1dce86c12f39155d59d6038f0f",
            "vendor_options": [],
            "volume": []
          },
          "sensitive_attributes": [],
          "private": "eyJlMmJmYjczMC1lY2FhLTExZTYtOGY4OC0zNDM2M2JjN2M0YzAiOnsiY3JlYXRlIjoxODAwMDAwMDAwMDAwLCJkZWxldGUiOjE4MDAwMDAwMDAwMDAsInVwZGF0ZSI6MTgwMDAwMDAwMDAwMH19",
          "dependencies": [
            "data.openstack_networking_network_v2.infra_net",
            "openstack_compute_keypair_v2.auto_gen_key",
            "openstack_networking_network_v2.k8s_external_net",
            "openstack_networking_network_v2.k8s_internal_net",
            "openstack_networking_port_v2.infra_port_compute1",
            "openstack_networking_port_v2.k8s_external_port_2",
            "openstack_networking_port_v2.k8s_internal_port_3",
            "openstack_networking_secgroup_v2.allow_icmp_tcp_udp_sg",
            "openstack_networking_subnet_v2.k8s_external_subnet",
            "openstack_networking_subnet_v2.k8s_internal_subnet"
          ]
        }
      ]
    },
    {
      "mode": "managed",
      "type": "openstack_compute_instance_v2",
      "name": "compute_node2",
      "provider": "provider[\"registry.terraform.io/terraform-provider-openstack/openstack\"]",
      "instances": [
        {
          "schema_version": 0,
          "attributes": {
            "access_ip_v4": "10.0.2.186",
            "access_ip_v6": "",
            "admin_pass": null,
            "all_metadata": {},
            "all_tags": [],
            "availability_zone": "nova",
            "availability_zone_hints": null,
            "block_device": [],
            "config_drive": true,
            "created": "2025-05-21 13:37:14 +0000 UTC",
            "flavor_id": "3b852f4e-f80f-46dd-a9fa-22da59430a34",
            "flavor_name": "r1.kubernetes",
            "floating_ip": null,
            "force_delete": false,
            "id": "d114fe35-0a68-4383-bc03-fb2aa70349df",
            "image_id": "c7bbf35b-753f-4e3b-940a-f6b4367f4511",
            "image_name": "lab-rocky-9-std",
            "key_pair": "tofu-key",
            "metadata": null,
            "name": "compute-node2",
            "network": [
              {
                "access_network": false,
                "fixed_ip_v4": "10.0.2.186",
                "fixed_ip_v6": "",
                "floating_ip": "",
                "mac": "fa:16:3e:60:71:81",
                "name": "infra-net",
                "port": "3d27e67d-4e30-45dd-8ae1-b9b538b1e25e",
                "uuid": "55cbaca4-192e-4c52-b225-1c6ebcb5c2d3"
              },
              {
                "access_network": false,
                "fixed_ip_v4": "192.168.10.30",
                "fixed_ip_v6": "",
                "floating_ip": "",
                "mac": "fa:16:3e:2f:37:97",
                "name": "k8s-internal",
                "port": "f799eb49-475d-49fd-8a69-ef2e23f91838",
                "uuid": "58d3fe83-ae98-45a2-8621-88013bdcebaf"
              },
              {
                "access_network": false,
                "fixed_ip_v4": "10.10.10.30",
                "fixed_ip_v6": "",
                "floating_ip": "",
                "mac": "fa:16:3e:46:0a:28",
                "name": "k8s-external",
                "port": "b4f8062a-4884-4fd7-a6e6-55979eb36aef",
                "uuid": "e22d52cf-7213-4c01-b216-9a201a757875"
              }
            ],
            "network_mode": null,
            "personality": [],
            "power_state": "active",
            "region": "RegionOne",
            "scheduler_hints": [],
            "security_groups": [
              "allow-icmp-tcp-udp"
            ],
            "stop_before_destroy": false,
            "tags": null,
            "timeouts": null,
            "updated": "2025-05-21 13:37:45 +0000 UTC",
            "user_data": "85dc44a78825ca1dce86c12f39155d59d6038f0f",
            "vendor_options": [],
            "volume": []
          },
          "sensitive_attributes": [],
          "private": "eyJlMmJmYjczMC1lY2FhLTExZTYtOGY4OC0zNDM2M2JjN2M0YzAiOnsiY3JlYXRlIjoxODAwMDAwMDAwMDAwLCJkZWxldGUiOjE4MDAwMDAwMDAwMDAsInVwZGF0ZSI6MTgwMDAwMDAwMDAwMH19",
          "dependencies": [
            "data.openstack_networking_network_v2.infra_net",
            "openstack_compute_keypair_v2.auto_gen_key",
            "openstack_networking_network_v2.k8s_external_net",
            "openstack_networking_network_v2.k8s_internal_net",
            "openstack_networking_port_v2.infra_port_compute2",
            "openstack_networking_port_v2.k8s_external_port_3",
            "openstack_networking_port_v2.k8s_internal_port_4",
            "openstack_networking_secgroup_v2.allow_icmp_tcp_udp_sg",
            "openstack_networking_subnet_v2.k8s_external_subnet",
            "openstack_networking_subnet_v2.k8s_internal_subnet"
          ]
        }
      ]
    },
    {
      "mode": "managed",
      "type": "openstack_compute_instance_v2",
      "name": "controller_node",
      "provider": "provider[\"registry.terraform.io/terraform-provider-openstack/openstack\"]",
      "instances": [
        {
          "schema_version": 0,
          "attributes": {
            "access_ip_v4": "10.0.0.74",
            "access_ip_v6": "",
            "admin_pass": null,
            "all_metadata": {},
            "all_tags": [],
            "availability_zone": "nova",
            "availability_zone_hints": null,
            "block_device": [],
            "config_drive": true,
            "created": "2025-05-21 13:37:13 +0000 UTC",
            "flavor_id": "3b852f4e-f80f-46dd-a9fa-22da59430a34",
            "flavor_name": "r1.kubernetes",
            "floating_ip": null,
            "force_delete": false,
            "id": "3101223f-dcf9-4114-bb38-b67499e1e1be",
            "image_id": "c7bbf35b-753f-4e3b-940a-f6b4367f4511",
            "image_name": "lab-rocky-9-std",
            "key_pair": "tofu-key",
            "metadata": null,
            "name": "controller-node",
            "network": [
              {
                "access_network": false,
                "fixed_ip_v4": "10.0.0.74",
                "fixed_ip_v6": "",
                "floating_ip": "",
                "mac": "fa:16:3e:9d:5c:7c",
                "name": "infra-net",
                "port": "8de54fed-9815-4acb-b5e4-1c391418ac41",
                "uuid": "55cbaca4-192e-4c52-b225-1c6ebcb5c2d3"
              },
              {
                "access_network": false,
                "fixed_ip_v4": "192.168.10.10",
                "fixed_ip_v6": "",
                "floating_ip": "",
                "mac": "fa:16:3e:6c:23:35",
                "name": "k8s-internal",
                "port": "2739dfad-1fc3-42fe-bf32-f24dc5f30cf5",
                "uuid": "58d3fe83-ae98-45a2-8621-88013bdcebaf"
              }
            ],
            "network_mode": null,
            "personality": [],
            "power_state": "active",
            "region": "RegionOne",
            "scheduler_hints": [],
            "security_groups": [
              "allow-icmp-tcp-udp"
            ],
            "stop_before_destroy": false,
            "tags": null,
            "timeouts": null,
            "updated": "2025-05-21 13:37:30 +0000 UTC",
            "user_data": "85dc44a78825ca1dce86c12f39155d59d6038f0f",
            "vendor_options": [],
            "volume": []
          },
          "sensitive_attributes": [],
          "private": "eyJlMmJmYjczMC1lY2FhLTExZTYtOGY4OC0zNDM2M2JjN2M0YzAiOnsiY3JlYXRlIjoxODAwMDAwMDAwMDAwLCJkZWxldGUiOjE4MDAwMDAwMDAwMDAsInVwZGF0ZSI6MTgwMDAwMDAwMDAwMH19",
          "dependencies": [
            "data.openstack_networking_network_v2.infra_net",
            "openstack_compute_keypair_v2.auto_gen_key",
            "openstack_networking_network_v2.k8s_internal_net",
            "openstack_networking_port_v2.infra_port_controller",
            "openstack_networking_port_v2.k8s_internal_port_2",
            "openstack_networking_secgroup_v2.allow_icmp_tcp_udp_sg",
            "openstack_networking_subnet_v2.k8s_internal_subnet"
          ]
        }
      ]
    },
    {
      "mode": "managed",
      "type": "openstack_compute_instance_v2",
      "name": "storage_node",
      "provider": "provider[\"registry.terraform.io/terraform-provider-openstack/openstack\"]",
      "instances": [
        {
          "schema_version": 0,
          "attributes": {
            "access_ip_v4": "10.0.0.199",
            "access_ip_v6": "",
            "admin_pass": null,
            "all_metadata": {},
            "all_tags": [],
            "availability_zone": "nova",
            "availability_zone_hints": null,
            "block_device": [],
            "config_drive": true,
            "created": "2025-05-21 13:37:13 +0000 UTC",
            "flavor_id": "3b852f4e-f80f-46dd-a9fa-22da59430a34",
            "flavor_name": "r1.kubernetes",
            "floating_ip": null,
            "force_delete": false,
            "id": "e07fa6ec-a1e2-4a18-8859-23c6cf882606",
            "image_id": "c7bbf35b-753f-4e3b-940a-f6b4367f4511",
            "image_name": "lab-rocky-9-std",
            "key_pair": "tofu-key",
            "metadata": null,
            "name": "storage-node",
            "network": [
              {
                "access_network": false,
                "fixed_ip_v4": "10.0.0.199",
                "fixed_ip_v6": "",
                "floating_ip": "",
                "mac": "fa:16:3e:0a:03:65",
                "name": "infra-net",
                "port": "6c4be529-6cb3-4783-9e73-7f8be1920998",
                "uuid": "55cbaca4-192e-4c52-b225-1c6ebcb5c2d3"
              },
              {
                "access_network": false,
                "fixed_ip_v4": "192.168.10.40",
                "fixed_ip_v6": "",
                "floating_ip": "",
                "mac": "fa:16:3e:5b:47:ed",
                "name": "k8s-internal",
                "port": "be681cd3-fb83-4235-8f23-1c523fdedbdb",
                "uuid": "58d3fe83-ae98-45a2-8621-88013bdcebaf"
              }
            ],
            "network_mode": null,
            "personality": [],
            "power_state": "active",
            "region": "RegionOne",
            "scheduler_hints": [],
            "security_groups": [
              "allow-icmp-tcp-udp"
            ],
            "stop_before_destroy": false,
            "tags": null,
            "timeouts": null,
            "updated": "2025-05-21 13:37:32 +0000 UTC",
            "user_data": "85dc44a78825ca1dce86c12f39155d59d6038f0f",
            "vendor_options": [],
            "volume": []
          },
          "sensitive_attributes": [],
          "private": "eyJlMmJmYjczMC1lY2FhLTExZTYtOGY4OC0zNDM2M2JjN2M0YzAiOnsiY3JlYXRlIjoxODAwMDAwMDAwMDAwLCJkZWxldGUiOjE4MDAwMDAwMDAwMDAsInVwZGF0ZSI6MTgwMDAwMDAwMDAwMH19",
          "dependencies": [
            "data.openstack_networking_network_v2.infra_net",
            "openstack_compute_keypair_v2.auto_gen_key",
            "openstack_networking_network_v2.k8s_internal_net",
            "openstack_networking_port_v2.infra_port_storage",
            "openstack_networking_port_v2.k8s_internal_port_5",
            "openstack_networking_secgroup_v2.allow_icmp_tcp_udp_sg",
            "openstack_networking_subnet_v2.k8s_internal_subnet"
          ]
        }
      ]
    },
    {
      "mode": "managed",
      "type": "openstack_compute_keypair_v2",
      "name": "auto_gen_key",
      "provider": "provider[\"registry.terraform.io/terraform-provider-openstack/openstack\"]",
      "instances": [
        {
          "schema_version": 0,
          "attributes": {
            "fingerprint": "77:43:4b:5c:dc:37:78:35:9c:82:39:25:19:8c:9d:e5",
            "id": "tofu-key",
            "name": "tofu-key",
            "private_key": "-----BEGIN RSA PRIVATE KEY-----\nMIIEpAIBAAKCAQEAubl31W8BU0d1kfHC0GU84ZsPVjerC9KD0cB/NPd0i6Miq7t9\nPa96YSOOYI0UvPl89KH/qPbSD9oBNWQ17pzOcbDa3NA2k7JGDo2X1sUM0XaaaawG\ncSR1e4HZZqvPvGRzeX6h7Ur8wqXE3pfCmHYAtCO3+t7xyJIRDvCWZHFsLv4jzQ4k\naVTp7M9EkGeOx32vO/GjRJ5+IhgATOmKouov9I5yU7sJkeJh+szKy2SUA5fRrg2P\n9y3duU9cPqaLNoxFNkI9KdW5zl8t12sEbntdwFPPaxAuYL+9N9ru9SQbQldKLB5H\n4m1oFUsRTKLRejZmZocFwQVra//pQRIfabBZUQIDAQABAoIBABCBWVM8P32ncN0k\nw2eyS5AQL/N9VIPjNEhQh22NXUvollT1P1rbTLCz0HwnpZNqx65U9EvPjZkPioJ0\ncq+PO3CSo0yy61rCYeP6tOcHEY3O8MeZ3GOzNgahIlEzzS0krzd5p8nXG3Hv+fg/\nO/HBMOxRbVEL/ahRxNbTTkZEZzUgxQ0AqzwKefaSiAujLlPN5EyC8Ghmm61FwHoX\nDceNKRQC3sGs8RfaVMapQ+EGgcnAA+9TxzIwdJurJ+McLbtjGm/uP58d/GBtQ5nW\nkm0vOG4pqWYmd1ZSAyczjZafjzNvWUIZShIbNdyLT7mZdxrO9W8hM8YeWrbDdx2v\n+qWcdJ0CgYEA/8VS1mAv6CnX7rzZ8n0bhVkmVpuvloJKs76oZT306zIQ4PPdPmYk\nb+N2eK39m3i/SCL5Gf6xYDx3zfHMl0tx/zefXF7jAoqJE5NNRr4THf+UjGAeHjgh\nE2/tGw29VzNjQJPLuOs4TsSvGK5Ow3yMU1qKcMNmZ2QS54cRp4XD3iUCgYEAueQT\nPyXkbVOFR7AM2/3kwgP4FM/re+MIcHvyO2v4ripNLz6sGkaAnOtZJ27/ROxjhe9a\nGuvJsY6Q4AhCDd7THo4pDo4RHxaq0Ulk4VBLhRtSVGyEyyvHtOGIw7AlAdYTDLUC\n8GUGh+dBKTmFqK+96LcPrF8HZzr1rpdwTlPkeL0CgYEAzwuxLxDWNx4ISp5d38oe\nySeNvXZyAWifiDnCn5Iz/WCeATvn0Wdl/50mfjJ6paxtS7vj4oMmmzzXzsL6V08f\njPY97sxw/9GdfVc0qxua5iHK4oe8WcIeJFnqmofYygozQkdiFuNyxXC6PUR9RgpA\nngkhIH9NGk0McJgKVo4WLHECgYAwUBe0fNuuklt8c0QUVRuEVVW/yv4v96S033Ho\ngbpjQblHwykltxcsMXq9ZfrQZgPDxp6LiqakECKVJ3BLfJMwSNBg6QmII/MHa+Td\nLmpCUQSHzqCA0YMY/tj1yy0DGilfTxhRdGBLKA5mcX3Mhsh72EApk5Uv/kHmO5PD\nt8gUnQKBgQDH2lUYP2W2M6QiP+y7gLF7JjWdrphdK3MCuwBH7jUuj884BhEmNh30\nDWuGuAbiHtaPmAPUITPNTc4CvIE/mi5Cw5L7QsFJrQ9/tnGYW+ffzy76Hn/QGxYl\nCE9GcOajSSEp2xpsca+k1WEZjH5cvFhWPgzPQMi1ICtm3ANjA8OSQw==\n-----END RSA PRIVATE KEY-----\n",
            "public_key": "ssh-rsa AAAAB3NzaC1yc2EAAAADAQABAAABAQC5uXfVbwFTR3WR8cLQZTzhmw9WN6sL0oPRwH8093SLoyKru309r3phI45gjRS8+Xz0of+o9tIP2gE1ZDXunM5xsNrc0DaTskYOjZfWxQzRdppprAZxJHV7gdlmq8+8ZHN5fqHtSvzCpcTel8KYdgC0I7f63vHIkhEO8JZkcWwu/iPNDiRpVOnsz0SQZ47Hfa878aNEnn4iGABM6Yqi6i/0jnJTuwmR4mH6zMrLZJQDl9GuDY/3Ld25T1w+pos2jEU2Qj0p1bnOXy3XawRue13AU89rEC5gv7032u71JBtCV0osHkfibWgVSxFMotF6NmZmhwXBBWtr/+lBEh9psFlR Generated-by-Nova",
            "region": "RegionOne",
            "user_id": "",
            "value_specs": null
          },
          "sensitive_attributes": [],
          "private": "bnVsbA=="
        }
      ]
    },
    {
      "mode": "managed",
      "type": "openstack_networking_network_v2",
      "name": "k8s_external_net",
      "provider": "provider[\"registry.terraform.io/terraform-provider-openstack/openstack\"]",
      "instances": [
        {
          "schema_version": 0,
          "attributes": {
            "admin_state_up": true,
            "all_tags": [],
            "availability_zone_hints": [],
            "description": "",
            "dns_domain": "",
            "external": false,
            "id": "e22d52cf-7213-4c01-b216-9a201a757875",
            "mtu": 8950,
            "name": "k8s-external",
            "port_security_enabled": true,
            "qos_policy_id": "",
            "region": "RegionOne",
            "segments": [],
            "shared": false,
            "tags": null,
            "tenant_id": "baf928bc6cad4a088c3d883454554c52",
            "timeouts": null,
            "transparent_vlan": false,
            "value_specs": null
          },
          "sensitive_attributes": [],
          "private": "eyJlMmJmYjczMC1lY2FhLTExZTYtOGY4OC0zNDM2M2JjN2M0YzAiOnsiY3JlYXRlIjo2MDAwMDAwMDAwMDAsImRlbGV0ZSI6NjAwMDAwMDAwMDAwfX0="
        }
      ]
    },
    {
      "mode": "managed",
      "type": "openstack_networking_network_v2",
      "name": "k8s_internal_net",
      "provider": "provider[\"registry.terraform.io/terraform-provider-openstack/openstack\"]",
      "instances": [
        {
          "schema_version": 0,
          "attributes": {
            "admin_state_up": true,
            "all_tags": [],
            "availability_zone_hints": [],
            "description": "",
            "dns_domain": "",
            "external": false,
            "id": "58d3fe83-ae98-45a2-8621-88013bdcebaf",
            "mtu": 8950,
            "name": "k8s-internal",
            "port_security_enabled": true,
            "qos_policy_id": "",
            "region": "RegionOne",
            "segments": [],
            "shared": false,
            "tags": null,
            "tenant_id": "baf928bc6cad4a088c3d883454554c52",
            "timeouts": null,
            "transparent_vlan": false,
            "value_specs": null
          },
          "sensitive_attributes": [],
          "private": "eyJlMmJmYjczMC1lY2FhLTExZTYtOGY4OC0zNDM2M2JjN2M0YzAiOnsiY3JlYXRlIjo2MDAwMDAwMDAwMDAsImRlbGV0ZSI6NjAwMDAwMDAwMDAwfX0="
        }
      ]
    },
    {
      "mode": "managed",
      "type": "openstack_networking_port_v2",
      "name": "infra_port_ansible_server",
      "provider": "provider[\"registry.terraform.io/terraform-provider-openstack/openstack\"]",
      "instances": [
        {
          "schema_version": 0,
          "attributes": {
            "admin_state_up": true,
            "all_fixed_ips": [
              "10.0.0.246"
            ],
            "all_security_group_ids": [
              "698bff60-ba40-4d61-af7e-4707b48bf93b"
            ],
            "all_tags": [],
            "allowed_address_pairs": [],
            "binding": [
              {
                "host_id": "",
                "profile": "",
                "vif_details": {},
                "vif_type": "",
                "vnic_type": "normal"
              }
            ],
            "description": "",
            "device_id": "",
            "device_owner": "",
            "dns_assignment": [],
            "dns_name": "",
            "extra_dhcp_option": [],
            "fixed_ip": [],
            "id": "c69b064f-c43b-4072-adf9-d5961953ac4b",
            "mac_address": "fa:16:3e:27:8c:b0",
            "name": "infra-port-ansible_server",
            "network_id": "55cbaca4-192e-4c52-b225-1c6ebcb5c2d3",
            "no_fixed_ip": null,
            "no_security_groups": null,
            "port_security_enabled": true,
            "qos_policy_id": "",
            "region": "RegionOne",
            "security_group_ids": [
              "698bff60-ba40-4d61-af7e-4707b48bf93b"
            ],
            "tags": null,
            "tenant_id": "baf928bc6cad4a088c3d883454554c52",
            "timeouts": null,
            "value_specs": null
          },
          "sensitive_attributes": [],
          "private": "eyJlMmJmYjczMC1lY2FhLTExZTYtOGY4OC0zNDM2M2JjN2M0YzAiOnsiY3JlYXRlIjo2MDAwMDAwMDAwMDAsImRlbGV0ZSI6NjAwMDAwMDAwMDAwfX0=",
          "dependencies": [
            "data.openstack_networking_network_v2.infra_net",
            "openstack_networking_secgroup_v2.allow_icmp_tcp_udp_sg"
          ]
        }
      ]
    },
    {
      "mode": "managed",
      "type": "openstack_networking_port_v2",
      "name": "infra_port_compute1",
      "provider": "provider[\"registry.terraform.io/terraform-provider-openstack/openstack\"]",
      "instances": [
        {
          "schema_version": 0,
          "attributes": {
            "admin_state_up": true,
            "all_fixed_ips": [
              "10.0.3.204"
            ],
            "all_security_group_ids": [
              "698bff60-ba40-4d61-af7e-4707b48bf93b"
            ],
            "all_tags": [],
            "allowed_address_pairs": [],
            "binding": [
              {
                "host_id": "",
                "profile": "",
                "vif_details": {},
                "vif_type": "",
                "vnic_type": "normal"
              }
            ],
            "description": "",
            "device_id": "",
            "device_owner": "",
            "dns_assignment": [],
            "dns_name": "",
            "extra_dhcp_option": [],
            "fixed_ip": [],
            "id": "25b1b390-fed1-4a19-8fe4-bb47b7c6ad32",
            "mac_address": "fa:16:3e:08:46:c0",
            "name": "infra-port-compute1",
            "network_id": "55cbaca4-192e-4c52-b225-1c6ebcb5c2d3",
            "no_fixed_ip": null,
            "no_security_groups": null,
            "port_security_enabled": true,
            "qos_policy_id": "",
            "region": "RegionOne",
            "security_group_ids": [
              "698bff60-ba40-4d61-af7e-4707b48bf93b"
            ],
            "tags": null,
            "tenant_id": "baf928bc6cad4a088c3d883454554c52",
            "timeouts": null,
            "value_specs": null
          },
          "sensitive_attributes": [],
          "private": "eyJlMmJmYjczMC1lY2FhLTExZTYtOGY4OC0zNDM2M2JjN2M0YzAiOnsiY3JlYXRlIjo2MDAwMDAwMDAwMDAsImRlbGV0ZSI6NjAwMDAwMDAwMDAwfX0=",
          "dependencies": [
            "data.openstack_networking_network_v2.infra_net",
            "openstack_networking_secgroup_v2.allow_icmp_tcp_udp_sg"
          ]
        }
      ]
    },
    {
      "mode": "managed",
      "type": "openstack_networking_port_v2",
      "name": "infra_port_compute2",
      "provider": "provider[\"registry.terraform.io/terraform-provider-openstack/openstack\"]",
      "instances": [
        {
          "schema_version": 0,
          "attributes": {
            "admin_state_up": true,
            "all_fixed_ips": [
              "10.0.2.186"
            ],
            "all_security_group_ids": [
              "698bff60-ba40-4d61-af7e-4707b48bf93b"
            ],
            "all_tags": [],
            "allowed_address_pairs": [],
            "binding": [
              {
                "host_id": "",
                "profile": "",
                "vif_details": {},
                "vif_type": "",
                "vnic_type": "normal"
              }
            ],
            "description": "",
            "device_id": "",
            "device_owner": "",
            "dns_assignment": [],
            "dns_name": "",
            "extra_dhcp_option": [],
            "fixed_ip": [],
            "id": "3d27e67d-4e30-45dd-8ae1-b9b538b1e25e",
            "mac_address": "fa:16:3e:60:71:81",
            "name": "infra-port-compute2",
            "network_id": "55cbaca4-192e-4c52-b225-1c6ebcb5c2d3",
            "no_fixed_ip": null,
            "no_security_groups": null,
            "port_security_enabled": true,
            "qos_policy_id": "",
            "region": "RegionOne",
            "security_group_ids": [
              "698bff60-ba40-4d61-af7e-4707b48bf93b"
            ],
            "tags": null,
            "tenant_id": "baf928bc6cad4a088c3d883454554c52",
            "timeouts": null,
            "value_specs": null
          },
          "sensitive_attributes": [],
          "private": "eyJlMmJmYjczMC1lY2FhLTExZTYtOGY4OC0zNDM2M2JjN2M0YzAiOnsiY3JlYXRlIjo2MDAwMDAwMDAwMDAsImRlbGV0ZSI6NjAwMDAwMDAwMDAwfX0=",
          "dependencies": [
            "data.openstack_networking_network_v2.infra_net",
            "openstack_networking_secgroup_v2.allow_icmp_tcp_udp_sg"
          ]
        }
      ]
    },
    {
      "mode": "managed",
      "type": "openstack_networking_port_v2",
      "name": "infra_port_controller",
      "provider": "provider[\"registry.terraform.io/terraform-provider-openstack/openstack\"]",
      "instances": [
        {
          "schema_version": 0,
          "attributes": {
            "admin_state_up": true,
            "all_fixed_ips": [
              "10.0.0.74"
            ],
            "all_security_group_ids": [
              "698bff60-ba40-4d61-af7e-4707b48bf93b"
            ],
            "all_tags": [],
            "allowed_address_pairs": [],
            "binding": [
              {
                "host_id": "",
                "profile": "",
                "vif_details": {},
                "vif_type": "",
                "vnic_type": "normal"
              }
            ],
            "description": "",
            "device_id": "",
            "device_owner": "",
            "dns_assignment": [],
            "dns_name": "",
            "extra_dhcp_option": [],
            "fixed_ip": [],
            "id": "8de54fed-9815-4acb-b5e4-1c391418ac41",
            "mac_address": "fa:16:3e:9d:5c:7c",
            "name": "infra-port-controller",
            "network_id": "55cbaca4-192e-4c52-b225-1c6ebcb5c2d3",
            "no_fixed_ip": null,
            "no_security_groups": null,
            "port_security_enabled": true,
            "qos_policy_id": "",
            "region": "RegionOne",
            "security_group_ids": [
              "698bff60-ba40-4d61-af7e-4707b48bf93b"
            ],
            "tags": null,
            "tenant_id": "baf928bc6cad4a088c3d883454554c52",
            "timeouts": null,
            "value_specs": null
          },
          "sensitive_attributes": [],
          "private": "eyJlMmJmYjczMC1lY2FhLTExZTYtOGY4OC0zNDM2M2JjN2M0YzAiOnsiY3JlYXRlIjo2MDAwMDAwMDAwMDAsImRlbGV0ZSI6NjAwMDAwMDAwMDAwfX0=",
          "dependencies": [
            "data.openstack_networking_network_v2.infra_net",
            "openstack_networking_secgroup_v2.allow_icmp_tcp_udp_sg"
          ]
        }
      ]
    },
    {
      "mode": "managed",
      "type": "openstack_networking_port_v2",
      "name": "infra_port_storage",
      "provider": "provider[\"registry.terraform.io/terraform-provider-openstack/openstack\"]",
      "instances": [
        {
          "schema_version": 0,
          "attributes": {
            "admin_state_up": true,
            "all_fixed_ips": [
              "10.0.0.199"
            ],
            "all_security_group_ids": [
              "698bff60-ba40-4d61-af7e-4707b48bf93b"
            ],
            "all_tags": [],
            "allowed_address_pairs": [],
            "binding": [
              {
                "host_id": "",
                "profile": "",
                "vif_details": {},
                "vif_type": "",
                "vnic_type": "normal"
              }
            ],
            "description": "",
            "device_id": "",
            "device_owner": "",
            "dns_assignment": [],
            "dns_name": "",
            "extra_dhcp_option": [],
            "fixed_ip": [],
            "id": "6c4be529-6cb3-4783-9e73-7f8be1920998",
            "mac_address": "fa:16:3e:0a:03:65",
            "name": "infra-port-storage",
            "network_id": "55cbaca4-192e-4c52-b225-1c6ebcb5c2d3",
            "no_fixed_ip": null,
            "no_security_groups": null,
            "port_security_enabled": true,
            "qos_policy_id": "",
            "region": "RegionOne",
            "security_group_ids": [
              "698bff60-ba40-4d61-af7e-4707b48bf93b"
            ],
            "tags": null,
            "tenant_id": "baf928bc6cad4a088c3d883454554c52",
            "timeouts": null,
            "value_specs": null
          },
          "sensitive_attributes": [],
          "private": "eyJlMmJmYjczMC1lY2FhLTExZTYtOGY4OC0zNDM2M2JjN2M0YzAiOnsiY3JlYXRlIjo2MDAwMDAwMDAwMDAsImRlbGV0ZSI6NjAwMDAwMDAwMDAwfX0=",
          "dependencies": [
            "data.openstack_networking_network_v2.infra_net",
            "openstack_networking_secgroup_v2.allow_icmp_tcp_udp_sg"
          ]
        }
      ]
    },
    {
      "mode": "managed",
      "type": "openstack_networking_port_v2",
      "name": "k8s_external_port_1",
      "provider": "provider[\"registry.terraform.io/terraform-provider-openstack/openstack\"]",
      "instances": [
        {
          "schema_version": 0,
          "attributes": {
            "admin_state_up": true,
            "all_fixed_ips": [
              "10.10.10.10"
            ],
            "all_security_group_ids": [
              "698bff60-ba40-4d61-af7e-4707b48bf93b"
            ],
            "all_tags": [],
            "allowed_address_pairs": [],
            "binding": [
              {
                "host_id": "",
                "profile": "",
                "vif_details": {},
                "vif_type": "",
                "vnic_type": "normal"
              }
            ],
            "description": "",
            "device_id": "",
            "device_owner": "",
            "dns_assignment": [],
            "dns_name": "",
            "extra_dhcp_option": [],
            "fixed_ip": [
              {
                "ip_address": "10.10.10.10",
                "subnet_id": "8820a512-ef6d-48b6-9eb8-34ca1f4b67b5"
              }
            ],
            "id": "deb248dd-d833-44e7-905f-1cbefe7b3096",
            "mac_address": "fa:16:3e:82:c2:cd",
            "name": "k8s-external-port-1",
            "network_id": "e22d52cf-7213-4c01-b216-9a201a757875",
            "no_fixed_ip": null,
            "no_security_groups": null,
            "port_security_enabled": true,
            "qos_policy_id": "",
            "region": "RegionOne",
            "security_group_ids": [
              "698bff60-ba40-4d61-af7e-4707b48bf93b"
            ],
            "tags": null,
            "tenant_id": "baf928bc6cad4a088c3d883454554c52",
            "timeouts": null,
            "value_specs": null
          },
          "sensitive_attributes": [],
          "private": "eyJlMmJmYjczMC1lY2FhLTExZTYtOGY4OC0zNDM2M2JjN2M0YzAiOnsiY3JlYXRlIjo2MDAwMDAwMDAwMDAsImRlbGV0ZSI6NjAwMDAwMDAwMDAwfX0=",
          "dependencies": [
            "openstack_networking_network_v2.k8s_external_net",
            "openstack_networking_secgroup_v2.allow_icmp_tcp_udp_sg",
            "openstack_networking_subnet_v2.k8s_external_subnet"
          ]
        }
      ]
    },
    {
      "mode": "managed",
      "type": "openstack_networking_port_v2",
      "name": "k8s_external_port_2",
      "provider": "provider[\"registry.terraform.io/terraform-provider-openstack/openstack\"]",
      "instances": [
        {
          "schema_version": 0,
          "attributes": {
            "admin_state_up": true,
            "all_fixed_ips": [
              "10.10.10.20"
            ],
            "all_security_group_ids": [
              "698bff60-ba40-4d61-af7e-4707b48bf93b"
            ],
            "all_tags": [],
            "allowed_address_pairs": [],
            "binding": [
              {
                "host_id": "",
                "profile": "",
                "vif_details": {},
                "vif_type": "",
                "vnic_type": "normal"
              }
            ],
            "description": "",
            "device_id": "",
            "device_owner": "",
            "dns_assignment": [],
            "dns_name": "",
            "extra_dhcp_option": [],
            "fixed_ip": [
              {
                "ip_address": "10.10.10.20",
                "subnet_id": "8820a512-ef6d-48b6-9eb8-34ca1f4b67b5"
              }
            ],
            "id": "c6f74cae-a2ed-47f0-a63b-05b116625586",
            "mac_address": "fa:16:3e:64:3e:49",
            "name": "k8s-external-port-2",
            "network_id": "e22d52cf-7213-4c01-b216-9a201a757875",
            "no_fixed_ip": null,
            "no_security_groups": null,
            "port_security_enabled": true,
            "qos_policy_id": "",
            "region": "RegionOne",
            "security_group_ids": [
              "698bff60-ba40-4d61-af7e-4707b48bf93b"
            ],
            "tags": null,
            "tenant_id": "baf928bc6cad4a088c3d883454554c52",
            "timeouts": null,
            "value_specs": null
          },
          "sensitive_attributes": [],
          "private": "eyJlMmJmYjczMC1lY2FhLTExZTYtOGY4OC0zNDM2M2JjN2M0YzAiOnsiY3JlYXRlIjo2MDAwMDAwMDAwMDAsImRlbGV0ZSI6NjAwMDAwMDAwMDAwfX0=",
          "dependencies": [
            "openstack_networking_network_v2.k8s_external_net",
            "openstack_networking_secgroup_v2.allow_icmp_tcp_udp_sg",
            "openstack_networking_subnet_v2.k8s_external_subnet"
          ]
        }
      ]
    },
    {
      "mode": "managed",
      "type": "openstack_networking_port_v2",
      "name": "k8s_external_port_3",
      "provider": "provider[\"registry.terraform.io/terraform-provider-openstack/openstack\"]",
      "instances": [
        {
          "schema_version": 0,
          "attributes": {
            "admin_state_up": true,
            "all_fixed_ips": [
              "10.10.10.30"
            ],
            "all_security_group_ids": [
              "698bff60-ba40-4d61-af7e-4707b48bf93b"
            ],
            "all_tags": [],
            "allowed_address_pairs": [],
            "binding": [
              {
                "host_id": "",
                "profile": "",
                "vif_details": {},
                "vif_type": "",
                "vnic_type": "normal"
              }
            ],
            "description": "",
            "device_id": "",
            "device_owner": "",
            "dns_assignment": [],
            "dns_name": "",
            "extra_dhcp_option": [],
            "fixed_ip": [
              {
                "ip_address": "10.10.10.30",
                "subnet_id": "8820a512-ef6d-48b6-9eb8-34ca1f4b67b5"
              }
            ],
            "id": "b4f8062a-4884-4fd7-a6e6-55979eb36aef",
            "mac_address": "fa:16:3e:46:0a:28",
            "name": "k8s-external-port-3",
            "network_id": "e22d52cf-7213-4c01-b216-9a201a757875",
            "no_fixed_ip": null,
            "no_security_groups": null,
            "port_security_enabled": true,
            "qos_policy_id": "",
            "region": "RegionOne",
            "security_group_ids": [
              "698bff60-ba40-4d61-af7e-4707b48bf93b"
            ],
            "tags": null,
            "tenant_id": "baf928bc6cad4a088c3d883454554c52",
            "timeouts": null,
            "value_specs": null
          },
          "sensitive_attributes": [],
          "private": "eyJlMmJmYjczMC1lY2FhLTExZTYtOGY4OC0zNDM2M2JjN2M0YzAiOnsiY3JlYXRlIjo2MDAwMDAwMDAwMDAsImRlbGV0ZSI6NjAwMDAwMDAwMDAwfX0=",
          "dependencies": [
            "openstack_networking_network_v2.k8s_external_net",
            "openstack_networking_secgroup_v2.allow_icmp_tcp_udp_sg",
            "openstack_networking_subnet_v2.k8s_external_subnet"
          ]
        }
      ]
    },
    {
      "mode": "managed",
      "type": "openstack_networking_port_v2",
      "name": "k8s_internal_port_1",
      "provider": "provider[\"registry.terraform.io/terraform-provider-openstack/openstack\"]",
      "instances": [
        {
          "schema_version": 0,
          "attributes": {
            "admin_state_up": true,
            "all_fixed_ips": [
              "192.168.10.100"
            ],
            "all_security_group_ids": [
              "698bff60-ba40-4d61-af7e-4707b48bf93b"
            ],
            "all_tags": [],
            "allowed_address_pairs": [],
            "binding": [
              {
                "host_id": "",
                "profile": "",
                "vif_details": {},
                "vif_type": "",
                "vnic_type": "normal"
              }
            ],
            "description": "",
            "device_id": "",
            "device_owner": "",
            "dns_assignment": [],
            "dns_name": "",
            "extra_dhcp_option": [],
            "fixed_ip": [
              {
                "ip_address": "192.168.10.100",
                "subnet_id": "9a0d6227-1dc8-4c43-971c-b66dcf1f7ae6"
              }
            ],
            "id": "5cbff223-7b78-4516-83f3-8a846b8c540a",
            "mac_address": "fa:16:3e:0a:d8:c4",
            "name": "k8s_internal_port_1",
            "network_id": "58d3fe83-ae98-45a2-8621-88013bdcebaf",
            "no_fixed_ip": null,
            "no_security_groups": null,
            "port_security_enabled": true,
            "qos_policy_id": "",
            "region": "RegionOne",
            "security_group_ids": [
              "698bff60-ba40-4d61-af7e-4707b48bf93b"
            ],
            "tags": null,
            "tenant_id": "baf928bc6cad4a088c3d883454554c52",
            "timeouts": null,
            "value_specs": null
          },
          "sensitive_attributes": [],
          "private": "eyJlMmJmYjczMC1lY2FhLTExZTYtOGY4OC0zNDM2M2JjN2M0YzAiOnsiY3JlYXRlIjo2MDAwMDAwMDAwMDAsImRlbGV0ZSI6NjAwMDAwMDAwMDAwfX0=",
          "dependencies": [
            "openstack_networking_network_v2.k8s_internal_net",
            "openstack_networking_secgroup_v2.allow_icmp_tcp_udp_sg",
            "openstack_networking_subnet_v2.k8s_internal_subnet"
          ]
        }
      ]
    },
    {
      "mode": "managed",
      "type": "openstack_networking_port_v2",
      "name": "k8s_internal_port_2",
      "provider": "provider[\"registry.terraform.io/terraform-provider-openstack/openstack\"]",
      "instances": [
        {
          "schema_version": 0,
          "attributes": {
            "admin_state_up": true,
            "all_fixed_ips": [
              "192.168.10.10"
            ],
            "all_security_group_ids": [
              "698bff60-ba40-4d61-af7e-4707b48bf93b"
            ],
            "all_tags": [],
            "allowed_address_pairs": [],
            "binding": [
              {
                "host_id": "",
                "profile": "",
                "vif_details": {},
                "vif_type": "",
                "vnic_type": "normal"
              }
            ],
            "description": "",
            "device_id": "",
            "device_owner": "",
            "dns_assignment": [],
            "dns_name": "",
            "extra_dhcp_option": [],
            "fixed_ip": [
              {
                "ip_address": "192.168.10.10",
                "subnet_id": "9a0d6227-1dc8-4c43-971c-b66dcf1f7ae6"
              }
            ],
            "id": "2739dfad-1fc3-42fe-bf32-f24dc5f30cf5",
            "mac_address": "fa:16:3e:6c:23:35",
            "name": "k8s_internal_port_2",
            "network_id": "58d3fe83-ae98-45a2-8621-88013bdcebaf",
            "no_fixed_ip": null,
            "no_security_groups": null,
            "port_security_enabled": true,
            "qos_policy_id": "",
            "region": "RegionOne",
            "security_group_ids": [
              "698bff60-ba40-4d61-af7e-4707b48bf93b"
            ],
            "tags": null,
            "tenant_id": "baf928bc6cad4a088c3d883454554c52",
            "timeouts": null,
            "value_specs": null
          },
          "sensitive_attributes": [],
          "private": "eyJlMmJmYjczMC1lY2FhLTExZTYtOGY4OC0zNDM2M2JjN2M0YzAiOnsiY3JlYXRlIjo2MDAwMDAwMDAwMDAsImRlbGV0ZSI6NjAwMDAwMDAwMDAwfX0=",
          "dependencies": [
            "openstack_networking_network_v2.k8s_internal_net",
            "openstack_networking_secgroup_v2.allow_icmp_tcp_udp_sg",
            "openstack_networking_subnet_v2.k8s_internal_subnet"
          ]
        }
      ]
    },
    {
      "mode": "managed",
      "type": "openstack_networking_port_v2",
      "name": "k8s_internal_port_3",
      "provider": "provider[\"registry.terraform.io/terraform-provider-openstack/openstack\"]",
      "instances": [
        {
          "schema_version": 0,
          "attributes": {
            "admin_state_up": true,
            "all_fixed_ips": [
              "192.168.10.20"
            ],
            "all_security_group_ids": [
              "698bff60-ba40-4d61-af7e-4707b48bf93b"
            ],
            "all_tags": [],
            "allowed_address_pairs": [],
            "binding": [
              {
                "host_id": "",
                "profile": "",
                "vif_details": {},
                "vif_type": "",
                "vnic_type": "normal"
              }
            ],
            "description": "",
            "device_id": "",
            "device_owner": "",
            "dns_assignment": [],
            "dns_name": "",
            "extra_dhcp_option": [],
            "fixed_ip": [
              {
                "ip_address": "192.168.10.20",
                "subnet_id": "9a0d6227-1dc8-4c43-971c-b66dcf1f7ae6"
              }
            ],
            "id": "e4f2c4d2-4ada-4d3f-bf7c-00f881036a8d",
            "mac_address": "fa:16:3e:6f:13:5d",
            "name": "k8s_internal_port_3",
            "network_id": "58d3fe83-ae98-45a2-8621-88013bdcebaf",
            "no_fixed_ip": null,
            "no_security_groups": null,
            "port_security_enabled": true,
            "qos_policy_id": "",
            "region": "RegionOne",
            "security_group_ids": [
              "698bff60-ba40-4d61-af7e-4707b48bf93b"
            ],
            "tags": null,
            "tenant_id": "baf928bc6cad4a088c3d883454554c52",
            "timeouts": null,
            "value_specs": null
          },
          "sensitive_attributes": [],
          "private": "eyJlMmJmYjczMC1lY2FhLTExZTYtOGY4OC0zNDM2M2JjN2M0YzAiOnsiY3JlYXRlIjo2MDAwMDAwMDAwMDAsImRlbGV0ZSI6NjAwMDAwMDAwMDAwfX0=",
          "dependencies": [
            "openstack_networking_network_v2.k8s_internal_net",
            "openstack_networking_secgroup_v2.allow_icmp_tcp_udp_sg",
            "openstack_networking_subnet_v2.k8s_internal_subnet"
          ]
        }
      ]
    },
    {
      "mode": "managed",
      "type": "openstack_networking_port_v2",
      "name": "k8s_internal_port_4",
      "provider": "provider[\"registry.terraform.io/terraform-provider-openstack/openstack\"]",
      "instances": [
        {
          "schema_version": 0,
          "attributes": {
            "admin_state_up": true,
            "all_fixed_ips": [
              "192.168.10.30"
            ],
            "all_security_group_ids": [
              "698bff60-ba40-4d61-af7e-4707b48bf93b"
            ],
            "all_tags": [],
            "allowed_address_pairs": [],
            "binding": [
              {
                "host_id": "",
                "profile": "",
                "vif_details": {},
                "vif_type": "",
                "vnic_type": "normal"
              }
            ],
            "description": "",
            "device_id": "",
            "device_owner": "",
            "dns_assignment": [],
            "dns_name": "",
            "extra_dhcp_option": [],
            "fixed_ip": [
              {
                "ip_address": "192.168.10.30",
                "subnet_id": "9a0d6227-1dc8-4c43-971c-b66dcf1f7ae6"
              }
            ],
            "id": "f799eb49-475d-49fd-8a69-ef2e23f91838",
            "mac_address": "fa:16:3e:2f:37:97",
            "name": "k8s_internal_port_4",
            "network_id": "58d3fe83-ae98-45a2-8621-88013bdcebaf",
            "no_fixed_ip": null,
            "no_security_groups": null,
            "port_security_enabled": true,
            "qos_policy_id": "",
            "region": "RegionOne",
            "security_group_ids": [
              "698bff60-ba40-4d61-af7e-4707b48bf93b"
            ],
            "tags": null,
            "tenant_id": "baf928bc6cad4a088c3d883454554c52",
            "timeouts": null,
            "value_specs": null
          },
          "sensitive_attributes": [],
          "private": "eyJlMmJmYjczMC1lY2FhLTExZTYtOGY4OC0zNDM2M2JjN2M0YzAiOnsiY3JlYXRlIjo2MDAwMDAwMDAwMDAsImRlbGV0ZSI6NjAwMDAwMDAwMDAwfX0=",
          "dependencies": [
            "openstack_networking_network_v2.k8s_internal_net",
            "openstack_networking_secgroup_v2.allow_icmp_tcp_udp_sg",
            "openstack_networking_subnet_v2.k8s_internal_subnet"
          ]
        }
      ]
    },
    {
      "mode": "managed",
      "type": "openstack_networking_port_v2",
      "name": "k8s_internal_port_5",
      "provider": "provider[\"registry.terraform.io/terraform-provider-openstack/openstack\"]",
      "instances": [
        {
          "schema_version": 0,
          "attributes": {
            "admin_state_up": true,
            "all_fixed_ips": [
              "192.168.10.40"
            ],
            "all_security_group_ids": [
              "698bff60-ba40-4d61-af7e-4707b48bf93b"
            ],
            "all_tags": [],
            "allowed_address_pairs": [],
            "binding": [
              {
                "host_id": "",
                "profile": "",
                "vif_details": {},
                "vif_type": "",
                "vnic_type": "normal"
              }
            ],
            "description": "",
            "device_id": "",
            "device_owner": "",
            "dns_assignment": [],
            "dns_name": "",
            "extra_dhcp_option": [],
            "fixed_ip": [
              {
                "ip_address": "192.168.10.40",
                "subnet_id": "9a0d6227-1dc8-4c43-971c-b66dcf1f7ae6"
              }
            ],
            "id": "be681cd3-fb83-4235-8f23-1c523fdedbdb",
            "mac_address": "fa:16:3e:5b:47:ed",
            "name": "k8s_internal_port_5",
            "network_id": "58d3fe83-ae98-45a2-8621-88013bdcebaf",
            "no_fixed_ip": null,
            "no_security_groups": null,
            "port_security_enabled": true,
            "qos_policy_id": "",
            "region": "RegionOne",
            "security_group_ids": [
              "698bff60-ba40-4d61-af7e-4707b48bf93b"
            ],
            "tags": null,
            "tenant_id": "baf928bc6cad4a088c3d883454554c52",
            "timeouts": null,
            "value_specs": null
          },
          "sensitive_attributes": [],
          "private": "eyJlMmJmYjczMC1lY2FhLTExZTYtOGY4OC0zNDM2M2JjN2M0YzAiOnsiY3JlYXRlIjo2MDAwMDAwMDAwMDAsImRlbGV0ZSI6NjAwMDAwMDAwMDAwfX0=",
          "dependencies": [
            "openstack_networking_network_v2.k8s_internal_net",
            "openstack_networking_secgroup_v2.allow_icmp_tcp_udp_sg",
            "openstack_networking_subnet_v2.k8s_internal_subnet"
          ]
        }
      ]
    },
    {
      "mode": "managed",
      "type": "openstack_networking_secgroup_rule_v2",
      "name": "icmp_in",
      "provider": "provider[\"registry.terraform.io/terraform-provider-openstack/openstack\"]",
      "instances": [
        {
          "schema_version": 0,
          "attributes": {
            "description": "",
            "direction": "ingress",
            "ethertype": "IPv4",
            "id": "6f30bbbb-1dfd-4c3f-b7da-c0b555d7f415",
            "port_range_max": 0,
            "port_range_min": 0,
            "protocol": "icmp",
            "region": "RegionOne",
            "remote_group_id": "",
            "remote_ip_prefix": "0.0.0.0/0",
            "security_group_id": "698bff60-ba40-4d61-af7e-4707b48bf93b",
            "tenant_id": "baf928bc6cad4a088c3d883454554c52",
            "timeouts": null
          },
          "sensitive_attributes": [],
          "private": "eyJlMmJmYjczMC1lY2FhLTExZTYtOGY4OC0zNDM2M2JjN2M0YzAiOnsiZGVsZXRlIjo2MDAwMDAwMDAwMDB9fQ==",
          "dependencies": [
            "openstack_networking_secgroup_v2.allow_icmp_tcp_udp_sg"
          ]
        }
      ]
    },
    {
      "mode": "managed",
      "type": "openstack_networking_secgroup_rule_v2",
      "name": "icmp_out",
      "provider": "provider[\"registry.terraform.io/terraform-provider-openstack/openstack\"]",
      "instances": [
        {
          "schema_version": 0,
          "attributes": {
            "description": "",
            "direction": "egress",
            "ethertype": "IPv4",
            "id": "c8c17de4-52a2-4b9a-a4d4-eb121b5b6247",
            "port_range_max": 0,
            "port_range_min": 0,
            "protocol": "icmp",
            "region": "RegionOne",
            "remote_group_id": "",
            "remote_ip_prefix": "0.0.0.0/0",
            "security_group_id": "698bff60-ba40-4d61-af7e-4707b48bf93b",
            "tenant_id": "baf928bc6cad4a088c3d883454554c52",
            "timeouts": null
          },
          "sensitive_attributes": [],
          "private": "eyJlMmJmYjczMC1lY2FhLTExZTYtOGY4OC0zNDM2M2JjN2M0YzAiOnsiZGVsZXRlIjo2MDAwMDAwMDAwMDB9fQ==",
          "dependencies": [
            "openstack_networking_secgroup_v2.allow_icmp_tcp_udp_sg"
          ]
        }
      ]
    },
    {
      "mode": "managed",
      "type": "openstack_networking_secgroup_rule_v2",
      "name": "tcp_in",
      "provider": "provider[\"registry.terraform.io/terraform-provider-openstack/openstack\"]",
      "instances": [
        {
          "schema_version": 0,
          "attributes": {
            "description": "",
            "direction": "ingress",
            "ethertype": "IPv4",
            "id": "b427b439-0178-47cf-b822-f9ad39efcca2",
            "port_range_max": 0,
            "port_range_min": 0,
            "protocol": "tcp",
            "region": "RegionOne",
            "remote_group_id": "",
            "remote_ip_prefix": "0.0.0.0/0",
            "security_group_id": "698bff60-ba40-4d61-af7e-4707b48bf93b",
            "tenant_id": "baf928bc6cad4a088c3d883454554c52",
            "timeouts": null
          },
          "sensitive_attributes": [],
          "private": "eyJlMmJmYjczMC1lY2FhLTExZTYtOGY4OC0zNDM2M2JjN2M0YzAiOnsiZGVsZXRlIjo2MDAwMDAwMDAwMDB9fQ==",
          "dependencies": [
            "openstack_networking_secgroup_v2.allow_icmp_tcp_udp_sg"
          ]
        }
      ]
    },
    {
      "mode": "managed",
      "type": "openstack_networking_secgroup_rule_v2",
      "name": "tcp_out",
      "provider": "provider[\"registry.terraform.io/terraform-provider-openstack/openstack\"]",
      "instances": [
        {
          "schema_version": 0,
          "attributes": {
            "description": "",
            "direction": "egress",
            "ethertype": "IPv4",
            "id": "1bcfad8b-86ce-42b6-afcd-124fdba16721",
            "port_range_max": 0,
            "port_range_min": 0,
            "protocol": "tcp",
            "region": "RegionOne",
            "remote_group_id": "",
            "remote_ip_prefix": "0.0.0.0/0",
            "security_group_id": "698bff60-ba40-4d61-af7e-4707b48bf93b",
            "tenant_id": "baf928bc6cad4a088c3d883454554c52",
            "timeouts": null
          },
          "sensitive_attributes": [],
          "private": "eyJlMmJmYjczMC1lY2FhLTExZTYtOGY4OC0zNDM2M2JjN2M0YzAiOnsiZGVsZXRlIjo2MDAwMDAwMDAwMDB9fQ==",
          "dependencies": [
            "openstack_networking_secgroup_v2.allow_icmp_tcp_udp_sg"
          ]
        }
      ]
    },
    {
      "mode": "managed",
      "type": "openstack_networking_secgroup_rule_v2",
      "name": "udp_in",
      "provider": "provider[\"registry.terraform.io/terraform-provider-openstack/openstack\"]",
      "instances": [
        {
          "schema_version": 0,
          "attributes": {
            "description": "",
            "direction": "ingress",
            "ethertype": "IPv4",
            "id": "c1ba71e8-93e5-49e1-b7fc-0ff0495aedf6",
            "port_range_max": 0,
            "port_range_min": 0,
            "protocol": "udp",
            "region": "RegionOne",
            "remote_group_id": "",
            "remote_ip_prefix": "0.0.0.0/0",
            "security_group_id": "698bff60-ba40-4d61-af7e-4707b48bf93b",
            "tenant_id": "baf928bc6cad4a088c3d883454554c52",
            "timeouts": null
          },
          "sensitive_attributes": [],
          "private": "eyJlMmJmYjczMC1lY2FhLTExZTYtOGY4OC0zNDM2M2JjN2M0YzAiOnsiZGVsZXRlIjo2MDAwMDAwMDAwMDB9fQ==",
          "dependencies": [
            "openstack_networking_secgroup_v2.allow_icmp_tcp_udp_sg"
          ]
        }
      ]
    },
    {
      "mode": "managed",
      "type": "openstack_networking_secgroup_rule_v2",
      "name": "udp_out",
      "provider": "provider[\"registry.terraform.io/terraform-provider-openstack/openstack\"]",
      "instances": [
        {
          "schema_version": 0,
          "attributes": {
            "description": "",
            "direction": "egress",
            "ethertype": "IPv4",
            "id": "063c500b-8742-4ed9-acb4-d75a85b9ee7d",
            "port_range_max": 0,
            "port_range_min": 0,
            "protocol": "udp",
            "region": "RegionOne",
            "remote_group_id": "",
            "remote_ip_prefix": "0.0.0.0/0",
            "security_group_id": "698bff60-ba40-4d61-af7e-4707b48bf93b",
            "tenant_id": "baf928bc6cad4a088c3d883454554c52",
            "timeouts": null
          },
          "sensitive_attributes": [],
          "private": "eyJlMmJmYjczMC1lY2FhLTExZTYtOGY4OC0zNDM2M2JjN2M0YzAiOnsiZGVsZXRlIjo2MDAwMDAwMDAwMDB9fQ==",
          "dependencies": [
            "openstack_networking_secgroup_v2.allow_icmp_tcp_udp_sg"
          ]
        }
      ]
    },
    {
      "mode": "managed",
      "type": "openstack_networking_secgroup_v2",
      "name": "allow_icmp_tcp_udp_sg",
      "provider": "provider[\"registry.terraform.io/terraform-provider-openstack/openstack\"]",
      "instances": [
        {
          "schema_version": 0,
          "attributes": {
            "all_tags": [],
            "delete_default_rules": null,
            "description": "Allow all inbound/outbound ICMP, TCP, UDP",
            "id": "698bff60-ba40-4d61-af7e-4707b48bf93b",
            "name": "allow-icmp-tcp-udp",
            "region": "RegionOne",
            "tags": null,
            "tenant_id": "baf928bc6cad4a088c3d883454554c52",
            "timeouts": null
          },
          "sensitive_attributes": [],
          "private": "eyJlMmJmYjczMC1lY2FhLTExZTYtOGY4OC0zNDM2M2JjN2M0YzAiOnsiZGVsZXRlIjo2MDAwMDAwMDAwMDB9fQ=="
        }
      ]
    },
    {
      "mode": "managed",
      "type": "openstack_networking_subnet_v2",
      "name": "k8s_external_subnet",
      "provider": "provider[\"registry.terraform.io/terraform-provider-openstack/openstack\"]",
      "instances": [
        {
          "schema_version": 0,
          "attributes": {
            "all_tags": [],
            "allocation_pool": [
              {
                "end": "10.10.10.253",
                "start": "10.10.10.1"
              }
            ],
            "allocation_pools": [
              {
                "end": "10.10.10.253",
                "start": "10.10.10.1"
              }
            ],
            "cidr": "10.10.10.0/24",
            "description": "",
            "dns_nameservers": [
              "8.8.8.8"
            ],
            "enable_dhcp": true,
            "gateway_ip": "10.10.10.254",
            "host_routes": [],
            "id": "8820a512-ef6d-48b6-9eb8-34ca1f4b67b5",
            "ip_version": 4,
            "ipv6_address_mode": "",
            "ipv6_ra_mode": "",
            "name": "k8s-external-subnet",
            "network_id": "e22d52cf-7213-4c01-b216-9a201a757875",
            "no_gateway": false,
            "prefix_length": null,
            "region": "RegionOne",
            "service_types": [],
            "subnetpool_id": "",
            "tags": null,
            "tenant_id": "baf928bc6cad4a088c3d883454554c52",
            "timeouts": null,
            "value_specs": null
          },
          "sensitive_attributes": [],
          "private": "eyJlMmJmYjczMC1lY2FhLTExZTYtOGY4OC0zNDM2M2JjN2M0YzAiOnsiY3JlYXRlIjo2MDAwMDAwMDAwMDAsImRlbGV0ZSI6NjAwMDAwMDAwMDAwfX0=",
          "dependencies": [
            "openstack_networking_network_v2.k8s_external_net"
          ]
        }
      ]
    },
    {
      "mode": "managed",
      "type": "openstack_networking_subnet_v2",
      "name": "k8s_internal_subnet",
      "provider": "provider[\"registry.terraform.io/terraform-provider-openstack/openstack\"]",
      "instances": [
        {
          "schema_version": 0,
          "attributes": {
            "all_tags": [],
            "allocation_pool": [
              {
                "end": "192.168.255.254",
                "start": "192.168.0.2"
              }
            ],
            "allocation_pools": [
              {
                "end": "192.168.255.254",
                "start": "192.168.0.2"
              }
            ],
            "cidr": "192.168.0.0/16",
            "description": "",
            "dns_nameservers": null,
            "enable_dhcp": true,
            "gateway_ip": "192.168.0.1",
            "host_routes": [],
            "id": "9a0d6227-1dc8-4c43-971c-b66dcf1f7ae6",
            "ip_version": 4,
            "ipv6_address_mode": "",
            "ipv6_ra_mode": "",
            "name": "k8s-internal-subnet",
            "network_id": "58d3fe83-ae98-45a2-8621-88013bdcebaf",
            "no_gateway": false,
            "prefix_length": null,
            "region": "RegionOne",
            "service_types": [],
            "subnetpool_id": "",
            "tags": null,
            "tenant_id": "baf928bc6cad4a088c3d883454554c52",
            "timeouts": null,
            "value_specs": null
          },
          "sensitive_attributes": [],
          "private": "eyJlMmJmYjczMC1lY2FhLTExZTYtOGY4OC0zNDM2M2JjN2M0YzAiOnsiY3JlYXRlIjo2MDAwMDAwMDAwMDAsImRlbGV0ZSI6NjAwMDAwMDAwMDAwfX0=",
          "dependencies": [
            "openstack_networking_network_v2.k8s_internal_net"
          ]
        }
      ]
    }
  ],
  "check_results": null
}
