{
  "version": 4,
  "terraform_version": "1.5.7",
  "serial": 1314,
  "lineage": "4bb5d483-b07f-e3bd-f893-aebd58521b4e",
  "outputs": {
    "generated_private_key": {
      "value": "-----BEGIN RSA PRIVATE KEY-----\nMIIEogIBAAKCAQEAu1LJVL9EV2nosqWoQhZBZrdsHJX/aWvBjQyRjQf1QKfvVfzz\nWQ/gIhzAXN5ijE3qJrYbQiHiP6g7THiWr2Ff1atyBnlQVeK2JZN7cyfu9cMSSxa9\nzz1DqfNZVAKwrHlVsT2X8B1m4ROWD3+8n72MCzFl+s1C/DQNGQNSP40jNHdVEZb4\n2x5omxMyeNh7afDrDD32AQRaErvGyVf0PajhQ4WT3LVIM+vXVRsNrlvVzfN20pPa\n/vTVngLreq1pLGwiU2LXr+JmK2URPGA4O39zZKZXRVlwGJKbNpMThjuGsQ1hZlAN\n3a9CKEhy7i5933rwUZHoD+3dM2qbS3bFMLxiJQIDAQABAoIBAB5y1ryCiYyO787o\nG/lADlnwqy9bV2SuqguwFRGgT0Z29bGbt/+MU9GfrEn8MPce7BZmR/iAMvtHcHod\n6NpxoMcFwvdX7U3El/h0KF8fyNkkX/saI3jF+9NqdaTw+gBTCbGRcjrKwLAJw7zZ\ntdKeWB7ypOG3TzHZER71ef9QBP6wNpaHT5fT2qsvedw5VQsNvFRBfJJj3SgBV2aV\nghJAXstZat5slWwHgJYzOhtpuYaDZ4MWTNkrgN2uSbjPYxH/sTYLqPz0Vc4GCIbo\nouiemqtlilBAiHFWlmzct/iW3KCwehpxeHrd4PRjtpedWymFHJJr8Z/lAJb8TGxq\n69j8Z6ECgYEA7RHvlzx4bZjL1JU/IOcTHLA4Rl1VduEFtOD74DZNp6BkzfaiB+P8\nf6sH64Z1I8vlhI10q9P13Fiz7/2v0HynK8qdbL7FY1zNrBAUeRMZB8FGoz4orA19\nEOq5BzroHJpnUO5o0Jweu0v8TGY1ithIBYqki4h8aGuS9vkvC000h+ECgYEAykf0\nX/bYPf7PC/MI2LuMuJrz5qmBnH23Z+x1j0weEfx4tFwR/kcCVJbogBvs8ennl3rR\ngSO9+Vs+1ezFE9slSy3SU+k6sgp/2vO78o4CpbjRGJw8lBqVaSVwr8KXaXNOGLaK\nCqHIknw6ZEu9NnaML3OtG0OIljPZEu0wpMYCEsUCgYBdqfl0UkLuYjEeI31WnZVS\nf1ksi9Gpb0xW45EAS9Qwh1FsgqYP4gav1j4B0xTS+MsMrOrMvKjlzvIAvsVI5QcT\naTD7dv/7uv3TnmLIV0BLbRRgiL1/BLFGDsbd0WtFaceqFRe6XARUUbgz4yoCWmNS\nNS2/p0Qn6WCeTWNF3tIDYQKBgCrgvchpxsS9cp4R0lo+x0GKdxD59WN6spnw4aqS\nc/1UCzIQIjBIVRIhOv+M69kLv++4NRiuvuJQmS03lz7yQSGCgQcQdUSwPRHogHqV\n57HBT3FsDNtIF0vGh/B5yyarLm7GotRGHwIOG0KPW3hkAKs+Vf9lfVp5exYr+Re0\ncVQRAoGAXigU7cGtMSokCQNjOXwNiczeQlGmgPFR9WY6px531p+JDg0sA3dUHymk\n5W7PQPO0Xu4Y8FzQu2Va2sT/qXx6qAxjEl+lm+05Viu+jtDerFBh5p95jp8OWEmG\nYpJgt+Gl/HWIC5ng+va51ybUishlGoLY1LVQ8Dn4vH+CNOtP6QE=\n-----END RSA PRIVATE KEY-----\n",
      "type": "string",
      "sensitive": true
    },
    "generated_public_key": {
      "value": "ssh-rsa AAAAB3NzaC1yc2EAAAADAQABAAABAQC7UslUv0RXaeiypahCFkFmt2wclf9pa8GNDJGNB/VAp+9V/PNZD+AiHMBc3mKMTeomthtCIeI/qDtMeJavYV/Vq3IGeVBV4rYlk3tzJ+71wxJLFr3PPUOp81lUArCseVWxPZfwHWbhE5YPf7yfvYwLMWX6zUL8NA0ZA1I/jSM0d1URlvjbHmibEzJ42Htp8OsMPfYBBFoSu8bJV/Q9qOFDhZPctUgz69dVGw2uW9XN83bSk9r+9NWeAut6rWksbCJTYtev4mYrZRE8YDg7f3NkpldFWXAYkps2kxOGO4axDWFmUA3dr0IoSHLuLn3fevBRkegP7d0zaptLdsUwvGIl Generated-by-Nova",
      "type": "string"
    },
    "pxe_instance_ips": {
      "value": {
        "ansible_server": "172.168.1.100",
        "compute_node1": "172.168.1.20",
        "compute_node2": "172.168.1.30",
        "controller_node": "172.168.1.10",
        "storage_node": "172.168.1.40"
      },
      "type": [
        "object",
        {
          "ansible_server": "string",
          "compute_node1": "string",
          "compute_node2": "string",
          "controller_node": "string",
          "storage_node": "string"
        }
      ]
    },
    "pxe_subnet_info": {
      "value": {
        "cidr": "172.168.0.0/16",
        "gateway": "172.168.0.1",
        "subnet_id": "b6605fae-c22e-43a5-96dd-bfad19520a5e"
      },
      "type": [
        "object",
        {
          "cidr": "string",
          "gateway": "string",
          "subnet_id": "string"
        }
      ]
    }
  },
  "resources": [
    {
      "mode": "data",
      "type": "openstack_networking_network_v2",
      "name": "net-infra",
      "provider": "provider[\"registry.terraform.io/terraform-provider-openstack/openstack\"]",
      "instances": [
        {
          "schema_version": 0,
          "attributes": {
            "admin_state_up": "true",
            "all_tags": [],
            "availability_zone_hints": [],
            "description": "",
            "dns_domain": "",
            "external": false,
            "id": "f07fe84a-85b4-40ee-bb2a-f8341f3b062b",
            "matching_subnet_cidr": null,
            "mtu": 1450,
            "name": "net-infra",
            "network_id": null,
            "region": "RegionOne",
            "segments": [
              {
                "network_type": "vxlan",
                "physical_network": "",
                "segmentation_id": 549
              }
            ],
            "shared": "true",
            "status": null,
            "subnets": [
              "8e07ad42-988d-463b-8631-8dc05f52182e"
            ],
            "tags": null,
            "tenant_id": "1b161fa7aae94268ae4552d1eaf7030a",
            "transparent_vlan": false
          },
          "sensitive_attributes": []
        }
      ]
    },
    {
      "mode": "data",
      "type": "openstack_networking_network_v2",
      "name": "net-pxe",
      "provider": "provider[\"registry.terraform.io/terraform-provider-openstack/openstack\"]",
      "instances": [
        {
          "schema_version": 0,
          "attributes": {
            "admin_state_up": "true",
            "all_tags": [],
            "availability_zone_hints": [],
            "description": "",
            "dns_domain": "",
            "external": false,
            "id": "c8a01eac-1b27-46d5-974e-6839c2f8f8fe",
            "matching_subnet_cidr": null,
            "mtu": 8950,
            "name": "net-pxe",
            "network_id": null,
            "region": "RegionOne",
            "segments": [
              {
                "network_type": "vxlan",
                "physical_network": "",
                "segmentation_id": 738
              }
            ],
            "shared": "false",
            "status": null,
            "subnets": [],
            "tags": null,
            "tenant_id": "5a6c24e65d3e4126812ab351e5151100",
            "transparent_vlan": false
          },
          "sensitive_attributes": []
        }
      ]
    },
    {
      "mode": "managed",
      "type": "local_file",
      "name": "my_private_key_file",
      "provider": "provider[\"registry.terraform.io/hashicorp/local\"]",
      "instances": [
        {
          "schema_version": 0,
          "attributes": {
            "content": "-----BEGIN RSA PRIVATE KEY-----\nMIIEogIBAAKCAQEAu1LJVL9EV2nosqWoQhZBZrdsHJX/aWvBjQyRjQf1QKfvVfzz\nWQ/gIhzAXN5ijE3qJrYbQiHiP6g7THiWr2Ff1atyBnlQVeK2JZN7cyfu9cMSSxa9\nzz1DqfNZVAKwrHlVsT2X8B1m4ROWD3+8n72MCzFl+s1C/DQNGQNSP40jNHdVEZb4\n2x5omxMyeNh7afDrDD32AQRaErvGyVf0PajhQ4WT3LVIM+vXVRsNrlvVzfN20pPa\n/vTVngLreq1pLGwiU2LXr+JmK2URPGA4O39zZKZXRVlwGJKbNpMThjuGsQ1hZlAN\n3a9CKEhy7i5933rwUZHoD+3dM2qbS3bFMLxiJQIDAQABAoIBAB5y1ryCiYyO787o\nG/lADlnwqy9bV2SuqguwFRGgT0Z29bGbt/+MU9GfrEn8MPce7BZmR/iAMvtHcHod\n6NpxoMcFwvdX7U3El/h0KF8fyNkkX/saI3jF+9NqdaTw+gBTCbGRcjrKwLAJw7zZ\ntdKeWB7ypOG3TzHZER71ef9QBP6wNpaHT5fT2qsvedw5VQsNvFRBfJJj3SgBV2aV\nghJAXstZat5slWwHgJYzOhtpuYaDZ4MWTNkrgN2uSbjPYxH/sTYLqPz0Vc4GCIbo\nouiemqtlilBAiHFWlmzct/iW3KCwehpxeHrd4PRjtpedWymFHJJr8Z/lAJb8TGxq\n69j8Z6ECgYEA7RHvlzx4bZjL1JU/IOcTHLA4Rl1VduEFtOD74DZNp6BkzfaiB+P8\nf6sH64Z1I8vlhI10q9P13Fiz7/2v0HynK8qdbL7FY1zNrBAUeRMZB8FGoz4orA19\nEOq5BzroHJpnUO5o0Jweu0v8TGY1ithIBYqki4h8aGuS9vkvC000h+ECgYEAykf0\nX/bYPf7PC/MI2LuMuJrz5qmBnH23Z+x1j0weEfx4tFwR/kcCVJbogBvs8ennl3rR\ngSO9+Vs+1ezFE9slSy3SU+k6sgp/2vO78o4CpbjRGJw8lBqVaSVwr8KXaXNOGLaK\nCqHIknw6ZEu9NnaML3OtG0OIljPZEu0wpMYCEsUCgYBdqfl0UkLuYjEeI31WnZVS\nf1ksi9Gpb0xW45EAS9Qwh1FsgqYP4gav1j4B0xTS+MsMrOrMvKjlzvIAvsVI5QcT\naTD7dv/7uv3TnmLIV0BLbRRgiL1/BLFGDsbd0WtFaceqFRe6XARUUbgz4yoCWmNS\nNS2/p0Qn6WCeTWNF3tIDYQKBgCrgvchpxsS9cp4R0lo+x0GKdxD59WN6spnw4aqS\nc/1UCzIQIjBIVRIhOv+M69kLv++4NRiuvuJQmS03lz7yQSGCgQcQdUSwPRHogHqV\n57HBT3FsDNtIF0vGh/B5yyarLm7GotRGHwIOG0KPW3hkAKs+Vf9lfVp5exYr+Re0\ncVQRAoGAXigU7cGtMSokCQNjOXwNiczeQlGmgPFR9WY6px531p+JDg0sA3dUHymk\n5W7PQPO0Xu4Y8FzQu2Va2sT/qXx6qAxjEl+lm+05Viu+jtDerFBh5p95jp8OWEmG\nYpJgt+Gl/HWIC5ng+va51ybUishlGoLY1LVQ8Dn4vH+CNOtP6QE=\n-----END RSA PRIVATE KEY-----\n",
            "content_base64": null,
            "content_base64sha256": "XA3I8pGQwn/sSzGPJXLES1u6Sk0lv1aNyvuC3kfIdhE=",
            "content_base64sha512": "AI/QiwHehCAf0SUct9y6RbMXC243B1XzXsQ0pFRKY7aYt/57EbWpF9A14uCGA6/QoJmaJZIQqVXT6MW+U9JPzg==",
            "content_md5": "4675faaeb52384050f1f09fa4f4ab2b8",
            "content_sha1": "2a1f114a76df275958524d13432b500efc0b196b",
            "content_sha256": "5c0dc8f29190c27fec4b318f2572c44b5bba4a4d25bf568dcafb82de47c87611",
            "content_sha512": "008fd08b01de84201fd1251cb7dcba45b3170b6e370755f35ec434a4544a63b698b7fe7b11b5a917d035e2e08603afd0a0999a259210a955d3e8c5be53d24fce",
            "directory_permission": "0777",
            "file_permission": "400",
            "filename": "./tofu-key.pem",
            "id": "2a1f114a76df275958524d13432b500efc0b196b",
            "sensitive_content": null,
            "source": null
          },
          "sensitive_attributes": [
            [
              {
                "type": "get_attr",
                "value": "content"
              }
            ]
          ],
          "dependencies": [
            "openstack_compute_keypair_v2.auto_gen_key"
          ]
        }
      ]
    },
    {
      "mode": "managed",
      "type": "openstack_compute_instance_v2",
      "name": "ansible_server",
      "provider": "provider[\"registry.terraform.io/terraform-provider-openstack/openstack\"]",
      "instances": [
        {
          "schema_version": 0,
          "attributes": {
            "access_ip_v4": "10.0.2.78",
            "access_ip_v6": "",
            "admin_pass": null,
            "all_metadata": {},
            "all_tags": [],
            "availability_zone": "nova",
            "availability_zone_hints": null,
            "block_device": [],
            "config_drive": true,
            "created": "2025-06-30 14:10:24 +0000 UTC",
            "flavor_id": "ee1b3749-219e-4665-afb3-6d25b00d2d97",
            "flavor_name": "t1.kubernetes",
            "floating_ip": null,
            "force_delete": false,
            "id": "7f828ed4-cbb7-4a0d-b360-36cfb33c191b",
            "image_id": "856968ac-0d9d-4ddb-9a78-937fffdf34aa",
            "image_name": "lab-rocky-9",
            "key_pair": "tofu-key",
            "metadata": null,
            "name": "ansible-server",
            "network": [
              {
                "access_network": false,
                "fixed_ip_v4": "10.0.2.78",
                "fixed_ip_v6": "",
                "floating_ip": "",
                "mac": "fa:16:3e:d3:41:b1",
                "name": "net-infra",
                "port": "d324bf3c-7124-4315-90dc-7f2dbd9c2248",
                "uuid": "f07fe84a-85b4-40ee-bb2a-f8341f3b062b"
              },
              {
                "access_network": false,
                "fixed_ip_v4": "192.168.10.100",
                "fixed_ip_v6": "",
                "floating_ip": "",
                "mac": "fa:16:3e:a5:2f:13",
                "name": "k8s-internal",
                "port": "46f48786-7d15-4482-90a4-5fd4a05aad61",
                "uuid": "42fb1d1f-54c8-435f-a2b8-411070d17902"
              },
              {
                "access_network": false,
                "fixed_ip_v4": "10.10.10.10",
                "fixed_ip_v6": "",
                "floating_ip": "",
                "mac": "fa:16:3e:53:7c:c7",
                "name": "k8s-external",
                "port": "fcfe448c-42dc-44d9-b270-4e5bd4ab6efb",
                "uuid": "873386d3-5597-4f61-886f-5beb97c5f2f0"
              },
              {
                "access_network": false,
                "fixed_ip_v4": "172.168.1.100",
                "fixed_ip_v6": "",
                "floating_ip": "",
                "mac": "fa:16:3e:53:59:4f",
                "name": "net-pxe",
                "port": "d260a2a4-662f-41fb-8022-b25718138ec8",
                "uuid": "c8a01eac-1b27-46d5-974e-6839c2f8f8fe"
              }
            ],
            "network_mode": null,
            "personality": [],
            "power_state": "active",
            "region": "RegionOne",
            "scheduler_hints": [],
            "security_groups": [
              "allow-icmp-tcp-udp"
            ],
            "stop_before_destroy": false,
            "tags": null,
            "timeouts": null,
            "updated": "2025-06-30 14:11:06 +0000 UTC",
            "user_data": "6be93f1784a5fc1ed494762740f7a8b9f049eb8b",
            "vendor_options": [],
            "volume": []
          },
          "sensitive_attributes": [],
          "private": "eyJlMmJmYjczMC1lY2FhLTExZTYtOGY4OC0zNDM2M2JjN2M0YzAiOnsiY3JlYXRlIjoxODAwMDAwMDAwMDAwLCJkZWxldGUiOjE4MDAwMDAwMDAwMDAsInVwZGF0ZSI6MTgwMDAwMDAwMDAwMH19",
          "dependencies": [
            "data.openstack_networking_network_v2.net-infra",
            "data.openstack_networking_network_v2.net-pxe",
            "openstack_compute_keypair_v2.auto_gen_key",
            "openstack_networking_network_v2.k8s_external_net",
            "openstack_networking_network_v2.k8s_internal_net",
            "openstack_networking_port_v2.infra_port_ansible_server",
            "openstack_networking_port_v2.k8s_external_port_1",
            "openstack_networking_port_v2.k8s_internal_port_1",
            "openstack_networking_port_v2.pxe_port_ansible_server",
            "openstack_networking_secgroup_v2.allow_icmp_tcp_udp_sg",
            "openstack_networking_subnet_v2.k8s_external_subnet",
            "openstack_networking_subnet_v2.k8s_internal_subnet",
            "openstack_networking_subnet_v2.pxe_subnet"
          ]
        }
      ]
    },
    {
      "mode": "managed",
      "type": "openstack_compute_instance_v2",
      "name": "compute_node1",
      "provider": "provider[\"registry.terraform.io/terraform-provider-openstack/openstack\"]",
      "instances": [
        {
          "schema_version": 0,
          "attributes": {
            "access_ip_v4": "10.0.1.139",
            "access_ip_v6": "",
            "admin_pass": null,
            "all_metadata": {},
            "all_tags": [],
            "availability_zone": "nova",
            "availability_zone_hints": null,
            "block_device": [],
            "config_drive": true,
            "created": "2025-06-30 14:10:23 +0000 UTC",
            "flavor_id": "ee1b3749-219e-4665-afb3-6d25b00d2d97",
            "flavor_name": "t1.kubernetes",
            "floating_ip": null,
            "force_delete": false,
            "id": "c1599d93-1fb7-4524-a940-d53f2225bab9",
            "image_id": "856968ac-0d9d-4ddb-9a78-937fffdf34aa",
            "image_name": "lab-rocky-9",
            "key_pair": "tofu-key",
            "metadata": null,
            "name": "compute-node1",
            "network": [
              {
                "access_network": false,
                "fixed_ip_v4": "10.0.1.139",
                "fixed_ip_v6": "",
                "floating_ip": "",
                "mac": "fa:16:3e:44:65:5d",
                "name": "net-infra",
                "port": "5c315be4-4314-4a70-a06d-61b862cbd28b",
                "uuid": "f07fe84a-85b4-40ee-bb2a-f8341f3b062b"
              },
              {
                "access_network": false,
                "fixed_ip_v4": "192.168.10.20",
                "fixed_ip_v6": "",
                "floating_ip": "",
                "mac": "fa:16:3e:90:68:c3",
                "name": "k8s-internal",
                "port": "1aed7785-405f-4052-ad8b-79cc72827be9",
                "uuid": "42fb1d1f-54c8-435f-a2b8-411070d17902"
              },
              {
                "access_network": false,
                "fixed_ip_v4": "10.10.10.20",
                "fixed_ip_v6": "",
                "floating_ip": "",
                "mac": "fa:16:3e:1e:8f:dc",
                "name": "k8s-external",
                "port": "9102a2e6-b553-4b58-ba6a-0b3b7adb61e1",
                "uuid": "873386d3-5597-4f61-886f-5beb97c5f2f0"
              },
              {
                "access_network": false,
                "fixed_ip_v4": "172.168.1.20",
                "fixed_ip_v6": "",
                "floating_ip": "",
                "mac": "fa:16:3e:a6:82:4b",
                "name": "net-pxe",
                "port": "bf81be0f-b2c7-46a4-b08c-b5e42260ef81",
                "uuid": "c8a01eac-1b27-46d5-974e-6839c2f8f8fe"
              }
            ],
            "network_mode": null,
            "personality": [],
            "power_state": "active",
            "region": "RegionOne",
            "scheduler_hints": [],
            "security_groups": [
              "allow-icmp-tcp-udp"
            ],
            "stop_before_destroy": false,
            "tags": null,
            "timeouts": null,
            "updated": "2025-06-30 14:10:55 +0000 UTC",
            "user_data": "6be93f1784a5fc1ed494762740f7a8b9f049eb8b",
            "vendor_options": [],
            "volume": []
          },
          "sensitive_attributes": [],
          "private": "eyJlMmJmYjczMC1lY2FhLTExZTYtOGY4OC0zNDM2M2JjN2M0YzAiOnsiY3JlYXRlIjoxODAwMDAwMDAwMDAwLCJkZWxldGUiOjE4MDAwMDAwMDAwMDAsInVwZGF0ZSI6MTgwMDAwMDAwMDAwMH19",
          "dependencies": [
            "data.openstack_networking_network_v2.net-infra",
            "data.openstack_networking_network_v2.net-pxe",
            "openstack_compute_keypair_v2.auto_gen_key",
            "openstack_networking_network_v2.k8s_external_net",
            "openstack_networking_network_v2.k8s_internal_net",
            "openstack_networking_port_v2.infra_port_compute1",
            "openstack_networking_port_v2.k8s_external_port_2",
            "openstack_networking_port_v2.k8s_internal_port_3",
            "openstack_networking_port_v2.pxe_port_compute1",
            "openstack_networking_secgroup_v2.allow_icmp_tcp_udp_sg",
            "openstack_networking_subnet_v2.k8s_external_subnet",
            "openstack_networking_subnet_v2.k8s_internal_subnet",
            "openstack_networking_subnet_v2.pxe_subnet"
          ]
        }
      ]
    },
    {
      "mode": "managed",
      "type": "openstack_compute_instance_v2",
      "name": "compute_node2",
      "provider": "provider[\"registry.terraform.io/terraform-provider-openstack/openstack\"]",
      "instances": [
        {
          "schema_version": 0,
          "attributes": {
            "access_ip_v4": "10.0.3.119",
            "access_ip_v6": "",
            "admin_pass": null,
            "all_metadata": {},
            "all_tags": [],
            "availability_zone": "nova",
            "availability_zone_hints": null,
            "block_device": [],
            "config_drive": true,
            "created": "2025-06-30 14:10:23 +0000 UTC",
            "flavor_id": "ee1b3749-219e-4665-afb3-6d25b00d2d97",
            "flavor_name": "t1.kubernetes",
            "floating_ip": null,
            "force_delete": false,
            "id": "312e713a-9e35-4d60-b142-b064e32c910d",
            "image_id": "856968ac-0d9d-4ddb-9a78-937fffdf34aa",
            "image_name": "lab-rocky-9",
            "key_pair": "tofu-key",
            "metadata": null,
            "name": "compute-node2",
            "network": [
              {
                "access_network": false,
                "fixed_ip_v4": "10.0.3.119",
                "fixed_ip_v6": "",
                "floating_ip": "",
                "mac": "fa:16:3e:6c:46:02",
                "name": "net-infra",
                "port": "328a5260-62c2-4f34-ab81-7a4e708c0a0b",
                "uuid": "f07fe84a-85b4-40ee-bb2a-f8341f3b062b"
              },
              {
                "access_network": false,
                "fixed_ip_v4": "192.168.10.30",
                "fixed_ip_v6": "",
                "floating_ip": "",
                "mac": "fa:16:3e:2e:ec:83",
                "name": "k8s-internal",
                "port": "442398a5-35be-4a41-9b5c-59e76c72094d",
                "uuid": "42fb1d1f-54c8-435f-a2b8-411070d17902"
              },
              {
                "access_network": false,
                "fixed_ip_v4": "10.10.10.30",
                "fixed_ip_v6": "",
                "floating_ip": "",
                "mac": "fa:16:3e:9b:62:1d",
                "name": "k8s-external",
                "port": "82173201-fa63-46df-ac3d-889d23b2e790",
                "uuid": "873386d3-5597-4f61-886f-5beb97c5f2f0"
              },
              {
                "access_network": false,
                "fixed_ip_v4": "172.168.1.30",
                "fixed_ip_v6": "",
                "floating_ip": "",
                "mac": "fa:16:3e:5b:06:fe",
                "name": "net-pxe",
                "port": "75591c1d-e2de-4037-80c9-099e716ff49f",
                "uuid": "c8a01eac-1b27-46d5-974e-6839c2f8f8fe"
              }
            ],
            "network_mode": null,
            "personality": [],
            "power_state": "active",
            "region": "RegionOne",
            "scheduler_hints": [],
            "security_groups": [
              "allow-icmp-tcp-udp"
            ],
            "stop_before_destroy": false,
            "tags": null,
            "timeouts": null,
            "updated": "2025-06-30 14:10:57 +0000 UTC",
            "user_data": "6be93f1784a5fc1ed494762740f7a8b9f049eb8b",
            "vendor_options": [],
            "volume": []
          },
          "sensitive_attributes": [],
          "private": "eyJlMmJmYjczMC1lY2FhLTExZTYtOGY4OC0zNDM2M2JjN2M0YzAiOnsiY3JlYXRlIjoxODAwMDAwMDAwMDAwLCJkZWxldGUiOjE4MDAwMDAwMDAwMDAsInVwZGF0ZSI6MTgwMDAwMDAwMDAwMH19",
          "dependencies": [
            "data.openstack_networking_network_v2.net-infra",
            "data.openstack_networking_network_v2.net-pxe",
            "openstack_compute_keypair_v2.auto_gen_key",
            "openstack_networking_network_v2.k8s_external_net",
            "openstack_networking_network_v2.k8s_internal_net",
            "openstack_networking_port_v2.infra_port_compute2",
            "openstack_networking_port_v2.k8s_external_port_3",
            "openstack_networking_port_v2.k8s_internal_port_4",
            "openstack_networking_port_v2.pxe_port_compute2",
            "openstack_networking_secgroup_v2.allow_icmp_tcp_udp_sg",
            "openstack_networking_subnet_v2.k8s_external_subnet",
            "openstack_networking_subnet_v2.k8s_internal_subnet",
            "openstack_networking_subnet_v2.pxe_subnet"
          ]
        }
      ]
    },
    {
      "mode": "managed",
      "type": "openstack_compute_instance_v2",
      "name": "controller_node",
      "provider": "provider[\"registry.terraform.io/terraform-provider-openstack/openstack\"]",
      "instances": [
        {
          "schema_version": 0,
          "attributes": {
            "access_ip_v4": "10.0.2.41",
            "access_ip_v6": "",
            "admin_pass": null,
            "all_metadata": {},
            "all_tags": [],
            "availability_zone": "nova",
            "availability_zone_hints": null,
            "block_device": [],
            "config_drive": true,
            "created": "2025-06-30 14:10:22 +0000 UTC",
            "flavor_id": "ee1b3749-219e-4665-afb3-6d25b00d2d97",
            "flavor_name": "t1.kubernetes",
            "floating_ip": null,
            "force_delete": false,
            "id": "d996e8c1-13c0-4fe4-a119-0f1804c9b781",
            "image_id": "856968ac-0d9d-4ddb-9a78-937fffdf34aa",
            "image_name": "lab-rocky-9",
            "key_pair": "tofu-key",
            "metadata": null,
            "name": "controller-node",
            "network": [
              {
                "access_network": false,
                "fixed_ip_v4": "10.0.2.41",
                "fixed_ip_v6": "",
                "floating_ip": "",
                "mac": "fa:16:3e:ba:82:36",
                "name": "net-infra",
                "port": "8b9312f4-4329-4909-8413-d458c191e284",
                "uuid": "f07fe84a-85b4-40ee-bb2a-f8341f3b062b"
              },
              {
                "access_network": false,
                "fixed_ip_v4": "192.168.10.10",
                "fixed_ip_v6": "",
                "floating_ip": "",
                "mac": "fa:16:3e:8d:b9:4e",
                "name": "k8s-internal",
                "port": "048f9b35-5d87-4b5b-b32d-d273d4f6c665",
                "uuid": "42fb1d1f-54c8-435f-a2b8-411070d17902"
              },
              {
                "access_network": false,
                "fixed_ip_v4": "172.168.1.10",
                "fixed_ip_v6": "",
                "floating_ip": "",
                "mac": "fa:16:3e:22:11:9a",
                "name": "net-pxe",
                "port": "9b5ce500-2819-4ad6-9094-f619ed3d9cba",
                "uuid": "c8a01eac-1b27-46d5-974e-6839c2f8f8fe"
              }
            ],
            "network_mode": null,
            "personality": [],
            "power_state": "active",
            "region": "RegionOne",
            "scheduler_hints": [],
            "security_groups": [
              "allow-icmp-tcp-udp"
            ],
            "stop_before_destroy": false,
            "tags": null,
            "timeouts": null,
            "updated": "2025-06-30 14:10:42 +0000 UTC",
            "user_data": "6be93f1784a5fc1ed494762740f7a8b9f049eb8b",
            "vendor_options": [],
            "volume": []
          },
          "sensitive_attributes": [],
          "private": "eyJlMmJmYjczMC1lY2FhLTExZTYtOGY4OC0zNDM2M2JjN2M0YzAiOnsiY3JlYXRlIjoxODAwMDAwMDAwMDAwLCJkZWxldGUiOjE4MDAwMDAwMDAwMDAsInVwZGF0ZSI6MTgwMDAwMDAwMDAwMH19",
          "dependencies": [
            "data.openstack_networking_network_v2.net-infra",
            "data.openstack_networking_network_v2.net-pxe",
            "openstack_compute_keypair_v2.auto_gen_key",
            "openstack_networking_network_v2.k8s_internal_net",
            "openstack_networking_port_v2.infra_port_controller",
            "openstack_networking_port_v2.k8s_internal_port_2",
            "openstack_networking_port_v2.pxe_port_controller",
            "openstack_networking_secgroup_v2.allow_icmp_tcp_udp_sg",
            "openstack_networking_subnet_v2.k8s_internal_subnet",
            "openstack_networking_subnet_v2.pxe_subnet"
          ]
        }
      ]
    },
    {
      "mode": "managed",
      "type": "openstack_compute_instance_v2",
      "name": "storage_node",
      "provider": "provider[\"registry.terraform.io/terraform-provider-openstack/openstack\"]",
      "instances": [
        {
          "schema_version": 0,
          "attributes": {
            "access_ip_v4": "10.0.2.238",
            "access_ip_v6": "",
            "admin_pass": null,
            "all_metadata": {},
            "all_tags": [],
            "availability_zone": "nova",
            "availability_zone_hints": null,
            "block_device": [],
            "config_drive": true,
            "created": "2025-06-30 14:10:22 +0000 UTC",
            "flavor_id": "ee1b3749-219e-4665-afb3-6d25b00d2d97",
            "flavor_name": "t1.kubernetes",
            "floating_ip": null,
            "force_delete": false,
            "id": "927e4d8d-cc52-40f5-8554-717bd1ddf99d",
            "image_id": "856968ac-0d9d-4ddb-9a78-937fffdf34aa",
            "image_name": "lab-rocky-9",
            "key_pair": "tofu-key",
            "metadata": null,
            "name": "storage-node",
            "network": [
              {
                "access_network": false,
                "fixed_ip_v4": "10.0.2.238",
                "fixed_ip_v6": "",
                "floating_ip": "",
                "mac": "fa:16:3e:13:5e:74",
                "name": "net-infra",
                "port": "86152cd3-0dd7-4358-88c7-cc860b1204be",
                "uuid": "f07fe84a-85b4-40ee-bb2a-f8341f3b062b"
              },
              {
                "access_network": false,
                "fixed_ip_v4": "192.168.10.40",
                "fixed_ip_v6": "",
                "floating_ip": "",
                "mac": "fa:16:3e:3d:d7:f8",
                "name": "k8s-internal",
                "port": "976b2ccd-afbb-4711-bb97-c706d28ff2f6",
                "uuid": "42fb1d1f-54c8-435f-a2b8-411070d17902"
              },
              {
                "access_network": false,
                "fixed_ip_v4": "172.168.1.40",
                "fixed_ip_v6": "",
                "floating_ip": "",
                "mac": "fa:16:3e:96:11:16",
                "name": "net-pxe",
                "port": "b1cbb964-f8fe-4e73-9527-b2480c3780d9",
                "uuid": "c8a01eac-1b27-46d5-974e-6839c2f8f8fe"
              }
            ],
            "network_mode": null,
            "personality": [],
            "power_state": "active",
            "region": "RegionOne",
            "scheduler_hints": [],
            "security_groups": [
              "allow-icmp-tcp-udp"
            ],
            "stop_before_destroy": false,
            "tags": null,
            "timeouts": null,
            "updated": "2025-06-30 14:10:47 +0000 UTC",
            "user_data": "6be93f1784a5fc1ed494762740f7a8b9f049eb8b",
            "vendor_options": [],
            "volume": []
          },
          "sensitive_attributes": [],
          "private": "eyJlMmJmYjczMC1lY2FhLTExZTYtOGY4OC0zNDM2M2JjN2M0YzAiOnsiY3JlYXRlIjoxODAwMDAwMDAwMDAwLCJkZWxldGUiOjE4MDAwMDAwMDAwMDAsInVwZGF0ZSI6MTgwMDAwMDAwMDAwMH19",
          "dependencies": [
            "data.openstack_networking_network_v2.net-infra",
            "data.openstack_networking_network_v2.net-pxe",
            "openstack_compute_keypair_v2.auto_gen_key",
            "openstack_networking_network_v2.k8s_internal_net",
            "openstack_networking_port_v2.infra_port_storage",
            "openstack_networking_port_v2.k8s_internal_port_5",
            "openstack_networking_port_v2.pxe_port_storage",
            "openstack_networking_secgroup_v2.allow_icmp_tcp_udp_sg",
            "openstack_networking_subnet_v2.k8s_internal_subnet",
            "openstack_networking_subnet_v2.pxe_subnet"
          ]
        }
      ]
    },
    {
      "mode": "managed",
      "type": "openstack_compute_keypair_v2",
      "name": "auto_gen_key",
      "provider": "provider[\"registry.terraform.io/terraform-provider-openstack/openstack\"]",
      "instances": [
        {
          "schema_version": 0,
          "attributes": {
            "fingerprint": "8e:09:ed:f0:bd:d8:84:ad:0c:5c:a9:da:3b:e0:49:1d",
            "id": "tofu-key",
            "name": "tofu-key",
            "private_key": "-----BEGIN RSA PRIVATE KEY-----\nMIIEogIBAAKCAQEAu1LJVL9EV2nosqWoQhZBZrdsHJX/aWvBjQyRjQf1QKfvVfzz\nWQ/gIhzAXN5ijE3qJrYbQiHiP6g7THiWr2Ff1atyBnlQVeK2JZN7cyfu9cMSSxa9\nzz1DqfNZVAKwrHlVsT2X8B1m4ROWD3+8n72MCzFl+s1C/DQNGQNSP40jNHdVEZb4\n2x5omxMyeNh7afDrDD32AQRaErvGyVf0PajhQ4WT3LVIM+vXVRsNrlvVzfN20pPa\n/vTVngLreq1pLGwiU2LXr+JmK2URPGA4O39zZKZXRVlwGJKbNpMThjuGsQ1hZlAN\n3a9CKEhy7i5933rwUZHoD+3dM2qbS3bFMLxiJQIDAQABAoIBAB5y1ryCiYyO787o\nG/lADlnwqy9bV2SuqguwFRGgT0Z29bGbt/+MU9GfrEn8MPce7BZmR/iAMvtHcHod\n6NpxoMcFwvdX7U3El/h0KF8fyNkkX/saI3jF+9NqdaTw+gBTCbGRcjrKwLAJw7zZ\ntdKeWB7ypOG3TzHZER71ef9QBP6wNpaHT5fT2qsvedw5VQsNvFRBfJJj3SgBV2aV\nghJAXstZat5slWwHgJYzOhtpuYaDZ4MWTNkrgN2uSbjPYxH/sTYLqPz0Vc4GCIbo\nouiemqtlilBAiHFWlmzct/iW3KCwehpxeHrd4PRjtpedWymFHJJr8Z/lAJb8TGxq\n69j8Z6ECgYEA7RHvlzx4bZjL1JU/IOcTHLA4Rl1VduEFtOD74DZNp6BkzfaiB+P8\nf6sH64Z1I8vlhI10q9P13Fiz7/2v0HynK8qdbL7FY1zNrBAUeRMZB8FGoz4orA19\nEOq5BzroHJpnUO5o0Jweu0v8TGY1ithIBYqki4h8aGuS9vkvC000h+ECgYEAykf0\nX/bYPf7PC/MI2LuMuJrz5qmBnH23Z+x1j0weEfx4tFwR/kcCVJbogBvs8ennl3rR\ngSO9+Vs+1ezFE9slSy3SU+k6sgp/2vO78o4CpbjRGJw8lBqVaSVwr8KXaXNOGLaK\nCqHIknw6ZEu9NnaML3OtG0OIljPZEu0wpMYCEsUCgYBdqfl0UkLuYjEeI31WnZVS\nf1ksi9Gpb0xW45EAS9Qwh1FsgqYP4gav1j4B0xTS+MsMrOrMvKjlzvIAvsVI5QcT\naTD7dv/7uv3TnmLIV0BLbRRgiL1/BLFGDsbd0WtFaceqFRe6XARUUbgz4yoCWmNS\nNS2/p0Qn6WCeTWNF3tIDYQKBgCrgvchpxsS9cp4R0lo+x0GKdxD59WN6spnw4aqS\nc/1UCzIQIjBIVRIhOv+M69kLv++4NRiuvuJQmS03lz7yQSGCgQcQdUSwPRHogHqV\n57HBT3FsDNtIF0vGh/B5yyarLm7GotRGHwIOG0KPW3hkAKs+Vf9lfVp5exYr+Re0\ncVQRAoGAXigU7cGtMSokCQNjOXwNiczeQlGmgPFR9WY6px531p+JDg0sA3dUHymk\n5W7PQPO0Xu4Y8FzQu2Va2sT/qXx6qAxjEl+lm+05Viu+jtDerFBh5p95jp8OWEmG\nYpJgt+Gl/HWIC5ng+va51ybUishlGoLY1LVQ8Dn4vH+CNOtP6QE=\n-----END RSA PRIVATE KEY-----\n",
            "public_key": "ssh-rsa AAAAB3NzaC1yc2EAAAADAQABAAABAQC7UslUv0RXaeiypahCFkFmt2wclf9pa8GNDJGNB/VAp+9V/PNZD+AiHMBc3mKMTeomthtCIeI/qDtMeJavYV/Vq3IGeVBV4rYlk3tzJ+71wxJLFr3PPUOp81lUArCseVWxPZfwHWbhE5YPf7yfvYwLMWX6zUL8NA0ZA1I/jSM0d1URlvjbHmibEzJ42Htp8OsMPfYBBFoSu8bJV/Q9qOFDhZPctUgz69dVGw2uW9XN83bSk9r+9NWeAut6rWksbCJTYtev4mYrZRE8YDg7f3NkpldFWXAYkps2kxOGO4axDWFmUA3dr0IoSHLuLn3fevBRkegP7d0zaptLdsUwvGIl Generated-by-Nova",
            "region": "RegionOne",
            "user_id": "",
            "value_specs": null
          },
          "sensitive_attributes": [],
          "private": "bnVsbA=="
        }
      ]
    },
    {
      "mode": "managed",
      "type": "openstack_networking_network_v2",
      "name": "k8s_external_net",
      "provider": "provider[\"registry.terraform.io/terraform-provider-openstack/openstack\"]",
      "instances": [
        {
          "schema_version": 0,
          "attributes": {
            "admin_state_up": true,
            "all_tags": [],
            "availability_zone_hints": [],
            "description": "",
            "dns_domain": "",
            "external": false,
            "id": "873386d3-5597-4f61-886f-5beb97c5f2f0",
            "mtu": 8950,
            "name": "k8s-external",
            "port_security_enabled": true,
            "qos_policy_id": "",
            "region": "RegionOne",
            "segments": [
              {
                "network_type": "vxlan",
                "physical_network": "",
                "segmentation_id": 253
              }
            ],
            "shared": false,
            "tags": null,
            "tenant_id": "5a6c24e65d3e4126812ab351e5151100",
            "timeouts": null,
            "transparent_vlan": false,
            "value_specs": null
          },
          "sensitive_attributes": [],
          "private": "eyJlMmJmYjczMC1lY2FhLTExZTYtOGY4OC0zNDM2M2JjN2M0YzAiOnsiY3JlYXRlIjo2MDAwMDAwMDAwMDAsImRlbGV0ZSI6NjAwMDAwMDAwMDAwfX0="
        }
      ]
    },
    {
      "mode": "managed",
      "type": "openstack_networking_network_v2",
      "name": "k8s_internal_net",
      "provider": "provider[\"registry.terraform.io/terraform-provider-openstack/openstack\"]",
      "instances": [
        {
          "schema_version": 0,
          "attributes": {
            "admin_state_up": true,
            "all_tags": [],
            "availability_zone_hints": [],
            "description": "",
            "dns_domain": "",
            "external": false,
            "id": "42fb1d1f-54c8-435f-a2b8-411070d17902",
            "mtu": 8950,
            "name": "k8s-internal",
            "port_security_enabled": true,
            "qos_policy_id": "",
            "region": "RegionOne",
            "segments": [
              {
                "network_type": "vxlan",
                "physical_network": "",
                "segmentation_id": 416
              }
            ],
            "shared": false,
            "tags": null,
            "tenant_id": "5a6c24e65d3e4126812ab351e5151100",
            "timeouts": null,
            "transparent_vlan": false,
            "value_specs": null
          },
          "sensitive_attributes": [],
          "private": "eyJlMmJmYjczMC1lY2FhLTExZTYtOGY4OC0zNDM2M2JjN2M0YzAiOnsiY3JlYXRlIjo2MDAwMDAwMDAwMDAsImRlbGV0ZSI6NjAwMDAwMDAwMDAwfX0="
        }
      ]
    },
    {
      "mode": "managed",
      "type": "openstack_networking_port_v2",
      "name": "infra_port_ansible_server",
      "provider": "provider[\"registry.terraform.io/terraform-provider-openstack/openstack\"]",
      "instances": [
        {
          "schema_version": 0,
          "attributes": {
            "admin_state_up": true,
            "all_fixed_ips": [
              "10.0.2.78"
            ],
            "all_security_group_ids": [
              "04dac226-25b7-4302-b224-c1221f1ae245"
            ],
            "all_tags": [],
            "allowed_address_pairs": [],
            "binding": [
              {
                "host_id": "",
                "profile": "{}",
                "vif_details": {},
                "vif_type": "unbound",
                "vnic_type": "normal"
              }
            ],
            "description": "",
            "device_id": "",
            "device_owner": "",
            "dns_assignment": [
              {
                "fqdn": "host-10-0-2-78.openstacklocal.",
                "hostname": "host-10-0-2-78",
                "ip_address": "10.0.2.78"
              }
            ],
            "dns_name": "",
            "extra_dhcp_option": [],
            "fixed_ip": [],
            "id": "d324bf3c-7124-4315-90dc-7f2dbd9c2248",
            "mac_address": "fa:16:3e:d3:41:b1",
            "name": "infra-port-ansible_server",
            "network_id": "f07fe84a-85b4-40ee-bb2a-f8341f3b062b",
            "no_fixed_ip": null,
            "no_security_groups": null,
            "port_security_enabled": true,
            "qos_policy_id": "",
            "region": "RegionOne",
            "security_group_ids": [
              "04dac226-25b7-4302-b224-c1221f1ae245"
            ],
            "tags": null,
            "tenant_id": "5a6c24e65d3e4126812ab351e5151100",
            "timeouts": null,
            "value_specs": null
          },
          "sensitive_attributes": [],
          "private": "eyJlMmJmYjczMC1lY2FhLTExZTYtOGY4OC0zNDM2M2JjN2M0YzAiOnsiY3JlYXRlIjo2MDAwMDAwMDAwMDAsImRlbGV0ZSI6NjAwMDAwMDAwMDAwfX0=",
          "dependencies": [
            "data.openstack_networking_network_v2.net-infra",
            "openstack_networking_secgroup_v2.allow_icmp_tcp_udp_sg"
          ]
        }
      ]
    },
    {
      "mode": "managed",
      "type": "openstack_networking_port_v2",
      "name": "infra_port_compute1",
      "provider": "provider[\"registry.terraform.io/terraform-provider-openstack/openstack\"]",
      "instances": [
        {
          "schema_version": 0,
          "attributes": {
            "admin_state_up": true,
            "all_fixed_ips": [
              "10.0.1.139"
            ],
            "all_security_group_ids": [
              "04dac226-25b7-4302-b224-c1221f1ae245"
            ],
            "all_tags": [],
            "allowed_address_pairs": [],
            "binding": [
              {
                "host_id": "",
                "profile": "{}",
                "vif_details": {},
                "vif_type": "unbound",
                "vnic_type": "normal"
              }
            ],
            "description": "",
            "device_id": "",
            "device_owner": "",
            "dns_assignment": [
              {
                "fqdn": "host-10-0-1-139.openstacklocal.",
                "hostname": "host-10-0-1-139",
                "ip_address": "10.0.1.139"
              }
            ],
            "dns_name": "",
            "extra_dhcp_option": [],
            "fixed_ip": [],
            "id": "5c315be4-4314-4a70-a06d-61b862cbd28b",
            "mac_address": "fa:16:3e:44:65:5d",
            "name": "infra-port-compute1",
            "network_id": "f07fe84a-85b4-40ee-bb2a-f8341f3b062b",
            "no_fixed_ip": null,
            "no_security_groups": null,
            "port_security_enabled": true,
            "qos_policy_id": "",
            "region": "RegionOne",
            "security_group_ids": [
              "04dac226-25b7-4302-b224-c1221f1ae245"
            ],
            "tags": null,
            "tenant_id": "5a6c24e65d3e4126812ab351e5151100",
            "timeouts": null,
            "value_specs": null
          },
          "sensitive_attributes": [],
          "private": "eyJlMmJmYjczMC1lY2FhLTExZTYtOGY4OC0zNDM2M2JjN2M0YzAiOnsiY3JlYXRlIjo2MDAwMDAwMDAwMDAsImRlbGV0ZSI6NjAwMDAwMDAwMDAwfX0=",
          "dependencies": [
            "data.openstack_networking_network_v2.net-infra",
            "openstack_networking_secgroup_v2.allow_icmp_tcp_udp_sg"
          ]
        }
      ]
    },
    {
      "mode": "managed",
      "type": "openstack_networking_port_v2",
      "name": "infra_port_compute2",
      "provider": "provider[\"registry.terraform.io/terraform-provider-openstack/openstack\"]",
      "instances": [
        {
          "schema_version": 0,
          "attributes": {
            "admin_state_up": true,
            "all_fixed_ips": [
              "10.0.3.119"
            ],
            "all_security_group_ids": [
              "04dac226-25b7-4302-b224-c1221f1ae245"
            ],
            "all_tags": [],
            "allowed_address_pairs": [],
            "binding": [
              {
                "host_id": "",
                "profile": "{}",
                "vif_details": {},
                "vif_type": "unbound",
                "vnic_type": "normal"
              }
            ],
            "description": "",
            "device_id": "",
            "device_owner": "",
            "dns_assignment": [
              {
                "fqdn": "host-10-0-3-119.openstacklocal.",
                "hostname": "host-10-0-3-119",
                "ip_address": "10.0.3.119"
              }
            ],
            "dns_name": "",
            "extra_dhcp_option": [],
            "fixed_ip": [],
            "id": "328a5260-62c2-4f34-ab81-7a4e708c0a0b",
            "mac_address": "fa:16:3e:6c:46:02",
            "name": "infra-port-compute2",
            "network_id": "f07fe84a-85b4-40ee-bb2a-f8341f3b062b",
            "no_fixed_ip": null,
            "no_security_groups": null,
            "port_security_enabled": true,
            "qos_policy_id": "",
            "region": "RegionOne",
            "security_group_ids": [
              "04dac226-25b7-4302-b224-c1221f1ae245"
            ],
            "tags": null,
            "tenant_id": "5a6c24e65d3e4126812ab351e5151100",
            "timeouts": null,
            "value_specs": null
          },
          "sensitive_attributes": [],
          "private": "eyJlMmJmYjczMC1lY2FhLTExZTYtOGY4OC0zNDM2M2JjN2M0YzAiOnsiY3JlYXRlIjo2MDAwMDAwMDAwMDAsImRlbGV0ZSI6NjAwMDAwMDAwMDAwfX0=",
          "dependencies": [
            "data.openstack_networking_network_v2.net-infra",
            "openstack_networking_secgroup_v2.allow_icmp_tcp_udp_sg"
          ]
        }
      ]
    },
    {
      "mode": "managed",
      "type": "openstack_networking_port_v2",
      "name": "infra_port_controller",
      "provider": "provider[\"registry.terraform.io/terraform-provider-openstack/openstack\"]",
      "instances": [
        {
          "schema_version": 0,
          "attributes": {
            "admin_state_up": true,
            "all_fixed_ips": [
              "10.0.2.41"
            ],
            "all_security_group_ids": [
              "04dac226-25b7-4302-b224-c1221f1ae245"
            ],
            "all_tags": [],
            "allowed_address_pairs": [],
            "binding": [
              {
                "host_id": "",
                "profile": "{}",
                "vif_details": {},
                "vif_type": "unbound",
                "vnic_type": "normal"
              }
            ],
            "description": "",
            "device_id": "",
            "device_owner": "",
            "dns_assignment": [
              {
                "fqdn": "host-10-0-2-41.openstacklocal.",
                "hostname": "host-10-0-2-41",
                "ip_address": "10.0.2.41"
              }
            ],
            "dns_name": "",
            "extra_dhcp_option": [],
            "fixed_ip": [],
            "id": "8b9312f4-4329-4909-8413-d458c191e284",
            "mac_address": "fa:16:3e:ba:82:36",
            "name": "infra-port-controller",
            "network_id": "f07fe84a-85b4-40ee-bb2a-f8341f3b062b",
            "no_fixed_ip": null,
            "no_security_groups": null,
            "port_security_enabled": true,
            "qos_policy_id": "",
            "region": "RegionOne",
            "security_group_ids": [
              "04dac226-25b7-4302-b224-c1221f1ae245"
            ],
            "tags": null,
            "tenant_id": "5a6c24e65d3e4126812ab351e5151100",
            "timeouts": null,
            "value_specs": null
          },
          "sensitive_attributes": [],
          "private": "eyJlMmJmYjczMC1lY2FhLTExZTYtOGY4OC0zNDM2M2JjN2M0YzAiOnsiY3JlYXRlIjo2MDAwMDAwMDAwMDAsImRlbGV0ZSI6NjAwMDAwMDAwMDAwfX0=",
          "dependencies": [
            "data.openstack_networking_network_v2.net-infra",
            "openstack_networking_secgroup_v2.allow_icmp_tcp_udp_sg"
          ]
        }
      ]
    },
    {
      "mode": "managed",
      "type": "openstack_networking_port_v2",
      "name": "infra_port_storage",
      "provider": "provider[\"registry.terraform.io/terraform-provider-openstack/openstack\"]",
      "instances": [
        {
          "schema_version": 0,
          "attributes": {
            "admin_state_up": true,
            "all_fixed_ips": [
              "10.0.2.238"
            ],
            "all_security_group_ids": [
              "04dac226-25b7-4302-b224-c1221f1ae245"
            ],
            "all_tags": [],
            "allowed_address_pairs": [],
            "binding": [
              {
                "host_id": "",
                "profile": "{}",
                "vif_details": {},
                "vif_type": "unbound",
                "vnic_type": "normal"
              }
            ],
            "description": "",
            "device_id": "",
            "device_owner": "",
            "dns_assignment": [
              {
                "fqdn": "host-10-0-2-238.openstacklocal.",
                "hostname": "host-10-0-2-238",
                "ip_address": "10.0.2.238"
              }
            ],
            "dns_name": "",
            "extra_dhcp_option": [],
            "fixed_ip": [],
            "id": "86152cd3-0dd7-4358-88c7-cc860b1204be",
            "mac_address": "fa:16:3e:13:5e:74",
            "name": "infra-port-storage",
            "network_id": "f07fe84a-85b4-40ee-bb2a-f8341f3b062b",
            "no_fixed_ip": null,
            "no_security_groups": null,
            "port_security_enabled": true,
            "qos_policy_id": "",
            "region": "RegionOne",
            "security_group_ids": [
              "04dac226-25b7-4302-b224-c1221f1ae245"
            ],
            "tags": null,
            "tenant_id": "5a6c24e65d3e4126812ab351e5151100",
            "timeouts": null,
            "value_specs": null
          },
          "sensitive_attributes": [],
          "private": "eyJlMmJmYjczMC1lY2FhLTExZTYtOGY4OC0zNDM2M2JjN2M0YzAiOnsiY3JlYXRlIjo2MDAwMDAwMDAwMDAsImRlbGV0ZSI6NjAwMDAwMDAwMDAwfX0=",
          "dependencies": [
            "data.openstack_networking_network_v2.net-infra",
            "openstack_networking_secgroup_v2.allow_icmp_tcp_udp_sg"
          ]
        }
      ]
    },
    {
      "mode": "managed",
      "type": "openstack_networking_port_v2",
      "name": "k8s_external_port_1",
      "provider": "provider[\"registry.terraform.io/terraform-provider-openstack/openstack\"]",
      "instances": [
        {
          "schema_version": 0,
          "attributes": {
            "admin_state_up": true,
            "all_fixed_ips": [
              "10.10.10.10"
            ],
            "all_security_group_ids": [
              "04dac226-25b7-4302-b224-c1221f1ae245"
            ],
            "all_tags": [],
            "allowed_address_pairs": [],
            "binding": [
              {
                "host_id": "",
                "profile": "{}",
                "vif_details": {},
                "vif_type": "unbound",
                "vnic_type": "normal"
              }
            ],
            "description": "",
            "device_id": "",
            "device_owner": "",
            "dns_assignment": [
              {
                "fqdn": "host-10-10-10-10.openstacklocal.",
                "hostname": "host-10-10-10-10",
                "ip_address": "10.10.10.10"
              }
            ],
            "dns_name": "",
            "extra_dhcp_option": [],
            "fixed_ip": [
              {
                "ip_address": "10.10.10.10",
                "subnet_id": "f91df955-01dd-48df-94d2-c53ae5451bfa"
              }
            ],
            "id": "fcfe448c-42dc-44d9-b270-4e5bd4ab6efb",
            "mac_address": "fa:16:3e:53:7c:c7",
            "name": "k8s-external-port-1",
            "network_id": "873386d3-5597-4f61-886f-5beb97c5f2f0",
            "no_fixed_ip": null,
            "no_security_groups": null,
            "port_security_enabled": true,
            "qos_policy_id": "",
            "region": "RegionOne",
            "security_group_ids": [
              "04dac226-25b7-4302-b224-c1221f1ae245"
            ],
            "tags": null,
            "tenant_id": "5a6c24e65d3e4126812ab351e5151100",
            "timeouts": null,
            "value_specs": null
          },
          "sensitive_attributes": [],
          "private": "eyJlMmJmYjczMC1lY2FhLTExZTYtOGY4OC0zNDM2M2JjN2M0YzAiOnsiY3JlYXRlIjo2MDAwMDAwMDAwMDAsImRlbGV0ZSI6NjAwMDAwMDAwMDAwfX0=",
          "dependencies": [
            "openstack_networking_network_v2.k8s_external_net",
            "openstack_networking_secgroup_v2.allow_icmp_tcp_udp_sg",
            "openstack_networking_subnet_v2.k8s_external_subnet"
          ]
        }
      ]
    },
    {
      "mode": "managed",
      "type": "openstack_networking_port_v2",
      "name": "k8s_external_port_2",
      "provider": "provider[\"registry.terraform.io/terraform-provider-openstack/openstack\"]",
      "instances": [
        {
          "schema_version": 0,
          "attributes": {
            "admin_state_up": true,
            "all_fixed_ips": [
              "10.10.10.20"
            ],
            "all_security_group_ids": [
              "04dac226-25b7-4302-b224-c1221f1ae245"
            ],
            "all_tags": [],
            "allowed_address_pairs": [],
            "binding": [
              {
                "host_id": "",
                "profile": "{}",
                "vif_details": {},
                "vif_type": "unbound",
                "vnic_type": "normal"
              }
            ],
            "description": "",
            "device_id": "",
            "device_owner": "",
            "dns_assignment": [
              {
                "fqdn": "host-10-10-10-20.openstacklocal.",
                "hostname": "host-10-10-10-20",
                "ip_address": "10.10.10.20"
              }
            ],
            "dns_name": "",
            "extra_dhcp_option": [],
            "fixed_ip": [
              {
                "ip_address": "10.10.10.20",
                "subnet_id": "f91df955-01dd-48df-94d2-c53ae5451bfa"
              }
            ],
            "id": "9102a2e6-b553-4b58-ba6a-0b3b7adb61e1",
            "mac_address": "fa:16:3e:1e:8f:dc",
            "name": "k8s-external-port-2",
            "network_id": "873386d3-5597-4f61-886f-5beb97c5f2f0",
            "no_fixed_ip": null,
            "no_security_groups": null,
            "port_security_enabled": true,
            "qos_policy_id": "",
            "region": "RegionOne",
            "security_group_ids": [
              "04dac226-25b7-4302-b224-c1221f1ae245"
            ],
            "tags": null,
            "tenant_id": "5a6c24e65d3e4126812ab351e5151100",
            "timeouts": null,
            "value_specs": null
          },
          "sensitive_attributes": [],
          "private": "eyJlMmJmYjczMC1lY2FhLTExZTYtOGY4OC0zNDM2M2JjN2M0YzAiOnsiY3JlYXRlIjo2MDAwMDAwMDAwMDAsImRlbGV0ZSI6NjAwMDAwMDAwMDAwfX0=",
          "dependencies": [
            "openstack_networking_network_v2.k8s_external_net",
            "openstack_networking_secgroup_v2.allow_icmp_tcp_udp_sg",
            "openstack_networking_subnet_v2.k8s_external_subnet"
          ]
        }
      ]
    },
    {
      "mode": "managed",
      "type": "openstack_networking_port_v2",
      "name": "k8s_external_port_3",
      "provider": "provider[\"registry.terraform.io/terraform-provider-openstack/openstack\"]",
      "instances": [
        {
          "schema_version": 0,
          "attributes": {
            "admin_state_up": true,
            "all_fixed_ips": [
              "10.10.10.30"
            ],
            "all_security_group_ids": [
              "04dac226-25b7-4302-b224-c1221f1ae245"
            ],
            "all_tags": [],
            "allowed_address_pairs": [],
            "binding": [
              {
                "host_id": "",
                "profile": "{}",
                "vif_details": {},
                "vif_type": "unbound",
                "vnic_type": "normal"
              }
            ],
            "description": "",
            "device_id": "",
            "device_owner": "",
            "dns_assignment": [
              {
                "fqdn": "host-10-10-10-30.openstacklocal.",
                "hostname": "host-10-10-10-30",
                "ip_address": "10.10.10.30"
              }
            ],
            "dns_name": "",
            "extra_dhcp_option": [],
            "fixed_ip": [
              {
                "ip_address": "10.10.10.30",
                "subnet_id": "f91df955-01dd-48df-94d2-c53ae5451bfa"
              }
            ],
            "id": "82173201-fa63-46df-ac3d-889d23b2e790",
            "mac_address": "fa:16:3e:9b:62:1d",
            "name": "k8s-external-port-3",
            "network_id": "873386d3-5597-4f61-886f-5beb97c5f2f0",
            "no_fixed_ip": null,
            "no_security_groups": null,
            "port_security_enabled": true,
            "qos_policy_id": "",
            "region": "RegionOne",
            "security_group_ids": [
              "04dac226-25b7-4302-b224-c1221f1ae245"
            ],
            "tags": null,
            "tenant_id": "5a6c24e65d3e4126812ab351e5151100",
            "timeouts": null,
            "value_specs": null
          },
          "sensitive_attributes": [],
          "private": "eyJlMmJmYjczMC1lY2FhLTExZTYtOGY4OC0zNDM2M2JjN2M0YzAiOnsiY3JlYXRlIjo2MDAwMDAwMDAwMDAsImRlbGV0ZSI6NjAwMDAwMDAwMDAwfX0=",
          "dependencies": [
            "openstack_networking_network_v2.k8s_external_net",
            "openstack_networking_secgroup_v2.allow_icmp_tcp_udp_sg",
            "openstack_networking_subnet_v2.k8s_external_subnet"
          ]
        }
      ]
    },
    {
      "mode": "managed",
      "type": "openstack_networking_port_v2",
      "name": "k8s_internal_port_1",
      "provider": "provider[\"registry.terraform.io/terraform-provider-openstack/openstack\"]",
      "instances": [
        {
          "schema_version": 0,
          "attributes": {
            "admin_state_up": true,
            "all_fixed_ips": [
              "192.168.10.100"
            ],
            "all_security_group_ids": [
              "04dac226-25b7-4302-b224-c1221f1ae245"
            ],
            "all_tags": [],
            "allowed_address_pairs": [],
            "binding": [
              {
                "host_id": "",
                "profile": "{}",
                "vif_details": {},
                "vif_type": "unbound",
                "vnic_type": "normal"
              }
            ],
            "description": "",
            "device_id": "",
            "device_owner": "",
            "dns_assignment": [
              {
                "fqdn": "host-192-168-10-100.openstacklocal.",
                "hostname": "host-192-168-10-100",
                "ip_address": "192.168.10.100"
              }
            ],
            "dns_name": "",
            "extra_dhcp_option": [],
            "fixed_ip": [
              {
                "ip_address": "192.168.10.100",
                "subnet_id": "8efc4e91-d242-483a-9db6-376a55a0198c"
              }
            ],
            "id": "46f48786-7d15-4482-90a4-5fd4a05aad61",
            "mac_address": "fa:16:3e:a5:2f:13",
            "name": "k8s_internal_port_1",
            "network_id": "42fb1d1f-54c8-435f-a2b8-411070d17902",
            "no_fixed_ip": null,
            "no_security_groups": null,
            "port_security_enabled": true,
            "qos_policy_id": "",
            "region": "RegionOne",
            "security_group_ids": [
              "04dac226-25b7-4302-b224-c1221f1ae245"
            ],
            "tags": null,
            "tenant_id": "5a6c24e65d3e4126812ab351e5151100",
            "timeouts": null,
            "value_specs": null
          },
          "sensitive_attributes": [],
          "private": "eyJlMmJmYjczMC1lY2FhLTExZTYtOGY4OC0zNDM2M2JjN2M0YzAiOnsiY3JlYXRlIjo2MDAwMDAwMDAwMDAsImRlbGV0ZSI6NjAwMDAwMDAwMDAwfX0=",
          "dependencies": [
            "openstack_networking_network_v2.k8s_internal_net",
            "openstack_networking_secgroup_v2.allow_icmp_tcp_udp_sg",
            "openstack_networking_subnet_v2.k8s_internal_subnet"
          ]
        }
      ]
    },
    {
      "mode": "managed",
      "type": "openstack_networking_port_v2",
      "name": "k8s_internal_port_2",
      "provider": "provider[\"registry.terraform.io/terraform-provider-openstack/openstack\"]",
      "instances": [
        {
          "schema_version": 0,
          "attributes": {
            "admin_state_up": true,
            "all_fixed_ips": [
              "192.168.10.10"
            ],
            "all_security_group_ids": [
              "04dac226-25b7-4302-b224-c1221f1ae245"
            ],
            "all_tags": [],
            "allowed_address_pairs": [],
            "binding": [
              {
                "host_id": "",
                "profile": "{}",
                "vif_details": {},
                "vif_type": "unbound",
                "vnic_type": "normal"
              }
            ],
            "description": "",
            "device_id": "",
            "device_owner": "",
            "dns_assignment": [
              {
                "fqdn": "host-192-168-10-10.openstacklocal.",
                "hostname": "host-192-168-10-10",
                "ip_address": "192.168.10.10"
              }
            ],
            "dns_name": "",
            "extra_dhcp_option": [],
            "fixed_ip": [
              {
                "ip_address": "192.168.10.10",
                "subnet_id": "8efc4e91-d242-483a-9db6-376a55a0198c"
              }
            ],
            "id": "048f9b35-5d87-4b5b-b32d-d273d4f6c665",
            "mac_address": "fa:16:3e:8d:b9:4e",
            "name": "k8s_internal_port_2",
            "network_id": "42fb1d1f-54c8-435f-a2b8-411070d17902",
            "no_fixed_ip": null,
            "no_security_groups": null,
            "port_security_enabled": true,
            "qos_policy_id": "",
            "region": "RegionOne",
            "security_group_ids": [
              "04dac226-25b7-4302-b224-c1221f1ae245"
            ],
            "tags": null,
            "tenant_id": "5a6c24e65d3e4126812ab351e5151100",
            "timeouts": null,
            "value_specs": null
          },
          "sensitive_attributes": [],
          "private": "eyJlMmJmYjczMC1lY2FhLTExZTYtOGY4OC0zNDM2M2JjN2M0YzAiOnsiY3JlYXRlIjo2MDAwMDAwMDAwMDAsImRlbGV0ZSI6NjAwMDAwMDAwMDAwfX0=",
          "dependencies": [
            "openstack_networking_network_v2.k8s_internal_net",
            "openstack_networking_secgroup_v2.allow_icmp_tcp_udp_sg",
            "openstack_networking_subnet_v2.k8s_internal_subnet"
          ]
        }
      ]
    },
    {
      "mode": "managed",
      "type": "openstack_networking_port_v2",
      "name": "k8s_internal_port_3",
      "provider": "provider[\"registry.terraform.io/terraform-provider-openstack/openstack\"]",
      "instances": [
        {
          "schema_version": 0,
          "attributes": {
            "admin_state_up": true,
            "all_fixed_ips": [
              "192.168.10.20"
            ],
            "all_security_group_ids": [
              "04dac226-25b7-4302-b224-c1221f1ae245"
            ],
            "all_tags": [],
            "allowed_address_pairs": [],
            "binding": [
              {
                "host_id": "",
                "profile": "{}",
                "vif_details": {},
                "vif_type": "unbound",
                "vnic_type": "normal"
              }
            ],
            "description": "",
            "device_id": "",
            "device_owner": "",
            "dns_assignment": [
              {
                "fqdn": "host-192-168-10-20.openstacklocal.",
                "hostname": "host-192-168-10-20",
                "ip_address": "192.168.10.20"
              }
            ],
            "dns_name": "",
            "extra_dhcp_option": [],
            "fixed_ip": [
              {
                "ip_address": "192.168.10.20",
                "subnet_id": "8efc4e91-d242-483a-9db6-376a55a0198c"
              }
            ],
            "id": "1aed7785-405f-4052-ad8b-79cc72827be9",
            "mac_address": "fa:16:3e:90:68:c3",
            "name": "k8s_internal_port_3",
            "network_id": "42fb1d1f-54c8-435f-a2b8-411070d17902",
            "no_fixed_ip": null,
            "no_security_groups": null,
            "port_security_enabled": true,
            "qos_policy_id": "",
            "region": "RegionOne",
            "security_group_ids": [
              "04dac226-25b7-4302-b224-c1221f1ae245"
            ],
            "tags": null,
            "tenant_id": "5a6c24e65d3e4126812ab351e5151100",
            "timeouts": null,
            "value_specs": null
          },
          "sensitive_attributes": [],
          "private": "eyJlMmJmYjczMC1lY2FhLTExZTYtOGY4OC0zNDM2M2JjN2M0YzAiOnsiY3JlYXRlIjo2MDAwMDAwMDAwMDAsImRlbGV0ZSI6NjAwMDAwMDAwMDAwfX0=",
          "dependencies": [
            "openstack_networking_network_v2.k8s_internal_net",
            "openstack_networking_secgroup_v2.allow_icmp_tcp_udp_sg",
            "openstack_networking_subnet_v2.k8s_internal_subnet"
          ]
        }
      ]
    },
    {
      "mode": "managed",
      "type": "openstack_networking_port_v2",
      "name": "k8s_internal_port_4",
      "provider": "provider[\"registry.terraform.io/terraform-provider-openstack/openstack\"]",
      "instances": [
        {
          "schema_version": 0,
          "attributes": {
            "admin_state_up": true,
            "all_fixed_ips": [
              "192.168.10.30"
            ],
            "all_security_group_ids": [
              "04dac226-25b7-4302-b224-c1221f1ae245"
            ],
            "all_tags": [],
            "allowed_address_pairs": [],
            "binding": [
              {
                "host_id": "",
                "profile": "{}",
                "vif_details": {},
                "vif_type": "unbound",
                "vnic_type": "normal"
              }
            ],
            "description": "",
            "device_id": "",
            "device_owner": "",
            "dns_assignment": [
              {
                "fqdn": "host-192-168-10-30.openstacklocal.",
                "hostname": "host-192-168-10-30",
                "ip_address": "192.168.10.30"
              }
            ],
            "dns_name": "",
            "extra_dhcp_option": [],
            "fixed_ip": [
              {
                "ip_address": "192.168.10.30",
                "subnet_id": "8efc4e91-d242-483a-9db6-376a55a0198c"
              }
            ],
            "id": "442398a5-35be-4a41-9b5c-59e76c72094d",
            "mac_address": "fa:16:3e:2e:ec:83",
            "name": "k8s_internal_port_4",
            "network_id": "42fb1d1f-54c8-435f-a2b8-411070d17902",
            "no_fixed_ip": null,
            "no_security_groups": null,
            "port_security_enabled": true,
            "qos_policy_id": "",
            "region": "RegionOne",
            "security_group_ids": [
              "04dac226-25b7-4302-b224-c1221f1ae245"
            ],
            "tags": null,
            "tenant_id": "5a6c24e65d3e4126812ab351e5151100",
            "timeouts": null,
            "value_specs": null
          },
          "sensitive_attributes": [],
          "private": "eyJlMmJmYjczMC1lY2FhLTExZTYtOGY4OC0zNDM2M2JjN2M0YzAiOnsiY3JlYXRlIjo2MDAwMDAwMDAwMDAsImRlbGV0ZSI6NjAwMDAwMDAwMDAwfX0=",
          "dependencies": [
            "openstack_networking_network_v2.k8s_internal_net",
            "openstack_networking_secgroup_v2.allow_icmp_tcp_udp_sg",
            "openstack_networking_subnet_v2.k8s_internal_subnet"
          ]
        }
      ]
    },
    {
      "mode": "managed",
      "type": "openstack_networking_port_v2",
      "name": "k8s_internal_port_5",
      "provider": "provider[\"registry.terraform.io/terraform-provider-openstack/openstack\"]",
      "instances": [
        {
          "schema_version": 0,
          "attributes": {
            "admin_state_up": true,
            "all_fixed_ips": [
              "192.168.10.40"
            ],
            "all_security_group_ids": [
              "04dac226-25b7-4302-b224-c1221f1ae245"
            ],
            "all_tags": [],
            "allowed_address_pairs": [],
            "binding": [
              {
                "host_id": "",
                "profile": "{}",
                "vif_details": {},
                "vif_type": "unbound",
                "vnic_type": "normal"
              }
            ],
            "description": "",
            "device_id": "",
            "device_owner": "",
            "dns_assignment": [
              {
                "fqdn": "host-192-168-10-40.openstacklocal.",
                "hostname": "host-192-168-10-40",
                "ip_address": "192.168.10.40"
              }
            ],
            "dns_name": "",
            "extra_dhcp_option": [],
            "fixed_ip": [
              {
                "ip_address": "192.168.10.40",
                "subnet_id": "8efc4e91-d242-483a-9db6-376a55a0198c"
              }
            ],
            "id": "976b2ccd-afbb-4711-bb97-c706d28ff2f6",
            "mac_address": "fa:16:3e:3d:d7:f8",
            "name": "k8s_internal_port_5",
            "network_id": "42fb1d1f-54c8-435f-a2b8-411070d17902",
            "no_fixed_ip": null,
            "no_security_groups": null,
            "port_security_enabled": true,
            "qos_policy_id": "",
            "region": "RegionOne",
            "security_group_ids": [
              "04dac226-25b7-4302-b224-c1221f1ae245"
            ],
            "tags": null,
            "tenant_id": "5a6c24e65d3e4126812ab351e5151100",
            "timeouts": null,
            "value_specs": null
          },
          "sensitive_attributes": [],
          "private": "eyJlMmJmYjczMC1lY2FhLTExZTYtOGY4OC0zNDM2M2JjN2M0YzAiOnsiY3JlYXRlIjo2MDAwMDAwMDAwMDAsImRlbGV0ZSI6NjAwMDAwMDAwMDAwfX0=",
          "dependencies": [
            "openstack_networking_network_v2.k8s_internal_net",
            "openstack_networking_secgroup_v2.allow_icmp_tcp_udp_sg",
            "openstack_networking_subnet_v2.k8s_internal_subnet"
          ]
        }
      ]
    },
    {
      "mode": "managed",
      "type": "openstack_networking_port_v2",
      "name": "pxe_port_ansible_server",
      "provider": "provider[\"registry.terraform.io/terraform-provider-openstack/openstack\"]",
      "instances": [
        {
          "schema_version": 0,
          "attributes": {
            "admin_state_up": true,
            "all_fixed_ips": [
              "172.168.1.100"
            ],
            "all_security_group_ids": [
              "04dac226-25b7-4302-b224-c1221f1ae245"
            ],
            "all_tags": [],
            "allowed_address_pairs": [],
            "binding": [
              {
                "host_id": "",
                "profile": "{}",
                "vif_details": {},
                "vif_type": "unbound",
                "vnic_type": "normal"
              }
            ],
            "description": "",
            "device_id": "",
            "device_owner": "",
            "dns_assignment": [
              {
                "fqdn": "host-172-168-1-100.openstacklocal.",
                "hostname": "host-172-168-1-100",
                "ip_address": "172.168.1.100"
              }
            ],
            "dns_name": "",
            "extra_dhcp_option": [],
            "fixed_ip": [
              {
                "ip_address": "172.168.1.100",
                "subnet_id": "b6605fae-c22e-43a5-96dd-bfad19520a5e"
              }
            ],
            "id": "d260a2a4-662f-41fb-8022-b25718138ec8",
            "mac_address": "fa:16:3e:53:59:4f",
            "name": "pxe-port-ansible-server",
            "network_id": "c8a01eac-1b27-46d5-974e-6839c2f8f8fe",
            "no_fixed_ip": null,
            "no_security_groups": null,
            "port_security_enabled": true,
            "qos_policy_id": "",
            "region": "RegionOne",
            "security_group_ids": [
              "04dac226-25b7-4302-b224-c1221f1ae245"
            ],
            "tags": null,
            "tenant_id": "5a6c24e65d3e4126812ab351e5151100",
            "timeouts": null,
            "value_specs": null
          },
          "sensitive_attributes": [],
          "private": "eyJlMmJmYjczMC1lY2FhLTExZTYtOGY4OC0zNDM2M2JjN2M0YzAiOnsiY3JlYXRlIjo2MDAwMDAwMDAwMDAsImRlbGV0ZSI6NjAwMDAwMDAwMDAwfX0=",
          "dependencies": [
            "data.openstack_networking_network_v2.net-pxe",
            "openstack_networking_secgroup_v2.allow_icmp_tcp_udp_sg",
            "openstack_networking_subnet_v2.pxe_subnet"
          ]
        }
      ]
    },
    {
      "mode": "managed",
      "type": "openstack_networking_port_v2",
      "name": "pxe_port_compute1",
      "provider": "provider[\"registry.terraform.io/terraform-provider-openstack/openstack\"]",
      "instances": [
        {
          "schema_version": 0,
          "attributes": {
            "admin_state_up": true,
            "all_fixed_ips": [
              "172.168.1.20"
            ],
            "all_security_group_ids": [
              "04dac226-25b7-4302-b224-c1221f1ae245"
            ],
            "all_tags": [],
            "allowed_address_pairs": [],
            "binding": [
              {
                "host_id": "",
                "profile": "{}",
                "vif_details": {},
                "vif_type": "unbound",
                "vnic_type": "normal"
              }
            ],
            "description": "",
            "device_id": "",
            "device_owner": "",
            "dns_assignment": [
              {
                "fqdn": "host-172-168-1-20.openstacklocal.",
                "hostname": "host-172-168-1-20",
                "ip_address": "172.168.1.20"
              }
            ],
            "dns_name": "",
            "extra_dhcp_option": [],
            "fixed_ip": [
              {
                "ip_address": "172.168.1.20",
                "subnet_id": "b6605fae-c22e-43a5-96dd-bfad19520a5e"
              }
            ],
            "id": "bf81be0f-b2c7-46a4-b08c-b5e42260ef81",
            "mac_address": "fa:16:3e:a6:82:4b",
            "name": "pxe-port-compute1",
            "network_id": "c8a01eac-1b27-46d5-974e-6839c2f8f8fe",
            "no_fixed_ip": null,
            "no_security_groups": null,
            "port_security_enabled": true,
            "qos_policy_id": "",
            "region": "RegionOne",
            "security_group_ids": [
              "04dac226-25b7-4302-b224-c1221f1ae245"
            ],
            "tags": null,
            "tenant_id": "5a6c24e65d3e4126812ab351e5151100",
            "timeouts": null,
            "value_specs": null
          },
          "sensitive_attributes": [],
          "private": "eyJlMmJmYjczMC1lY2FhLTExZTYtOGY4OC0zNDM2M2JjN2M0YzAiOnsiY3JlYXRlIjo2MDAwMDAwMDAwMDAsImRlbGV0ZSI6NjAwMDAwMDAwMDAwfX0=",
          "dependencies": [
            "data.openstack_networking_network_v2.net-pxe",
            "openstack_networking_secgroup_v2.allow_icmp_tcp_udp_sg",
            "openstack_networking_subnet_v2.pxe_subnet"
          ]
        }
      ]
    },
    {
      "mode": "managed",
      "type": "openstack_networking_port_v2",
      "name": "pxe_port_compute2",
      "provider": "provider[\"registry.terraform.io/terraform-provider-openstack/openstack\"]",
      "instances": [
        {
          "schema_version": 0,
          "attributes": {
            "admin_state_up": true,
            "all_fixed_ips": [
              "172.168.1.30"
            ],
            "all_security_group_ids": [
              "04dac226-25b7-4302-b224-c1221f1ae245"
            ],
            "all_tags": [],
            "allowed_address_pairs": [],
            "binding": [
              {
                "host_id": "",
                "profile": "{}",
                "vif_details": {},
                "vif_type": "unbound",
                "vnic_type": "normal"
              }
            ],
            "description": "",
            "device_id": "",
            "device_owner": "",
            "dns_assignment": [
              {
                "fqdn": "host-172-168-1-30.openstacklocal.",
                "hostname": "host-172-168-1-30",
                "ip_address": "172.168.1.30"
              }
            ],
            "dns_name": "",
            "extra_dhcp_option": [],
            "fixed_ip": [
              {
                "ip_address": "172.168.1.30",
                "subnet_id": "b6605fae-c22e-43a5-96dd-bfad19520a5e"
              }
            ],
            "id": "75591c1d-e2de-4037-80c9-099e716ff49f",
            "mac_address": "fa:16:3e:5b:06:fe",
            "name": "pxe-port-compute2",
            "network_id": "c8a01eac-1b27-46d5-974e-6839c2f8f8fe",
            "no_fixed_ip": null,
            "no_security_groups": null,
            "port_security_enabled": true,
            "qos_policy_id": "",
            "region": "RegionOne",
            "security_group_ids": [
              "04dac226-25b7-4302-b224-c1221f1ae245"
            ],
            "tags": null,
            "tenant_id": "5a6c24e65d3e4126812ab351e5151100",
            "timeouts": null,
            "value_specs": null
          },
          "sensitive_attributes": [],
          "private": "eyJlMmJmYjczMC1lY2FhLTExZTYtOGY4OC0zNDM2M2JjN2M0YzAiOnsiY3JlYXRlIjo2MDAwMDAwMDAwMDAsImRlbGV0ZSI6NjAwMDAwMDAwMDAwfX0=",
          "dependencies": [
            "data.openstack_networking_network_v2.net-pxe",
            "openstack_networking_secgroup_v2.allow_icmp_tcp_udp_sg",
            "openstack_networking_subnet_v2.pxe_subnet"
          ]
        }
      ]
    },
    {
      "mode": "managed",
      "type": "openstack_networking_port_v2",
      "name": "pxe_port_controller",
      "provider": "provider[\"registry.terraform.io/terraform-provider-openstack/openstack\"]",
      "instances": [
        {
          "schema_version": 0,
          "attributes": {
            "admin_state_up": true,
            "all_fixed_ips": [
              "172.168.1.10"
            ],
            "all_security_group_ids": [
              "04dac226-25b7-4302-b224-c1221f1ae245"
            ],
            "all_tags": [],
            "allowed_address_pairs": [],
            "binding": [
              {
                "host_id": "",
                "profile": "{}",
                "vif_details": {},
                "vif_type": "unbound",
                "vnic_type": "normal"
              }
            ],
            "description": "",
            "device_id": "",
            "device_owner": "",
            "dns_assignment": [
              {
                "fqdn": "host-172-168-1-10.openstacklocal.",
                "hostname": "host-172-168-1-10",
                "ip_address": "172.168.1.10"
              }
            ],
            "dns_name": "",
            "extra_dhcp_option": [],
            "fixed_ip": [
              {
                "ip_address": "172.168.1.10",
                "subnet_id": "b6605fae-c22e-43a5-96dd-bfad19520a5e"
              }
            ],
            "id": "9b5ce500-2819-4ad6-9094-f619ed3d9cba",
            "mac_address": "fa:16:3e:22:11:9a",
            "name": "pxe-port-controller",
            "network_id": "c8a01eac-1b27-46d5-974e-6839c2f8f8fe",
            "no_fixed_ip": null,
            "no_security_groups": null,
            "port_security_enabled": true,
            "qos_policy_id": "",
            "region": "RegionOne",
            "security_group_ids": [
              "04dac226-25b7-4302-b224-c1221f1ae245"
            ],
            "tags": null,
            "tenant_id": "5a6c24e65d3e4126812ab351e5151100",
            "timeouts": null,
            "value_specs": null
          },
          "sensitive_attributes": [],
          "private": "eyJlMmJmYjczMC1lY2FhLTExZTYtOGY4OC0zNDM2M2JjN2M0YzAiOnsiY3JlYXRlIjo2MDAwMDAwMDAwMDAsImRlbGV0ZSI6NjAwMDAwMDAwMDAwfX0=",
          "dependencies": [
            "data.openstack_networking_network_v2.net-pxe",
            "openstack_networking_secgroup_v2.allow_icmp_tcp_udp_sg",
            "openstack_networking_subnet_v2.pxe_subnet"
          ]
        }
      ]
    },
    {
      "mode": "managed",
      "type": "openstack_networking_port_v2",
      "name": "pxe_port_storage",
      "provider": "provider[\"registry.terraform.io/terraform-provider-openstack/openstack\"]",
      "instances": [
        {
          "schema_version": 0,
          "attributes": {
            "admin_state_up": true,
            "all_fixed_ips": [
              "172.168.1.40"
            ],
            "all_security_group_ids": [
              "04dac226-25b7-4302-b224-c1221f1ae245"
            ],
            "all_tags": [],
            "allowed_address_pairs": [],
            "binding": [
              {
                "host_id": "",
                "profile": "{}",
                "vif_details": {},
                "vif_type": "unbound",
                "vnic_type": "normal"
              }
            ],
            "description": "",
            "device_id": "",
            "device_owner": "",
            "dns_assignment": [
              {
                "fqdn": "host-172-168-1-40.openstacklocal.",
                "hostname": "host-172-168-1-40",
                "ip_address": "172.168.1.40"
              }
            ],
            "dns_name": "",
            "extra_dhcp_option": [],
            "fixed_ip": [
              {
                "ip_address": "172.168.1.40",
                "subnet_id": "b6605fae-c22e-43a5-96dd-bfad19520a5e"
              }
            ],
            "id": "b1cbb964-f8fe-4e73-9527-b2480c3780d9",
            "mac_address": "fa:16:3e:96:11:16",
            "name": "pxe-port-storage",
            "network_id": "c8a01eac-1b27-46d5-974e-6839c2f8f8fe",
            "no_fixed_ip": null,
            "no_security_groups": null,
            "port_security_enabled": true,
            "qos_policy_id": "",
            "region": "RegionOne",
            "security_group_ids": [
              "04dac226-25b7-4302-b224-c1221f1ae245"
            ],
            "tags": null,
            "tenant_id": "5a6c24e65d3e4126812ab351e5151100",
            "timeouts": null,
            "value_specs": null
          },
          "sensitive_attributes": [],
          "private": "eyJlMmJmYjczMC1lY2FhLTExZTYtOGY4OC0zNDM2M2JjN2M0YzAiOnsiY3JlYXRlIjo2MDAwMDAwMDAwMDAsImRlbGV0ZSI6NjAwMDAwMDAwMDAwfX0=",
          "dependencies": [
            "data.openstack_networking_network_v2.net-pxe",
            "openstack_networking_secgroup_v2.allow_icmp_tcp_udp_sg",
            "openstack_networking_subnet_v2.pxe_subnet"
          ]
        }
      ]
    },
    {
      "mode": "managed",
      "type": "openstack_networking_secgroup_rule_v2",
      "name": "icmp_in",
      "provider": "provider[\"registry.terraform.io/terraform-provider-openstack/openstack\"]",
      "instances": [
        {
          "schema_version": 0,
          "attributes": {
            "description": "",
            "direction": "ingress",
            "ethertype": "IPv4",
            "id": "a3ba7dd3-7492-4890-a0ca-0d9b201af2dc",
            "port_range_max": 0,
            "port_range_min": 0,
            "protocol": "icmp",
            "region": "RegionOne",
            "remote_group_id": "",
            "remote_ip_prefix": "0.0.0.0/0",
            "security_group_id": "04dac226-25b7-4302-b224-c1221f1ae245",
            "tenant_id": "5a6c24e65d3e4126812ab351e5151100",
            "timeouts": null
          },
          "sensitive_attributes": [],
          "private": "eyJlMmJmYjczMC1lY2FhLTExZTYtOGY4OC0zNDM2M2JjN2M0YzAiOnsiZGVsZXRlIjo2MDAwMDAwMDAwMDB9fQ==",
          "dependencies": [
            "openstack_networking_secgroup_v2.allow_icmp_tcp_udp_sg"
          ]
        }
      ]
    },
    {
      "mode": "managed",
      "type": "openstack_networking_secgroup_rule_v2",
      "name": "icmp_out",
      "provider": "provider[\"registry.terraform.io/terraform-provider-openstack/openstack\"]",
      "instances": [
        {
          "schema_version": 0,
          "attributes": {
            "description": "",
            "direction": "egress",
            "ethertype": "IPv4",
            "id": "f640b118-1aac-413e-9691-e25a1a8d4068",
            "port_range_max": 0,
            "port_range_min": 0,
            "protocol": "icmp",
            "region": "RegionOne",
            "remote_group_id": "",
            "remote_ip_prefix": "0.0.0.0/0",
            "security_group_id": "04dac226-25b7-4302-b224-c1221f1ae245",
            "tenant_id": "5a6c24e65d3e4126812ab351e5151100",
            "timeouts": null
          },
          "sensitive_attributes": [],
          "private": "eyJlMmJmYjczMC1lY2FhLTExZTYtOGY4OC0zNDM2M2JjN2M0YzAiOnsiZGVsZXRlIjo2MDAwMDAwMDAwMDB9fQ==",
          "dependencies": [
            "openstack_networking_secgroup_v2.allow_icmp_tcp_udp_sg"
          ]
        }
      ]
    },
    {
      "mode": "managed",
      "type": "openstack_networking_secgroup_rule_v2",
      "name": "tcp_in",
      "provider": "provider[\"registry.terraform.io/terraform-provider-openstack/openstack\"]",
      "instances": [
        {
          "schema_version": 0,
          "attributes": {
            "description": "",
            "direction": "ingress",
            "ethertype": "IPv4",
            "id": "714c2021-9248-47b3-b6e4-e8468394ca2f",
            "port_range_max": 0,
            "port_range_min": 0,
            "protocol": "tcp",
            "region": "RegionOne",
            "remote_group_id": "",
            "remote_ip_prefix": "0.0.0.0/0",
            "security_group_id": "04dac226-25b7-4302-b224-c1221f1ae245",
            "tenant_id": "5a6c24e65d3e4126812ab351e5151100",
            "timeouts": null
          },
          "sensitive_attributes": [],
          "private": "eyJlMmJmYjczMC1lY2FhLTExZTYtOGY4OC0zNDM2M2JjN2M0YzAiOnsiZGVsZXRlIjo2MDAwMDAwMDAwMDB9fQ==",
          "dependencies": [
            "openstack_networking_secgroup_v2.allow_icmp_tcp_udp_sg"
          ]
        }
      ]
    },
    {
      "mode": "managed",
      "type": "openstack_networking_secgroup_rule_v2",
      "name": "tcp_out",
      "provider": "provider[\"registry.terraform.io/terraform-provider-openstack/openstack\"]",
      "instances": [
        {
          "schema_version": 0,
          "attributes": {
            "description": "",
            "direction": "egress",
            "ethertype": "IPv4",
            "id": "b25bf4f7-428b-48d8-8bbf-f4983afcee28",
            "port_range_max": 0,
            "port_range_min": 0,
            "protocol": "tcp",
            "region": "RegionOne",
            "remote_group_id": "",
            "remote_ip_prefix": "0.0.0.0/0",
            "security_group_id": "04dac226-25b7-4302-b224-c1221f1ae245",
            "tenant_id": "5a6c24e65d3e4126812ab351e5151100",
            "timeouts": null
          },
          "sensitive_attributes": [],
          "private": "eyJlMmJmYjczMC1lY2FhLTExZTYtOGY4OC0zNDM2M2JjN2M0YzAiOnsiZGVsZXRlIjo2MDAwMDAwMDAwMDB9fQ==",
          "dependencies": [
            "openstack_networking_secgroup_v2.allow_icmp_tcp_udp_sg"
          ]
        }
      ]
    },
    {
      "mode": "managed",
      "type": "openstack_networking_secgroup_rule_v2",
      "name": "udp_in",
      "provider": "provider[\"registry.terraform.io/terraform-provider-openstack/openstack\"]",
      "instances": [
        {
          "schema_version": 0,
          "attributes": {
            "description": "",
            "direction": "ingress",
            "ethertype": "IPv4",
            "id": "257e6606-057b-4e3b-89c5-7d4399bec0f6",
            "port_range_max": 0,
            "port_range_min": 0,
            "protocol": "udp",
            "region": "RegionOne",
            "remote_group_id": "",
            "remote_ip_prefix": "0.0.0.0/0",
            "security_group_id": "04dac226-25b7-4302-b224-c1221f1ae245",
            "tenant_id": "5a6c24e65d3e4126812ab351e5151100",
            "timeouts": null
          },
          "sensitive_attributes": [],
          "private": "eyJlMmJmYjczMC1lY2FhLTExZTYtOGY4OC0zNDM2M2JjN2M0YzAiOnsiZGVsZXRlIjo2MDAwMDAwMDAwMDB9fQ==",
          "dependencies": [
            "openstack_networking_secgroup_v2.allow_icmp_tcp_udp_sg"
          ]
        }
      ]
    },
    {
      "mode": "managed",
      "type": "openstack_networking_secgroup_rule_v2",
      "name": "udp_out",
      "provider": "provider[\"registry.terraform.io/terraform-provider-openstack/openstack\"]",
      "instances": [
        {
          "schema_version": 0,
          "attributes": {
            "description": "",
            "direction": "egress",
            "ethertype": "IPv4",
            "id": "11bc92aa-dc20-4b06-aba8-e7f028de9ffc",
            "port_range_max": 0,
            "port_range_min": 0,
            "protocol": "udp",
            "region": "RegionOne",
            "remote_group_id": "",
            "remote_ip_prefix": "0.0.0.0/0",
            "security_group_id": "04dac226-25b7-4302-b224-c1221f1ae245",
            "tenant_id": "5a6c24e65d3e4126812ab351e5151100",
            "timeouts": null
          },
          "sensitive_attributes": [],
          "private": "eyJlMmJmYjczMC1lY2FhLTExZTYtOGY4OC0zNDM2M2JjN2M0YzAiOnsiZGVsZXRlIjo2MDAwMDAwMDAwMDB9fQ==",
          "dependencies": [
            "openstack_networking_secgroup_v2.allow_icmp_tcp_udp_sg"
          ]
        }
      ]
    },
    {
      "mode": "managed",
      "type": "openstack_networking_secgroup_v2",
      "name": "allow_icmp_tcp_udp_sg",
      "provider": "provider[\"registry.terraform.io/terraform-provider-openstack/openstack\"]",
      "instances": [
        {
          "schema_version": 0,
          "attributes": {
            "all_tags": [],
            "delete_default_rules": null,
            "description": "Allow all inbound/outbound ICMP, TCP, UDP",
            "id": "04dac226-25b7-4302-b224-c1221f1ae245",
            "name": "allow-icmp-tcp-udp",
            "region": "RegionOne",
            "tags": null,
            "tenant_id": "5a6c24e65d3e4126812ab351e5151100",
            "timeouts": null
          },
          "sensitive_attributes": [],
          "private": "eyJlMmJmYjczMC1lY2FhLTExZTYtOGY4OC0zNDM2M2JjN2M0YzAiOnsiZGVsZXRlIjo2MDAwMDAwMDAwMDB9fQ=="
        }
      ]
    },
    {
      "mode": "managed",
      "type": "openstack_networking_subnet_v2",
      "name": "k8s_external_subnet",
      "provider": "provider[\"registry.terraform.io/terraform-provider-openstack/openstack\"]",
      "instances": [
        {
          "schema_version": 0,
          "attributes": {
            "all_tags": [],
            "allocation_pool": [
              {
                "end": "10.10.10.253",
                "start": "10.10.10.1"
              }
            ],
            "allocation_pools": [
              {
                "end": "10.10.10.253",
                "start": "10.10.10.1"
              }
            ],
            "cidr": "10.10.10.0/24",
            "description": "",
            "dns_nameservers": [
              "8.8.8.8"
            ],
            "enable_dhcp": true,
            "gateway_ip": "10.10.10.254",
            "host_routes": [],
            "id": "f91df955-01dd-48df-94d2-c53ae5451bfa",
            "ip_version": 4,
            "ipv6_address_mode": "",
            "ipv6_ra_mode": "",
            "name": "k8s-external-subnet",
            "network_id": "873386d3-5597-4f61-886f-5beb97c5f2f0",
            "no_gateway": false,
            "prefix_length": null,
            "region": "RegionOne",
            "service_types": [],
            "subnetpool_id": "",
            "tags": null,
            "tenant_id": "5a6c24e65d3e4126812ab351e5151100",
            "timeouts": null,
            "value_specs": null
          },
          "sensitive_attributes": [],
          "private": "eyJlMmJmYjczMC1lY2FhLTExZTYtOGY4OC0zNDM2M2JjN2M0YzAiOnsiY3JlYXRlIjo2MDAwMDAwMDAwMDAsImRlbGV0ZSI6NjAwMDAwMDAwMDAwfX0=",
          "dependencies": [
            "openstack_networking_network_v2.k8s_external_net"
          ]
        }
      ]
    },
    {
      "mode": "managed",
      "type": "openstack_networking_subnet_v2",
      "name": "k8s_internal_subnet",
      "provider": "provider[\"registry.terraform.io/terraform-provider-openstack/openstack\"]",
      "instances": [
        {
          "schema_version": 0,
          "attributes": {
            "all_tags": [],
            "allocation_pool": [
              {
                "end": "192.168.255.254",
                "start": "192.168.0.2"
              }
            ],
            "allocation_pools": [
              {
                "end": "192.168.255.254",
                "start": "192.168.0.2"
              }
            ],
            "cidr": "192.168.0.0/16",
            "description": "",
            "dns_nameservers": null,
            "enable_dhcp": true,
            "gateway_ip": "192.168.0.1",
            "host_routes": [],
            "id": "8efc4e91-d242-483a-9db6-376a55a0198c",
            "ip_version": 4,
            "ipv6_address_mode": "",
            "ipv6_ra_mode": "",
            "name": "k8s-internal-subnet",
            "network_id": "42fb1d1f-54c8-435f-a2b8-411070d17902",
            "no_gateway": false,
            "prefix_length": null,
            "region": "RegionOne",
            "service_types": [],
            "subnetpool_id": "",
            "tags": null,
            "tenant_id": "5a6c24e65d3e4126812ab351e5151100",
            "timeouts": null,
            "value_specs": null
          },
          "sensitive_attributes": [],
          "private": "eyJlMmJmYjczMC1lY2FhLTExZTYtOGY4OC0zNDM2M2JjN2M0YzAiOnsiY3JlYXRlIjo2MDAwMDAwMDAwMDAsImRlbGV0ZSI6NjAwMDAwMDAwMDAwfX0=",
          "dependencies": [
            "openstack_networking_network_v2.k8s_internal_net"
          ]
        }
      ]
    },
    {
      "mode": "managed",
      "type": "openstack_networking_subnet_v2",
      "name": "pxe_subnet",
      "provider": "provider[\"registry.terraform.io/terraform-provider-openstack/openstack\"]",
      "instances": [
        {
          "schema_version": 0,
          "attributes": {
            "all_tags": [],
            "allocation_pool": [
              {
                "end": "172.168.255.254",
                "start": "172.168.0.2"
              }
            ],
            "allocation_pools": [
              {
                "end": "172.168.255.254",
                "start": "172.168.0.2"
              }
            ],
            "cidr": "172.168.0.0/16",
            "description": "",
            "dns_nameservers": null,
            "enable_dhcp": false,
            "gateway_ip": "172.168.0.1",
            "host_routes": [],
            "id": "b6605fae-c22e-43a5-96dd-bfad19520a5e",
            "ip_version": 4,
            "ipv6_address_mode": "",
            "ipv6_ra_mode": "",
            "name": "pxe-subnet",
            "network_id": "c8a01eac-1b27-46d5-974e-6839c2f8f8fe",
            "no_gateway": false,
            "prefix_length": null,
            "region": "RegionOne",
            "service_types": [],
            "subnetpool_id": "",
            "tags": null,
            "tenant_id": "5a6c24e65d3e4126812ab351e5151100",
            "timeouts": null,
            "value_specs": null
          },
          "sensitive_attributes": [],
          "private": "eyJlMmJmYjczMC1lY2FhLTExZTYtOGY4OC0zNDM2M2JjN2M0YzAiOnsiY3JlYXRlIjo2MDAwMDAwMDAwMDAsImRlbGV0ZSI6NjAwMDAwMDAwMDAwfX0=",
          "dependencies": [
            "data.openstack_networking_network_v2.net-pxe"
          ]
        }
      ]
    }
  ],
  "check_results": null
}
